<?xml version="1.0" encoding="utf-8"?>
<Project ToolsVersion="4.0" xmlns="http://schemas.microsoft.com/developer/msbuild/2003">
  <ItemGroup>
    <Filter Include="Header Files">
      <UniqueIdentifier>{93995380-89BD-4b04-88EB-625FBE52EBFB}</UniqueIdentifier>
      <Extensions>h</Extensions>
    </Filter>
    <Filter Include="Form Files">
      <UniqueIdentifier>{99349809-55BA-4b9d-BF79-8FDBB0286EB3}</UniqueIdentifier>
      <Extensions>ui</Extensions>
    </Filter>
    <Filter Include="Generated Files">
      <UniqueIdentifier>{71ED8ED8-ACB9-4CE9-BBE1-E00B30144E11}</UniqueIdentifier>
      <Extensions>moc;h;cpp</Extensions>
      <SourceControlFiles>False</SourceControlFiles>
    </Filter>
    <Filter Include="Generated Files\Debug">
      <UniqueIdentifier>{15d45554-5aa3-4977-9605-141211349881}</UniqueIdentifier>
      <Extensions>cpp;moc</Extensions>
      <SourceControlFiles>False</SourceControlFiles>
    </Filter>
    <Filter Include="Generated Files\Release">
      <UniqueIdentifier>{e75824a6-65bd-47fb-8a3e-50b150bb6ae2}</UniqueIdentifier>
      <Extensions>cpp;moc</Extensions>
      <SourceControlFiles>False</SourceControlFiles>
    </Filter>
    <Filter Include="源文件">
      <UniqueIdentifier>{4FC737F1-C7A5-4376-A066-2A32D752A2FF}</UniqueIdentifier>
      <Extensions>cpp;cxx;c;def</Extensions>
    </Filter>
    <Filter Include="源文件\【 主窗体 MainModule】">
      <UniqueIdentifier>{146070f3-791f-48b1-b1fe-0f5adb1486c6}</UniqueIdentifier>
    </Filter>
    <Filter Include="源文件\【 工具箱 Utils】">
      <UniqueIdentifier>{e6b9c521-15ed-43f2-be8e-5bfd513eeb83}</UniqueIdentifier>
    </Filter>
    <Filter Include="源文件\【 工具箱 Utils】\管理器工具（manager）">
      <UniqueIdentifier>{d39c2e78-314e-402e-ada6-e417abebd28d}</UniqueIdentifier>
    </Filter>
    <Filter Include="资源文件">
      <UniqueIdentifier>{D9D6E242-F8AF-46E4-B9FD-80ECBC20BA3E}</UniqueIdentifier>
      <Extensions>qrc;*</Extensions>
      <ParseFiles>false</ParseFiles>
    </Filter>
    <Filter Include="源文件\【 工具箱 Utils】\集合组件-表单（widgetForm）">
      <UniqueIdentifier>{dd73c86b-1ce5-40f8-b30a-8308407bd13e}</UniqueIdentifier>
    </Filter>
    <Filter Include="源文件\【 工具箱 Utils】\集合组件-表单（widgetForm）\单选表格">
      <UniqueIdentifier>{0ed40268-4225-4171-86be-2b142f117404}</UniqueIdentifier>
    </Filter>
    <Filter Include="源文件\【 工具箱 Utils】\集合组件-表单（widgetForm）\单选表格\私有类">
      <UniqueIdentifier>{4e19af89-5123-4468-b4d3-5c280473b7e6}</UniqueIdentifier>
    </Filter>
    <Filter Include="源文件\【 工具箱 Utils】\集合组件-表单高级 （widgetFormSenior）">
      <UniqueIdentifier>{4cf337a3-bbf4-41dd-a8b3-16099720cd90}</UniqueIdentifier>
    </Filter>
    <Filter Include="源文件\【 工具箱 Utils】\集合组件-表单高级 （widgetFormSenior）\排序控制器">
      <UniqueIdentifier>{44565946-60d1-475a-9f35-b27bfc90a2e2}</UniqueIdentifier>
    </Filter>
    <Filter Include="源文件\【 插件模块 PluginModule】">
      <UniqueIdentifier>{d649dcb5-a2e0-4355-adc7-03e0fb29633c}</UniqueIdentifier>
    </Filter>
    <Filter Include="源文件\【 工具箱 Utils】\管理器工具（manager）\文本解析器">
      <UniqueIdentifier>{25e51dd7-a47f-4f22-a0c3-4d90f4cbfc69}</UniqueIdentifier>
    </Filter>
    <Filter Include="源文件\【 工具箱 Utils】\管理器工具（manager）\中文管理器">
      <UniqueIdentifier>{6a6fa9fd-b1ee-4912-bf88-b6e58b9ed5b7}</UniqueIdentifier>
    </Filter>
    <Filter Include="源文件\【 工具箱 Utils】\通用工具（common）">
      <UniqueIdentifier>{b1b392c0-0a3a-4d3a-b9dc-f8e81bab288c}</UniqueIdentifier>
    </Filter>
    <Filter Include="源文件\【 交互模块 RmmvInteractiveModule】">
      <UniqueIdentifier>{2611183d-eedb-48d4-96e5-197f2cb8caa9}</UniqueIdentifier>
    </Filter>
    <Filter Include="源文件\【 交互模块 RmmvInteractiveModule】\基本交互">
      <UniqueIdentifier>{c7593aec-c579-40a9-ab68-acb338a788fb}</UniqueIdentifier>
    </Filter>
    <Filter Include="源文件\【 交互模块 RmmvInteractiveModule】\操作面板">
      <UniqueIdentifier>{0765d8a1-c8d5-40dd-afaf-d2329f7086ad}</UniqueIdentifier>
    </Filter>
    <Filter Include="源文件\【 工具箱 Utils】\管理器工具（manager）\GIF转换器">
      <UniqueIdentifier>{fbb5ac67-a910-4409-8d58-11231d4d0315}</UniqueIdentifier>
    </Filter>
    <Filter Include="源文件\【 交互模块 RmmvInteractiveModule】\专用交互">
      <UniqueIdentifier>{379783ed-3608-4d90-927d-e374fc13ca76}</UniqueIdentifier>
    </Filter>
    <Filter Include="源文件\【 项目管理模块 ProjectModule】">
      <UniqueIdentifier>{850e5c2d-13fb-48ce-97ac-a1a21f40d1c3}</UniqueIdentifier>
    </Filter>
    <Filter Include="源文件\【 项目管理模块 ProjectModule】\temp文件夹">
      <UniqueIdentifier>{77b5d387-e75a-4d81-9751-d8f8900abd80}</UniqueIdentifier>
    </Filter>
    <Filter Include="源文件\【 项目管理模块 ProjectModule】\存储文件">
      <UniqueIdentifier>{412c7763-d6d1-4bfc-a05c-0a7adec7522d}</UniqueIdentifier>
    </Filter>
    <Filter Include="源文件\【 项目管理模块 ProjectModule】\项目数据">
      <UniqueIdentifier>{1620f03b-d882-4ce6-bca9-463c378addd5}</UniqueIdentifier>
    </Filter>
    <Filter Include="源文件\【 工具箱 Utils】\集合组件-表单（widgetForm）\图片选择块">
      <UniqueIdentifier>{dbc4af67-097d-4f45-9731-029b0bf00775}</UniqueIdentifier>
    </Filter>
    <Filter Include="源文件\【 工具箱 Utils】\集合组件-表单（widgetForm）\图片选择块\私有类">
      <UniqueIdentifier>{14fcb02a-3cba-43b7-9c96-9602acc11f64}</UniqueIdentifier>
    </Filter>
    <Filter Include="源文件\【 工具箱 Utils】\集合组件-表单高级 （widgetFormSenior）\动画帧编辑块">
      <UniqueIdentifier>{0c23d9ac-4a6d-4b38-8499-d58032cf9abb}</UniqueIdentifier>
    </Filter>
    <Filter Include="源文件\【 工具箱 Utils】\集合组件-表单高级 （widgetFormSenior）\动画帧编辑块\私有类">
      <UniqueIdentifier>{3e8638cd-2436-4f93-824f-735c605c9626}</UniqueIdentifier>
    </Filter>
    <Filter Include="源文件\【 工具箱 Utils】\集合组件-表单（widgetForm）\可折叠选项卡">
      <UniqueIdentifier>{2162b34a-a7f6-4675-bbcc-00057a727d56}</UniqueIdentifier>
    </Filter>
    <Filter Include="源文件\【 工具箱 Utils】\集合组件-表单（widgetForm）\可折叠选项卡\私有类">
      <UniqueIdentifier>{d48241cf-2219-4f32-8548-9aee14e524ff}</UniqueIdentifier>
    </Filter>
    <Filter Include="源文件\【 工具箱 Utils】\集合组件-表单高级 （widgetFormSenior）\动画帧播放器">
      <UniqueIdentifier>{7cdb3496-a4d4-4234-9b15-041748c61e3f}</UniqueIdentifier>
    </Filter>
    <Filter Include="源文件\【 图形模块 GraphModule】">
      <UniqueIdentifier>{1c2a3e7b-4130-48a4-8ff9-3cd941c8fe72}</UniqueIdentifier>
    </Filter>
    <Filter Include="源文件\【 图形模块 GraphModule】\集合组件（widget）">
      <UniqueIdentifier>{5b1f25ec-c5b9-4f95-8020-f3d267f4c9c3}</UniqueIdentifier>
    </Filter>
    <Filter Include="源文件\【 工具箱 Utils】\集合组件-快速表单（widgetFastForm）">
      <UniqueIdentifier>{7dbdd055-de35-4ef6-bb76-607fb0b8a2dd}</UniqueIdentifier>
    </Filter>
    <Filter Include="源文件\【 工具箱 Utils】\集合组件-快速表单（widgetFastForm）\快速表单">
      <UniqueIdentifier>{0c68e606-6f53-4266-809a-ac0018a5bd48}</UniqueIdentifier>
    </Filter>
    <Filter Include="源文件\【 工具箱 Utils】\辅助操作器（operater）">
      <UniqueIdentifier>{06829457-7ef3-4408-babb-40ac4669d527}</UniqueIdentifier>
    </Filter>
    <Filter Include="源文件\【 主窗体 MainModule】\关于">
      <UniqueIdentifier>{820e42b3-479a-45ba-add6-783c05407300}</UniqueIdentifier>
    </Filter>
    <Filter Include="源文件\【 主窗体 MainModule】\首页提示">
      <UniqueIdentifier>{c8169de7-8770-43b2-a8b3-25deb5eab36f}</UniqueIdentifier>
    </Filter>
    <Filter Include="源文件\【 项目管理模块 ProjectModule】\存储文件-全局">
      <UniqueIdentifier>{e3075032-6f58-489b-857d-ebe1e5450b98}</UniqueIdentifier>
    </Filter>
    <Filter Include="源文件\【 动画序列 ActionSeqModule】">
      <UniqueIdentifier>{f5f343cf-ad4f-47e0-a294-4d22e35b468c}</UniqueIdentifier>
    </Filter>
    <Filter Include="源文件\【 动画序列 ActionSeqModule】\数据读取器">
      <UniqueIdentifier>{34c87558-44ee-4308-b51b-19156d9ad909}</UniqueIdentifier>
    </Filter>
    <Filter Include="源文件\【 动画序列 ActionSeqModule】\数据读取器\数据最大值编辑">
      <UniqueIdentifier>{bc9f198c-e495-4c47-83e5-c5fabf56c615}</UniqueIdentifier>
    </Filter>
    <Filter Include="源文件\【 动画序列 ActionSeqModule】\动画序列块">
      <UniqueIdentifier>{04488223-3081-4fd0-86a0-1dcc57331ec8}</UniqueIdentifier>
    </Filter>
    <Filter Include="源文件\【 动画序列 ActionSeqModule】\动画序列块\放映区">
      <UniqueIdentifier>{777e3569-1c82-4e26-9135-fc02f0457784}</UniqueIdentifier>
    </Filter>
    <Filter Include="源文件\【 动画序列 ActionSeqModule】\动画序列块\动作元块">
      <UniqueIdentifier>{098df1bf-d3a8-453e-8625-399216e54aed}</UniqueIdentifier>
    </Filter>
    <Filter Include="源文件\【 动画序列 ActionSeqModule】\动画序列块\状态元块">
      <UniqueIdentifier>{b9175ef4-c3c3-4830-b481-0136333a709b}</UniqueIdentifier>
    </Filter>
    <Filter Include="源文件\【 图形模块 GraphModule】\集合组件（widget）\图片查看块-动图">
      <UniqueIdentifier>{3d1dd754-3b12-4cbe-b4d1-ef144ad23361}</UniqueIdentifier>
    </Filter>
    <Filter Include="源文件\【 图形模块 GraphModule】\集合组件（widget）\图片查看块-动图\私有类">
      <UniqueIdentifier>{7388ddd9-13e0-4d85-b609-fc798d47ab65}</UniqueIdentifier>
    </Filter>
    <Filter Include="源文件\【 图形模块 GraphModule】\集合组件（widget）\图片查看块-单图">
      <UniqueIdentifier>{fd556637-6325-4e0a-a4b6-7a886b3501ca}</UniqueIdentifier>
    </Filter>
    <Filter Include="源文件\【 图形模块 GraphModule】\集合组件（widget）\图片查看块-单图\私有类">
      <UniqueIdentifier>{ecff08fe-e91f-4f81-9a79-4f8dcaee3f92}</UniqueIdentifier>
    </Filter>
    <Filter Include="源文件\【 外部库模块 DllModule】">
      <UniqueIdentifier>{8ab2576e-103c-453a-9b3f-cb97a9965233}</UniqueIdentifier>
    </Filter>
    <Filter Include="源文件\【 外部库模块 DllModule】\图像操作库（cximagecrt_drill）">
      <UniqueIdentifier>{5a79aa41-bdc5-4e29-b859-33b6b64efd18}</UniqueIdentifier>
    </Filter>
    <Filter Include="源文件\【 图形模块 GraphModule】\集合组件（widget）\图片合成器">
      <UniqueIdentifier>{8de72a1e-0c24-438a-90f2-355bc2ce2e2d}</UniqueIdentifier>
    </Filter>
    <Filter Include="源文件\【 图形模块 GraphModule】\贴图（item）">
      <UniqueIdentifier>{414f366b-4917-4833-bdcb-65e56f240c23}</UniqueIdentifier>
    </Filter>
    <Filter Include="源文件\【 图形模块 GraphModule】\贴图（item）\马赛克背景">
      <UniqueIdentifier>{07a5560e-e8a8-471d-a46f-202237439b10}</UniqueIdentifier>
    </Filter>
    <Filter Include="源文件\【 图形模块 GraphModule】\贴图（item）\网格线">
      <UniqueIdentifier>{bb779b05-4038-4c29-a9a7-91079250e6c5}</UniqueIdentifier>
    </Filter>
    <Filter Include="源文件\【 图形模块 GraphModule】\集合组件（widget）\图片分割器">
      <UniqueIdentifier>{e27bb3ab-cc65-4db0-816d-7946a0ed0c01}</UniqueIdentifier>
    </Filter>
    <Filter Include="源文件\【 图形模块 GraphModule】\集合组件（widget）\图片分割器\私有类">
      <UniqueIdentifier>{c2dab1be-9350-4094-8f85-e48eb4bce5f4}</UniqueIdentifier>
    </Filter>
    <Filter Include="源文件\【 图形模块 GraphModule】\中间件（middleware）">
      <UniqueIdentifier>{85dd517f-9d78-4208-b9f5-277dc0a0bede}</UniqueIdentifier>
    </Filter>
    <Filter Include="源文件\【 图形模块 GraphModule】\中间件（middleware）\方块阵列点选器">
      <UniqueIdentifier>{37db3d49-88dc-4be9-89fc-530d791cb3af}</UniqueIdentifier>
    </Filter>
    <Filter Include="源文件\【 图形模块 GraphModule】\中间件（middleware）\鼠标缩放控制器">
      <UniqueIdentifier>{49ca5677-7d0a-4f5d-b21c-8f0eaefe3adc}</UniqueIdentifier>
    </Filter>
    <Filter Include="源文件\【 工具箱 Utils】\集合组件-表单高级 （widgetFormSenior）\对象选择器（暂未用到）">
      <UniqueIdentifier>{11aa5848-64a3-48b7-8bdd-ee25fc431ced}</UniqueIdentifier>
    </Filter>
    <Filter Include="源文件\【 工具箱 Utils】\管理器工具（manager）\句柄调取管理器">
      <UniqueIdentifier>{ada4ffbf-2b5c-4548-96ed-6e07f017dffb}</UniqueIdentifier>
    </Filter>
    <Filter Include="源文件\【 图形模块 GraphModule】\中间件（middleware）\鼠标缩放控制器\扩展块">
      <UniqueIdentifier>{d0262141-6b74-49d5-ad5d-55349baff6a7}</UniqueIdentifier>
    </Filter>
    <Filter Include="源文件\【 插件模块 PluginModule】\插件注解读取器（无）">
      <UniqueIdentifier>{0aa113a6-ba17-4464-bf00-d737bd54718d}</UniqueIdentifier>
    </Filter>
    <Filter Include="源文件\【 项目管理模块 ProjectModule】\项目数据\扩展块">
      <UniqueIdentifier>{33781442-7407-4895-8eeb-d65b1f622dfb}</UniqueIdentifier>
    </Filter>
    <Filter Include="源文件\【 工具箱 Utils】\集合组件-表单高级 （widgetFormSenior）\灵活分类树（常规+种类分支）">
      <UniqueIdentifier>{28219431-f7bf-41a6-896b-3af9d5ef37fb}</UniqueIdentifier>
    </Filter>
    <Filter Include="源文件\【 工具箱 Utils】\集合组件-表单高级 （widgetFormSenior）\灵活分类树（常规）">
      <UniqueIdentifier>{a9dd714a-72e1-4adc-865e-ffc52c9c0e81}</UniqueIdentifier>
    </Filter>
    <Filter Include="源文件\【 工具箱 Utils】\集合组件-表单高级 （widgetFormSenior）\灵活分类树（常规）\树设置">
      <UniqueIdentifier>{a2d9ed8f-a834-4503-9e83-a4b16a981212}</UniqueIdentifier>
    </Filter>
    <Filter Include="源文件\【 工具箱 Utils】\集合组件-表单高级 （widgetFormSenior）\灵活分类树（常规+种类分支）\树设置">
      <UniqueIdentifier>{cef7a208-a45e-4628-b647-044e7ace3e4e}</UniqueIdentifier>
    </Filter>
    <Filter Include="源文件\【 工具箱 Utils】\集合组件-表单高级 （widgetFormSenior）\灵活分类树（常规+种类分支）\种类分支">
      <UniqueIdentifier>{ad24d528-0507-4a1c-9d9f-0cafd3f2ca33}</UniqueIdentifier>
    </Filter>
    <Filter Include="源文件\【 工具箱 Utils】\集合组件-表单高级 （widgetFormSenior）\灵活分类树（常规）\树控件">
      <UniqueIdentifier>{5caec8a3-5fe4-4492-b9a7-9f7858963d52}</UniqueIdentifier>
    </Filter>
    <Filter Include="源文件\【 插件模块 PluginModule】\最大值编辑器  [plugins文件夹，读写]">
      <UniqueIdentifier>{73814674-7d50-4cf5-811d-1257c7dbce3d}</UniqueIdentifier>
    </Filter>
    <Filter Include="源文件\【 插件模块 PluginModule】\最大值编辑器  [plugins文件夹，读写]\读取器">
      <UniqueIdentifier>{0b11bcbb-0da1-46fa-be1c-0d7ed38fe2d6}</UniqueIdentifier>
    </Filter>
    <Filter Include="源文件\【 插件模块 PluginModule】\最大值编辑器  [plugins文件夹，读写]\修改器">
      <UniqueIdentifier>{ec383764-e654-4cd9-886e-139151a23868}</UniqueIdentifier>
    </Filter>
    <Filter Include="源文件\【 插件模块 PluginModule】\插件存储数据容器  [plugins.js，读写]">
      <UniqueIdentifier>{a39775db-bab5-481e-bc55-dc41981ce72c}</UniqueIdentifier>
    </Filter>
    <Filter Include="源文件\【 动画序列 ActionSeqModule】\核心复刻类（只放映区用）">
      <UniqueIdentifier>{321bb369-30cf-4274-82df-e3b37caeaf62}</UniqueIdentifier>
    </Filter>
    <Filter Include="源文件\【 动画序列 ActionSeqModule】\核心复刻类（只放映区用）\状态元控制器">
      <UniqueIdentifier>{be6e4244-6038-47f9-afed-90673a32cd0b}</UniqueIdentifier>
    </Filter>
    <Filter Include="源文件\【 动画序列 ActionSeqModule】\核心复刻类（只放映区用）\动作元控制器">
      <UniqueIdentifier>{667dcd8f-28f1-4890-b840-5087b727c855}</UniqueIdentifier>
    </Filter>
    <Filter Include="源文件\【 动画序列 ActionSeqModule】\核心复刻类（只放映区用）\状态节点控制器">
      <UniqueIdentifier>{1b9aa6e3-a475-4082-9c82-431e984a9974}</UniqueIdentifier>
    </Filter>
    <Filter Include="源文件\【 动画序列 ActionSeqModule】\核心复刻类（只放映区用）\动画序列主控制器">
      <UniqueIdentifier>{c15e95bc-8d04-495a-836c-c3deba17f242}</UniqueIdentifier>
    </Filter>
    <Filter Include="源文件\【 动画序列 ActionSeqModule】\动画序列块\状态节点块">
      <UniqueIdentifier>{18548a2d-43b3-4d31-b7fa-1cfa351485cc}</UniqueIdentifier>
    </Filter>
    <Filter Include="源文件\【 动画序列 ActionSeqModule】\动画序列块\状态节点块\默认状态元集合">
      <UniqueIdentifier>{1ebfb5f8-a24a-49a8-a3f1-37aef24aa4e5}</UniqueIdentifier>
    </Filter>
  </ItemGroup>
  <ItemGroup>
    <ClCompile Include="main.cpp">
      <Filter>源文件</Filter>
    </ClCompile>
    <ClCompile Include="GeneratedFiles\qrc_drillgifactionsequenceeditor.cpp">
      <Filter>Generated Files</Filter>
    </ClCompile>
    <ClCompile Include="Source\MainModule\drillgifactionsequenceeditor.cpp">
      <Filter>源文件\【 主窗体 MainModule】</Filter>
    </ClCompile>
    <ClCompile Include="GeneratedFiles\Debug\moc_drillgifactionsequenceeditor.cpp">
      <Filter>Generated Files\Debug</Filter>
    </ClCompile>
    <ClCompile Include="GeneratedFiles\Release\moc_drillgifactionsequenceeditor.cpp">
      <Filter>Generated Files\Release</Filter>
    </ClCompile>
    <ClCompile Include="Source\ActionSeqModule\actionSeqPart\p_ActionSeqPart.cpp">
      <Filter>源文件\【 动画序列 ActionSeqModule】\动画序列块</Filter>
    </ClCompile>
    <ClCompile Include="GeneratedFiles\Debug\moc_p_ActionSeqPart.cpp">
      <Filter>Generated Files\Debug</Filter>
    </ClCompile>
    <ClCompile Include="GeneratedFiles\Release\moc_p_ActionSeqPart.cpp">
      <Filter>Generated Files\Release</Filter>
    </ClCompile>
    <ClCompile Include="Source\ActionSeqModule\actionPart\p_ActionPart.cpp">
      <Filter>源文件\【 动画序列 ActionSeqModule】\动画序列块\动作元块</Filter>
    </ClCompile>
    <ClCompile Include="GeneratedFiles\Debug\moc_p_ActionPart.cpp">
      <Filter>Generated Files\Debug</Filter>
    </ClCompile>
    <ClCompile Include="GeneratedFiles\Release\moc_p_ActionPart.cpp">
      <Filter>Generated Files\Release</Filter>
    </ClCompile>
    <ClCompile Include="Source\ActionSeqModule\statePart\p_StatePart.cpp">
      <Filter>源文件\【 动画序列 ActionSeqModule】\动画序列块\状态元块</Filter>
    </ClCompile>
    <ClCompile Include="GeneratedFiles\Debug\moc_p_StatePart.cpp">
      <Filter>Generated Files\Debug</Filter>
    </ClCompile>
    <ClCompile Include="GeneratedFiles\Release\moc_p_StatePart.cpp">
      <Filter>Generated Files\Release</Filter>
    </ClCompile>
    <ClCompile Include="Source\Utils\widgetForm\radioTable\c_RaTConfig.cpp">
      <Filter>源文件\【 工具箱 Utils】\集合组件-表单（widgetForm）\单选表格</Filter>
    </ClCompile>
    <ClCompile Include="Source\Utils\widgetForm\radioTable\p_RadioTable.cpp">
      <Filter>源文件\【 工具箱 Utils】\集合组件-表单（widgetForm）\单选表格</Filter>
    </ClCompile>
    <ClCompile Include="GeneratedFiles\Debug\moc_p_RadioTable.cpp">
      <Filter>Generated Files\Debug</Filter>
    </ClCompile>
    <ClCompile Include="GeneratedFiles\Release\moc_p_RadioTable.cpp">
      <Filter>Generated Files\Release</Filter>
    </ClCompile>
    <ClCompile Include="Source\Utils\widgetForm\radioTable\private\w_RaTConfig.cpp">
      <Filter>源文件\【 工具箱 Utils】\集合组件-表单（widgetForm）\单选表格\私有类</Filter>
    </ClCompile>
    <ClCompile Include="GeneratedFiles\Debug\moc_w_RaTConfig.cpp">
      <Filter>Generated Files\Debug</Filter>
    </ClCompile>
    <ClCompile Include="GeneratedFiles\Release\moc_w_RaTConfig.cpp">
      <Filter>Generated Files\Release</Filter>
    </ClCompile>
    <ClCompile Include="Source\Utils\widgetFormSenior\ObjectSortController\c_ObjectSortData.cpp">
      <Filter>源文件\【 工具箱 Utils】\集合组件-表单高级 （widgetFormSenior）\排序控制器</Filter>
    </ClCompile>
    <ClCompile Include="Source\Utils\widgetFormSenior\ObjectSortController\p_ObjectSortController.cpp">
      <Filter>源文件\【 工具箱 Utils】\集合组件-表单高级 （widgetFormSenior）\排序控制器</Filter>
    </ClCompile>
    <ClCompile Include="GeneratedFiles\Debug\moc_p_ObjectSortController.cpp">
      <Filter>Generated Files\Debug</Filter>
    </ClCompile>
    <ClCompile Include="GeneratedFiles\Release\moc_p_ObjectSortController.cpp">
      <Filter>Generated Files\Release</Filter>
    </ClCompile>
    <ClCompile Include="Source\Utils\manager\txtRead\p_TxtFastReader.cpp">
      <Filter>源文件\【 工具箱 Utils】\管理器工具（manager）\文本解析器</Filter>
    </ClCompile>
    <ClCompile Include="Source\Utils\manager\txtRead\p_TxtFastReaderWithRecord.cpp">
      <Filter>源文件\【 工具箱 Utils】\管理器工具（manager）\文本解析器</Filter>
    </ClCompile>
    <ClCompile Include="Source\Utils\manager\chineseManager\s_ChineseManager.cpp">
      <Filter>源文件\【 工具箱 Utils】\管理器工具（manager）\中文管理器</Filter>
    </ClCompile>
    <ClCompile Include="GeneratedFiles\Debug\moc_s_ChineseManager.cpp">
      <Filter>Generated Files\Debug</Filter>
    </ClCompile>
    <ClCompile Include="GeneratedFiles\Release\moc_s_ChineseManager.cpp">
      <Filter>Generated Files\Release</Filter>
    </ClCompile>
    <ClCompile Include="Source\Utils\common\TTool.cpp">
      <Filter>源文件\【 工具箱 Utils】\通用工具（common）</Filter>
    </ClCompile>
    <ClCompile Include="Source\PluginModule\storageData\c_PluginData.cpp">
      <Filter>源文件\【 插件模块 PluginModule】\插件存储数据容器  [plugins.js，读写]</Filter>
    </ClCompile>
    <ClCompile Include="Source\PluginModule\storageData\s_PluginDataContainer.cpp">
      <Filter>源文件\【 插件模块 PluginModule】\插件存储数据容器  [plugins.js，读写]</Filter>
    </ClCompile>
    <ClCompile Include="GeneratedFiles\Debug\moc_s_PluginDataContainer.cpp">
      <Filter>Generated Files\Debug</Filter>
    </ClCompile>
    <ClCompile Include="GeneratedFiles\Release\moc_s_PluginDataContainer.cpp">
      <Filter>Generated Files\Release</Filter>
    </ClCompile>
    <ClCompile Include="Source\RmmvInteractiveModule\base\c_RmmvProjectData.cpp">
      <Filter>源文件\【 交互模块 RmmvInteractiveModule】\基本交互</Filter>
    </ClCompile>
    <ClCompile Include="Source\RmmvInteractiveModule\operateBoard\p_RmmvOperateBoard.cpp">
      <Filter>源文件\【 交互模块 RmmvInteractiveModule】\操作面板</Filter>
    </ClCompile>
    <ClCompile Include="GeneratedFiles\Debug\moc_p_RmmvOperateBoard.cpp">
      <Filter>Generated Files\Debug</Filter>
    </ClCompile>
    <ClCompile Include="GeneratedFiles\Release\moc_p_RmmvOperateBoard.cpp">
      <Filter>Generated Files\Release</Filter>
    </ClCompile>
    <ClCompile Include="Source\RmmvInteractiveModule\operateBoard\w_RmmvOperateBoard.cpp">
      <Filter>源文件\【 交互模块 RmmvInteractiveModule】\操作面板</Filter>
    </ClCompile>
    <ClCompile Include="GeneratedFiles\Debug\moc_w_RmmvOperateBoard.cpp">
      <Filter>Generated Files\Debug</Filter>
    </ClCompile>
    <ClCompile Include="GeneratedFiles\Release\moc_w_RmmvOperateBoard.cpp">
      <Filter>Generated Files\Release</Filter>
    </ClCompile>
    <ClCompile Include="Source\ActionSeqModule\actionSeqData\s_ActionSeqDataContainer.cpp">
      <Filter>源文件\【 动画序列 ActionSeqModule】\数据读取器</Filter>
    </ClCompile>
    <ClCompile Include="GeneratedFiles\Debug\moc_s_ActionSeqDataContainer.cpp">
      <Filter>Generated Files\Debug</Filter>
    </ClCompile>
    <ClCompile Include="GeneratedFiles\Release\moc_s_ActionSeqDataContainer.cpp">
      <Filter>Generated Files\Release</Filter>
    </ClCompile>
    <ClCompile Include="Source\RmmvInteractiveModule\custom\s_RmmvCaller_ActionSeq.cpp">
      <Filter>源文件\【 交互模块 RmmvInteractiveModule】\专用交互</Filter>
    </ClCompile>
    <ClCompile Include="GeneratedFiles\Debug\moc_s_RmmvCaller_ActionSeq.cpp">
      <Filter>Generated Files\Debug</Filter>
    </ClCompile>
    <ClCompile Include="GeneratedFiles\Release\moc_s_RmmvCaller_ActionSeq.cpp">
      <Filter>Generated Files\Release</Filter>
    </ClCompile>
    <ClCompile Include="Source\PluginModule\lengthEditor\c_LEAnnotation.cpp">
      <Filter>源文件\【 插件模块 PluginModule】\最大值编辑器  [plugins文件夹，读写]\读取器</Filter>
    </ClCompile>
    <ClCompile Include="Source\PluginModule\lengthEditor\s_LEAnnotationReader.cpp">
      <Filter>源文件\【 插件模块 PluginModule】\最大值编辑器  [plugins文件夹，读写]\读取器</Filter>
    </ClCompile>
    <ClCompile Include="GeneratedFiles\Debug\moc_s_LEAnnotationReader.cpp">
      <Filter>Generated Files\Debug</Filter>
    </ClCompile>
    <ClCompile Include="GeneratedFiles\Release\moc_s_LEAnnotationReader.cpp">
      <Filter>Generated Files\Release</Filter>
    </ClCompile>
    <ClCompile Include="Source\PluginModule\lengthEditor\c_LEConfigData.cpp">
      <Filter>源文件\【 插件模块 PluginModule】\最大值编辑器  [plugins文件夹，读写]\修改器</Filter>
    </ClCompile>
    <ClCompile Include="Source\PluginModule\lengthEditor\s_LEConfigWriter.cpp">
      <Filter>源文件\【 插件模块 PluginModule】\最大值编辑器  [plugins文件夹，读写]\修改器</Filter>
    </ClCompile>
    <ClCompile Include="GeneratedFiles\Debug\moc_s_LEConfigWriter.cpp">
      <Filter>Generated Files\Debug</Filter>
    </ClCompile>
    <ClCompile Include="GeneratedFiles\Release\moc_s_LEConfigWriter.cpp">
      <Filter>Generated Files\Release</Filter>
    </ClCompile>
    <ClCompile Include="Source\ProjectModule\s_ProjectManager.cpp">
      <Filter>源文件\【 项目管理模块 ProjectModule】</Filter>
    </ClCompile>
    <ClCompile Include="GeneratedFiles\Debug\moc_s_ProjectManager.cpp">
      <Filter>Generated Files\Debug</Filter>
    </ClCompile>
    <ClCompile Include="GeneratedFiles\Release\moc_s_ProjectManager.cpp">
      <Filter>Generated Files\Release</Filter>
    </ClCompile>
    <ClCompile Include="Source\ProjectModule\s_ProjectWindowManager.cpp">
      <Filter>源文件\【 项目管理模块 ProjectModule】</Filter>
    </ClCompile>
    <ClCompile Include="GeneratedFiles\Debug\moc_s_ProjectWindowManager.cpp">
      <Filter>Generated Files\Debug</Filter>
    </ClCompile>
    <ClCompile Include="GeneratedFiles\Release\moc_s_ProjectWindowManager.cpp">
      <Filter>Generated Files\Release</Filter>
    </ClCompile>
    <ClCompile Include="GeneratedFiles\Debug\moc_s_StorageManager.cpp">
      <Filter>Generated Files\Debug</Filter>
    </ClCompile>
    <ClCompile Include="GeneratedFiles\Release\moc_s_StorageManager.cpp">
      <Filter>Generated Files\Release</Filter>
    </ClCompile>
    <ClCompile Include="Source\ProjectModule\storage\s_StorageManager.cpp">
      <Filter>源文件\【 项目管理模块 ProjectModule】\存储文件</Filter>
    </ClCompile>
    <ClCompile Include="Source\ProjectModule\storage\s_StorageManagerTemplate.cpp">
      <Filter>源文件\【 项目管理模块 ProjectModule】\存储文件</Filter>
    </ClCompile>
    <ClCompile Include="Source\ProjectModule\data\c_ProjectData.cpp">
      <Filter>源文件\【 项目管理模块 ProjectModule】\项目数据</Filter>
    </ClCompile>
    <ClCompile Include="Source\ProjectModule\data\p_ProjectCreate.cpp">
      <Filter>源文件\【 项目管理模块 ProjectModule】\项目数据</Filter>
    </ClCompile>
    <ClCompile Include="GeneratedFiles\Debug\moc_p_ProjectCreate.cpp">
      <Filter>Generated Files\Debug</Filter>
    </ClCompile>
    <ClCompile Include="GeneratedFiles\Release\moc_p_ProjectCreate.cpp">
      <Filter>Generated Files\Release</Filter>
    </ClCompile>
    <ClCompile Include="Source\ProjectModule\data\w_ProjectCreate.cpp">
      <Filter>源文件\【 项目管理模块 ProjectModule】\项目数据</Filter>
    </ClCompile>
    <ClCompile Include="GeneratedFiles\Debug\moc_w_ProjectCreate.cpp">
      <Filter>Generated Files\Debug</Filter>
    </ClCompile>
    <ClCompile Include="GeneratedFiles\Release\moc_w_ProjectCreate.cpp">
      <Filter>Generated Files\Release</Filter>
    </ClCompile>
    <ClCompile Include="Source\ProjectModule\file\s_TempFileManager.cpp">
      <Filter>源文件\【 项目管理模块 ProjectModule】\temp文件夹</Filter>
    </ClCompile>
    <ClCompile Include="GeneratedFiles\Debug\moc_s_TempFileManager.cpp">
      <Filter>Generated Files\Debug</Filter>
    </ClCompile>
    <ClCompile Include="GeneratedFiles\Release\moc_s_TempFileManager.cpp">
      <Filter>Generated Files\Release</Filter>
    </ClCompile>
    <ClCompile Include="Source\ActionSeqModule\playingPart\p_PlayingPart.cpp">
      <Filter>源文件\【 动画序列 ActionSeqModule】\动画序列块\放映区</Filter>
    </ClCompile>
    <ClCompile Include="GeneratedFiles\Debug\moc_p_PlayingPart.cpp">
      <Filter>Generated Files\Debug</Filter>
    </ClCompile>
    <ClCompile Include="GeneratedFiles\Release\moc_p_PlayingPart.cpp">
      <Filter>Generated Files\Release</Filter>
    </ClCompile>
    <ClCompile Include="Source\Utils\widgetForm\pictureSelector\c_PiSConfig.cpp">
      <Filter>源文件\【 工具箱 Utils】\集合组件-表单（widgetForm）\图片选择块</Filter>
    </ClCompile>
    <ClCompile Include="Source\Utils\widgetForm\pictureSelector\p_PictureSelector.cpp">
      <Filter>源文件\【 工具箱 Utils】\集合组件-表单（widgetForm）\图片选择块</Filter>
    </ClCompile>
    <ClCompile Include="GeneratedFiles\Debug\moc_p_PictureSelector.cpp">
      <Filter>Generated Files\Debug</Filter>
    </ClCompile>
    <ClCompile Include="GeneratedFiles\Release\moc_p_PictureSelector.cpp">
      <Filter>Generated Files\Release</Filter>
    </ClCompile>
    <ClCompile Include="Source\Utils\widgetForm\pictureSelector\private\i_PiSPicture.cpp">
      <Filter>源文件\【 工具箱 Utils】\集合组件-表单（widgetForm）\图片选择块\私有类</Filter>
    </ClCompile>
    <ClCompile Include="GeneratedFiles\Debug\moc_i_PiSPicture.cpp">
      <Filter>Generated Files\Debug</Filter>
    </ClCompile>
    <ClCompile Include="GeneratedFiles\Release\moc_i_PiSPicture.cpp">
      <Filter>Generated Files\Release</Filter>
    </ClCompile>
    <ClCompile Include="Source\Utils\widgetForm\pictureSelector\private\p_PiSBlock.cpp">
      <Filter>源文件\【 工具箱 Utils】\集合组件-表单（widgetForm）\图片选择块\私有类</Filter>
    </ClCompile>
    <ClCompile Include="GeneratedFiles\Debug\moc_p_PiSBlock.cpp">
      <Filter>Generated Files\Debug</Filter>
    </ClCompile>
    <ClCompile Include="GeneratedFiles\Release\moc_p_PiSBlock.cpp">
      <Filter>Generated Files\Release</Filter>
    </ClCompile>
    <ClCompile Include="Source\Utils\widgetFormSenior\animationListEditor\c_ALEConfig.cpp">
      <Filter>源文件\【 工具箱 Utils】\集合组件-表单高级 （widgetFormSenior）\动画帧编辑块</Filter>
    </ClCompile>
    <ClCompile Include="Source\Utils\widgetFormSenior\animationListEditor\c_ALEData.cpp">
      <Filter>源文件\【 工具箱 Utils】\集合组件-表单高级 （widgetFormSenior）\动画帧编辑块</Filter>
    </ClCompile>
    <ClCompile Include="Source\Utils\widgetFormSenior\animationListEditor\p_AnimationListEditor.cpp">
      <Filter>源文件\【 工具箱 Utils】\集合组件-表单高级 （widgetFormSenior）\动画帧编辑块</Filter>
    </ClCompile>
    <ClCompile Include="GeneratedFiles\Debug\moc_p_AnimationListEditor.cpp">
      <Filter>Generated Files\Debug</Filter>
    </ClCompile>
    <ClCompile Include="GeneratedFiles\Release\moc_p_AnimationListEditor.cpp">
      <Filter>Generated Files\Release</Filter>
    </ClCompile>
    <ClCompile Include="Source\Utils\widgetFormSenior\animationListEditor\private\p_ALEBlock.cpp">
      <Filter>源文件\【 工具箱 Utils】\集合组件-表单高级 （widgetFormSenior）\动画帧编辑块\私有类</Filter>
    </ClCompile>
    <ClCompile Include="GeneratedFiles\Debug\moc_p_ALEBlock.cpp">
      <Filter>Generated Files\Debug</Filter>
    </ClCompile>
    <ClCompile Include="GeneratedFiles\Release\moc_p_ALEBlock.cpp">
      <Filter>Generated Files\Release</Filter>
    </ClCompile>
    <ClCompile Include="Source\Utils\widgetFormSenior\animationListEditor\private\w_ALEDataEdit.cpp">
      <Filter>源文件\【 工具箱 Utils】\集合组件-表单高级 （widgetFormSenior）\动画帧编辑块\私有类</Filter>
    </ClCompile>
    <ClCompile Include="GeneratedFiles\Debug\moc_w_ALEDataEdit.cpp">
      <Filter>Generated Files\Debug</Filter>
    </ClCompile>
    <ClCompile Include="GeneratedFiles\Release\moc_w_ALEDataEdit.cpp">
      <Filter>Generated Files\Release</Filter>
    </ClCompile>
    <ClCompile Include="Source\Utils\widgetForm\foldableTabWindow\p_FoldableTabRelater.cpp">
      <Filter>源文件\【 工具箱 Utils】\集合组件-表单（widgetForm）\可折叠选项卡</Filter>
    </ClCompile>
    <ClCompile Include="GeneratedFiles\Debug\moc_p_FoldableTabRelater.cpp">
      <Filter>Generated Files\Debug</Filter>
    </ClCompile>
    <ClCompile Include="GeneratedFiles\Release\moc_p_FoldableTabRelater.cpp">
      <Filter>Generated Files\Release</Filter>
    </ClCompile>
    <ClCompile Include="Source\Utils\widgetForm\foldableTabWindow\private\c_FoldableTabPrivate.cpp">
      <Filter>源文件\【 工具箱 Utils】\集合组件-表单（widgetForm）\可折叠选项卡\私有类</Filter>
    </ClCompile>
    <ClCompile Include="Source\Utils\widgetForm\foldableTabWindow\private\w_FoldableTabChildWindow.cpp">
      <Filter>源文件\【 工具箱 Utils】\集合组件-表单（widgetForm）\可折叠选项卡\私有类</Filter>
    </ClCompile>
    <ClCompile Include="GeneratedFiles\Debug\moc_w_FoldableTabChildWindow.cpp">
      <Filter>Generated Files\Debug</Filter>
    </ClCompile>
    <ClCompile Include="GeneratedFiles\Release\moc_w_FoldableTabChildWindow.cpp">
      <Filter>Generated Files\Release</Filter>
    </ClCompile>
    <ClCompile Include="Source\Utils\widgetFormSenior\animationListEditor\private\w_ALEConfigEdit.cpp">
      <Filter>源文件\【 工具箱 Utils】\集合组件-表单高级 （widgetFormSenior）\动画帧编辑块\私有类</Filter>
    </ClCompile>
    <ClCompile Include="GeneratedFiles\Debug\moc_w_ALEConfigEdit.cpp">
      <Filter>Generated Files\Debug</Filter>
    </ClCompile>
    <ClCompile Include="GeneratedFiles\Release\moc_w_ALEConfigEdit.cpp">
      <Filter>Generated Files\Release</Filter>
    </ClCompile>
    <ClCompile Include="Source\Utils\widgetFormSenior\animationListPlayer\p_AnimationListPlayer.cpp">
      <Filter>源文件\【 工具箱 Utils】\集合组件-表单高级 （widgetFormSenior）\动画帧播放器</Filter>
    </ClCompile>
    <ClCompile Include="GeneratedFiles\Debug\moc_p_AnimationListPlayer.cpp">
      <Filter>Generated Files\Debug</Filter>
    </ClCompile>
    <ClCompile Include="GeneratedFiles\Release\moc_p_AnimationListPlayer.cpp">
      <Filter>Generated Files\Release</Filter>
    </ClCompile>
    <ClCompile Include="Source\GraphModule\widget\animPictureViewer\p_AnimPictureViewer.cpp">
      <Filter>源文件\【 图形模块 GraphModule】\集合组件（widget）\图片查看块-动图</Filter>
    </ClCompile>
    <ClCompile Include="GeneratedFiles\Debug\moc_p_AnimPictureViewer.cpp">
      <Filter>Generated Files\Debug</Filter>
    </ClCompile>
    <ClCompile Include="GeneratedFiles\Release\moc_p_AnimPictureViewer.cpp">
      <Filter>Generated Files\Release</Filter>
    </ClCompile>
    <ClCompile Include="Source\GraphModule\widget\animPictureViewer\private\i_APVScene.cpp">
      <Filter>源文件\【 图形模块 GraphModule】\集合组件（widget）\图片查看块-动图\私有类</Filter>
    </ClCompile>
    <ClCompile Include="GeneratedFiles\Debug\moc_i_APVScene.cpp">
      <Filter>Generated Files\Debug</Filter>
    </ClCompile>
    <ClCompile Include="GeneratedFiles\Release\moc_i_APVScene.cpp">
      <Filter>Generated Files\Release</Filter>
    </ClCompile>
    <ClCompile Include="Source\GraphModule\widget\animPictureViewer\private\i_APVView.cpp">
      <Filter>源文件\【 图形模块 GraphModule】\集合组件（widget）\图片查看块-动图\私有类</Filter>
    </ClCompile>
    <ClCompile Include="GeneratedFiles\Debug\moc_i_APVView.cpp">
      <Filter>Generated Files\Debug</Filter>
    </ClCompile>
    <ClCompile Include="GeneratedFiles\Release\moc_i_APVView.cpp">
      <Filter>Generated Files\Release</Filter>
    </ClCompile>
    <ClCompile Include="GeneratedFiles\Debug\moc_p_FastForm.cpp">
      <Filter>Generated Files\Debug</Filter>
    </ClCompile>
    <ClCompile Include="GeneratedFiles\Release\moc_p_FastForm.cpp">
      <Filter>Generated Files\Release</Filter>
    </ClCompile>
    <ClCompile Include="Source\Utils\widgetFastForm\fastForm\c_FastClass.cpp">
      <Filter>源文件\【 工具箱 Utils】\集合组件-快速表单（widgetFastForm）\快速表单</Filter>
    </ClCompile>
    <ClCompile Include="Source\Utils\widgetFastForm\fastForm\p_FastForm.cpp">
      <Filter>源文件\【 工具箱 Utils】\集合组件-快速表单（widgetFastForm）\快速表单</Filter>
    </ClCompile>
    <ClCompile Include="Source\ActionSeqModule\actionSeqData\s_ActionSeqDataDefiner.cpp">
      <Filter>源文件\【 动画序列 ActionSeqModule】\数据读取器</Filter>
    </ClCompile>
    <ClCompile Include="GeneratedFiles\Debug\moc_s_ActionSeqDataDefiner.cpp">
      <Filter>Generated Files\Debug</Filter>
    </ClCompile>
    <ClCompile Include="GeneratedFiles\Release\moc_s_ActionSeqDataDefiner.cpp">
      <Filter>Generated Files\Release</Filter>
    </ClCompile>
    <ClCompile Include="Source\Utils\common\p_FileOperater.cpp">
      <Filter>源文件\【 工具箱 Utils】\通用工具（common）</Filter>
    </ClCompile>
    <ClCompile Include="GeneratedFiles\Debug\moc_p_FileOperater.cpp">
      <Filter>Generated Files\Debug</Filter>
    </ClCompile>
    <ClCompile Include="GeneratedFiles\Release\moc_p_FileOperater.cpp">
      <Filter>Generated Files\Release</Filter>
    </ClCompile>
    <ClCompile Include="Source\MainModule\about\w_SoftwareAbout.cpp">
      <Filter>源文件\【 主窗体 MainModule】\关于</Filter>
    </ClCompile>
    <ClCompile Include="GeneratedFiles\Debug\moc_w_SoftwareAbout.cpp">
      <Filter>Generated Files\Debug</Filter>
    </ClCompile>
    <ClCompile Include="GeneratedFiles\Release\moc_w_SoftwareAbout.cpp">
      <Filter>Generated Files\Release</Filter>
    </ClCompile>
    <ClCompile Include="Source\MainModule\firstTip\w_SoftwareFirstTip.cpp">
      <Filter>源文件\【 主窗体 MainModule】\首页提示</Filter>
    </ClCompile>
    <ClCompile Include="GeneratedFiles\Debug\moc_w_SoftwareFirstTip.cpp">
      <Filter>Generated Files\Debug</Filter>
    </ClCompile>
    <ClCompile Include="GeneratedFiles\Release\moc_w_SoftwareFirstTip.cpp">
      <Filter>Generated Files\Release</Filter>
    </ClCompile>
    <ClCompile Include="Source\ProjectModule\storageGlobal\s_IniManager.cpp">
      <Filter>源文件\【 项目管理模块 ProjectModule】\存储文件-全局</Filter>
    </ClCompile>
    <ClCompile Include="GeneratedFiles\Debug\moc_s_IniManager.cpp">
      <Filter>Generated Files\Debug</Filter>
    </ClCompile>
    <ClCompile Include="GeneratedFiles\Release\moc_s_IniManager.cpp">
      <Filter>Generated Files\Release</Filter>
    </ClCompile>
    <ClCompile Include="Source\ActionSeqModule\actionSeqData\lengthData\c_ActionSeqLength.cpp">
      <Filter>源文件\【 动画序列 ActionSeqModule】\数据读取器\数据最大值编辑</Filter>
    </ClCompile>
    <ClCompile Include="Source\ActionSeqModule\actionSeqData\lengthData\w_ActionSeqLength.cpp">
      <Filter>源文件\【 动画序列 ActionSeqModule】\数据读取器\数据最大值编辑</Filter>
    </ClCompile>
    <ClCompile Include="GeneratedFiles\Debug\moc_w_ActionSeqLength.cpp">
      <Filter>Generated Files\Debug</Filter>
    </ClCompile>
    <ClCompile Include="GeneratedFiles\Release\moc_w_ActionSeqLength.cpp">
      <Filter>Generated Files\Release</Filter>
    </ClCompile>
    <ClCompile Include="Source\ActionSeqModule\playingPart\defaultStateGroup\w_DefaultStateGroupEdit.cpp">
      <Filter>源文件\【 动画序列 ActionSeqModule】\动画序列块\状态节点块\默认状态元集合</Filter>
    </ClCompile>
    <ClCompile Include="GeneratedFiles\Debug\moc_w_DefaultStateGroupEdit.cpp">
      <Filter>Generated Files\Debug</Filter>
    </ClCompile>
    <ClCompile Include="GeneratedFiles\Release\moc_w_DefaultStateGroupEdit.cpp">
      <Filter>Generated Files\Release</Filter>
    </ClCompile>
    <ClCompile Include="Source\Utils\manager\GIFManager\s_GIFManager.cpp">
      <Filter>源文件\【 工具箱 Utils】\管理器工具（manager）\GIF转换器</Filter>
    </ClCompile>
    <ClCompile Include="GeneratedFiles\Debug\moc_s_GIFManager.cpp">
      <Filter>Generated Files\Debug</Filter>
    </ClCompile>
    <ClCompile Include="GeneratedFiles\Release\moc_s_GIFManager.cpp">
      <Filter>Generated Files\Release</Filter>
    </ClCompile>
    <ClCompile Include="Source\Utils\widgetFormSenior\animationListEditor\private\w_ALEGIFReaderType.cpp">
      <Filter>源文件\【 工具箱 Utils】\集合组件-表单高级 （widgetFormSenior）\动画帧编辑块\私有类</Filter>
    </ClCompile>
    <ClCompile Include="GeneratedFiles\Debug\moc_w_ALEGIFReaderType.cpp">
      <Filter>Generated Files\Debug</Filter>
    </ClCompile>
    <ClCompile Include="GeneratedFiles\Release\moc_w_ALEGIFReaderType.cpp">
      <Filter>Generated Files\Release</Filter>
    </ClCompile>
    <ClCompile Include="Source\Utils\widgetFormSenior\animationListEditor\private\w_ALEGIFWriterType.cpp">
      <Filter>源文件\【 工具箱 Utils】\集合组件-表单高级 （widgetFormSenior）\动画帧编辑块\私有类</Filter>
    </ClCompile>
    <ClCompile Include="GeneratedFiles\Debug\moc_w_ALEGIFWriterType.cpp">
      <Filter>Generated Files\Debug</Filter>
    </ClCompile>
    <ClCompile Include="GeneratedFiles\Release\moc_w_ALEGIFWriterType.cpp">
      <Filter>Generated Files\Release</Filter>
    </ClCompile>
    <ClCompile Include="Source\ActionSeqModule\reprintedCore\Drill_COAS_Init.cpp">
      <Filter>源文件\【 动画序列 ActionSeqModule】\核心复刻类（只放映区用）</Filter>
    </ClCompile>
    <ClCompile Include="stdafx.cpp">
      <Filter>源文件\【 主窗体 MainModule】</Filter>
    </ClCompile>
    <ClCompile Include="Source\GraphModule\widget\singlePictureViewer\p_SinglePictureViewer.cpp">
      <Filter>源文件\【 图形模块 GraphModule】\集合组件（widget）\图片查看块-单图</Filter>
    </ClCompile>
    <ClCompile Include="GeneratedFiles\Debug\moc_p_SinglePictureViewer.cpp">
      <Filter>Generated Files\Debug</Filter>
    </ClCompile>
    <ClCompile Include="GeneratedFiles\Release\moc_p_SinglePictureViewer.cpp">
      <Filter>Generated Files\Release</Filter>
    </ClCompile>
    <ClCompile Include="Source\GraphModule\widget\singlePictureViewer\private\i_SPVScene.cpp">
      <Filter>源文件\【 图形模块 GraphModule】\集合组件（widget）\图片查看块-单图\私有类</Filter>
    </ClCompile>
    <ClCompile Include="GeneratedFiles\Debug\moc_i_SPVScene.cpp">
      <Filter>Generated Files\Debug</Filter>
    </ClCompile>
    <ClCompile Include="GeneratedFiles\Release\moc_i_SPVScene.cpp">
      <Filter>Generated Files\Release</Filter>
    </ClCompile>
    <ClCompile Include="Source\GraphModule\widget\singlePictureViewer\private\i_SPVView.cpp">
      <Filter>源文件\【 图形模块 GraphModule】\集合组件（widget）\图片查看块-单图\私有类</Filter>
    </ClCompile>
    <ClCompile Include="GeneratedFiles\Debug\moc_i_SPVView.cpp">
      <Filter>Generated Files\Debug</Filter>
    </ClCompile>
    <ClCompile Include="GeneratedFiles\Release\moc_i_SPVView.cpp">
      <Filter>Generated Files\Release</Filter>
    </ClCompile>
    <ClCompile Include="Source\GraphModule\widget\pictureCombiner\p_PictureCombiner.cpp">
      <Filter>源文件\【 图形模块 GraphModule】\集合组件（widget）\图片合成器</Filter>
    </ClCompile>
    <ClCompile Include="GeneratedFiles\Debug\moc_p_PictureCombiner.cpp">
      <Filter>Generated Files\Debug</Filter>
    </ClCompile>
    <ClCompile Include="GeneratedFiles\Release\moc_p_PictureCombiner.cpp">
      <Filter>Generated Files\Release</Filter>
    </ClCompile>
    <ClCompile Include="Source\GraphModule\widget\pictureCombiner\w_PictureCombiner.cpp">
      <Filter>源文件\【 图形模块 GraphModule】\集合组件（widget）\图片合成器</Filter>
    </ClCompile>
    <ClCompile Include="GeneratedFiles\Debug\moc_w_PictureCombiner.cpp">
      <Filter>Generated Files\Debug</Filter>
    </ClCompile>
    <ClCompile Include="GeneratedFiles\Release\moc_w_PictureCombiner.cpp">
      <Filter>Generated Files\Release</Filter>
    </ClCompile>
    <ClCompile Include="Source\GraphModule\item\maskBackgroundItem\i_MaskBackgroundItem.cpp">
      <Filter>源文件\【 图形模块 GraphModule】\贴图（item）\马赛克背景</Filter>
    </ClCompile>
    <ClCompile Include="Source\GraphModule\item\gridLineItem\p_GridLineItem.cpp">
      <Filter>源文件\【 图形模块 GraphModule】\贴图（item）\网格线</Filter>
    </ClCompile>
    <ClCompile Include="GeneratedFiles\Debug\moc_p_GridLineItem.cpp">
      <Filter>Generated Files\Debug</Filter>
    </ClCompile>
    <ClCompile Include="GeneratedFiles\Release\moc_p_GridLineItem.cpp">
      <Filter>Generated Files\Release</Filter>
    </ClCompile>
    <ClCompile Include="Source\GraphModule\widget\picturePartitioner\w_PicturePartitioner.cpp">
      <Filter>源文件\【 图形模块 GraphModule】\集合组件（widget）\图片分割器</Filter>
    </ClCompile>
    <ClCompile Include="GeneratedFiles\Debug\moc_w_PicturePartitioner.cpp">
      <Filter>Generated Files\Debug</Filter>
    </ClCompile>
    <ClCompile Include="GeneratedFiles\Release\moc_w_PicturePartitioner.cpp">
      <Filter>Generated Files\Release</Filter>
    </ClCompile>
    <ClCompile Include="Source\GraphModule\widget\picturePartitioner\private\i_PPaScene.cpp">
      <Filter>源文件\【 图形模块 GraphModule】\集合组件（widget）\图片分割器\私有类</Filter>
    </ClCompile>
    <ClCompile Include="GeneratedFiles\Debug\moc_i_PPaScene.cpp">
      <Filter>Generated Files\Debug</Filter>
    </ClCompile>
    <ClCompile Include="GeneratedFiles\Release\moc_i_PPaScene.cpp">
      <Filter>Generated Files\Release</Filter>
    </ClCompile>
    <ClCompile Include="Source\GraphModule\widget\picturePartitioner\private\i_PPaView.cpp">
      <Filter>源文件\【 图形模块 GraphModule】\集合组件（widget）\图片分割器\私有类</Filter>
    </ClCompile>
    <ClCompile Include="GeneratedFiles\Debug\moc_i_PPaView.cpp">
      <Filter>Generated Files\Debug</Filter>
    </ClCompile>
    <ClCompile Include="GeneratedFiles\Release\moc_i_PPaView.cpp">
      <Filter>Generated Files\Release</Filter>
    </ClCompile>
    <ClCompile Include="Source\GraphModule\widget\picturePartitioner\private\p_PPaViewer.cpp">
      <Filter>源文件\【 图形模块 GraphModule】\集合组件（widget）\图片分割器\私有类</Filter>
    </ClCompile>
    <ClCompile Include="GeneratedFiles\Debug\moc_p_PPaViewer.cpp">
      <Filter>Generated Files\Debug</Filter>
    </ClCompile>
    <ClCompile Include="GeneratedFiles\Release\moc_p_PPaViewer.cpp">
      <Filter>Generated Files\Release</Filter>
    </ClCompile>
    <ClCompile Include="Source\GraphModule\middleware\matrixBlockSelector\i_MBSBlock.cpp">
      <Filter>源文件\【 图形模块 GraphModule】\中间件（middleware）\方块阵列点选器</Filter>
    </ClCompile>
    <ClCompile Include="Source\GraphModule\middleware\matrixBlockSelector\p_MatrixBlockSelector.cpp">
      <Filter>源文件\【 图形模块 GraphModule】\中间件（middleware）\方块阵列点选器</Filter>
    </ClCompile>
    <ClCompile Include="GeneratedFiles\Debug\moc_p_MatrixBlockSelector.cpp">
      <Filter>Generated Files\Debug</Filter>
    </ClCompile>
    <ClCompile Include="GeneratedFiles\Release\moc_p_MatrixBlockSelector.cpp">
      <Filter>Generated Files\Release</Filter>
    </ClCompile>
    <ClCompile Include="Source\GraphModule\middleware\mouseResizeController\p_MouseResizeController.cpp">
      <Filter>源文件\【 图形模块 GraphModule】\中间件（middleware）\鼠标缩放控制器</Filter>
    </ClCompile>
    <ClCompile Include="GeneratedFiles\Debug\moc_p_MouseResizeController.cpp">
      <Filter>Generated Files\Debug</Filter>
    </ClCompile>
    <ClCompile Include="GeneratedFiles\Release\moc_p_MouseResizeController.cpp">
      <Filter>Generated Files\Release</Filter>
    </ClCompile>
    <ClCompile Include="Source\Utils\manager\callManager\s_CallManager.cpp">
      <Filter>源文件\【 工具箱 Utils】\管理器工具（manager）\句柄调取管理器</Filter>
    </ClCompile>
    <ClCompile Include="GeneratedFiles\Debug\moc_s_CallManager.cpp">
      <Filter>Generated Files\Debug</Filter>
    </ClCompile>
    <ClCompile Include="GeneratedFiles\Release\moc_s_CallManager.cpp">
      <Filter>Generated Files\Release</Filter>
    </ClCompile>
    <ClCompile Include="Source\GraphModule\middleware\mouseResizeController\extendPart\p_MouseResizeButtonPart.cpp">
      <Filter>源文件\【 图形模块 GraphModule】\中间件（middleware）\鼠标缩放控制器\扩展块</Filter>
    </ClCompile>
    <ClCompile Include="GeneratedFiles\Debug\moc_p_MouseResizeButtonPart.cpp">
      <Filter>Generated Files\Debug</Filter>
    </ClCompile>
    <ClCompile Include="GeneratedFiles\Release\moc_p_MouseResizeButtonPart.cpp">
      <Filter>Generated Files\Release</Filter>
    </ClCompile>
    <ClCompile Include="Source\RmmvInteractiveModule\base\s_RmmvDataContainer.cpp">
      <Filter>源文件\【 交互模块 RmmvInteractiveModule】\基本交互</Filter>
    </ClCompile>
    <ClCompile Include="GeneratedFiles\Debug\moc_s_RmmvDataContainer.cpp">
      <Filter>Generated Files\Debug</Filter>
    </ClCompile>
    <ClCompile Include="GeneratedFiles\Release\moc_s_RmmvDataContainer.cpp">
      <Filter>Generated Files\Release</Filter>
    </ClCompile>
    <ClCompile Include="Source\RmmvInteractiveModule\custom\p_RmmvCaller.cpp">
      <Filter>源文件\【 交互模块 RmmvInteractiveModule】\专用交互</Filter>
    </ClCompile>
    <ClCompile Include="GeneratedFiles\Debug\moc_p_RmmvCaller.cpp">
      <Filter>Generated Files\Debug</Filter>
    </ClCompile>
    <ClCompile Include="GeneratedFiles\Release\moc_p_RmmvCaller.cpp">
      <Filter>Generated Files\Release</Filter>
    </ClCompile>
    <ClCompile Include="Source\ProjectModule\data\extendPart\w_ProjectNote.cpp">
      <Filter>源文件\【 项目管理模块 ProjectModule】\项目数据\扩展块</Filter>
    </ClCompile>
    <ClCompile Include="GeneratedFiles\Debug\moc_w_ProjectNote.cpp">
      <Filter>Generated Files\Debug</Filter>
    </ClCompile>
    <ClCompile Include="GeneratedFiles\Release\moc_w_ProjectNote.cpp">
      <Filter>Generated Files\Release</Filter>
    </ClCompile>
    <ClCompile Include="GeneratedFiles\Debug\moc_p_FlexiblePageTree.cpp">
      <Filter>Generated Files\Debug</Filter>
    </ClCompile>
    <ClCompile Include="GeneratedFiles\Release\moc_p_FlexiblePageTree.cpp">
      <Filter>Generated Files\Release</Filter>
    </ClCompile>
    <ClCompile Include="Source\Utils\widgetFormSenior\flexiblePageTree\p_FlexiblePageTree.cpp">
      <Filter>源文件\【 工具箱 Utils】\集合组件-表单高级 （widgetFormSenior）\灵活分类树（常规）</Filter>
    </ClCompile>
    <ClCompile Include="Source\Utils\widgetFormSenior\flexiblePageTree\private\i_FPT_Branch.cpp">
      <Filter>源文件\【 工具箱 Utils】\集合组件-表单高级 （widgetFormSenior）\灵活分类树（常规）\树控件</Filter>
    </ClCompile>
    <ClCompile Include="Source\Utils\widgetFormSenior\flexiblePageTree\private\i_FPT_Leaf.cpp">
      <Filter>源文件\【 工具箱 Utils】\集合组件-表单高级 （widgetFormSenior）\灵活分类树（常规）\树控件</Filter>
    </ClCompile>
    <ClCompile Include="GeneratedFiles\Debug\moc_w_FPT_Config.cpp">
      <Filter>Generated Files\Debug</Filter>
    </ClCompile>
    <ClCompile Include="GeneratedFiles\Release\moc_w_FPT_Config.cpp">
      <Filter>Generated Files\Release</Filter>
    </ClCompile>
    <ClCompile Include="Source\Utils\widgetFormSenior\flexiblePageTree\private\c_FPT_Config.cpp">
      <Filter>源文件\【 工具箱 Utils】\集合组件-表单高级 （widgetFormSenior）\灵活分类树（常规）\树设置</Filter>
    </ClCompile>
    <ClCompile Include="Source\Utils\widgetFormSenior\flexiblePageTree\private\w_FPT_Config.cpp">
      <Filter>源文件\【 工具箱 Utils】\集合组件-表单高级 （widgetFormSenior）\灵活分类树（常规）\树设置</Filter>
    </ClCompile>
    <ClCompile Include="GeneratedFiles\Debug\moc_p_FlexibleClassificationTree.cpp">
      <Filter>Generated Files\Debug</Filter>
    </ClCompile>
    <ClCompile Include="GeneratedFiles\Release\moc_p_FlexibleClassificationTree.cpp">
      <Filter>Generated Files\Release</Filter>
    </ClCompile>
    <ClCompile Include="Source\Utils\widgetFormSenior\flexibleClassificationTree\p_FlexibleClassificationTree.cpp">
      <Filter>源文件\【 工具箱 Utils】\集合组件-表单高级 （widgetFormSenior）\灵活分类树（常规+种类分支）</Filter>
    </ClCompile>
    <ClCompile Include="Source\Utils\widgetFormSenior\flexibleClassificationTree\private\c_FCT_Classify.cpp">
      <Filter>源文件\【 工具箱 Utils】\集合组件-表单高级 （widgetFormSenior）\灵活分类树（常规+种类分支）\种类分支</Filter>
    </ClCompile>
    <ClCompile Include="Source\Utils\widgetFormSenior\flexibleClassificationTree\private\w_FCT_Classify.cpp">
      <Filter>源文件\【 工具箱 Utils】\集合组件-表单高级 （widgetFormSenior）\灵活分类树（常规+种类分支）\种类分支</Filter>
    </ClCompile>
    <ClCompile Include="GeneratedFiles\Debug\moc_w_FCT_Classify.cpp">
      <Filter>Generated Files\Debug</Filter>
    </ClCompile>
    <ClCompile Include="GeneratedFiles\Release\moc_w_FCT_Classify.cpp">
      <Filter>Generated Files\Release</Filter>
    </ClCompile>
    <ClCompile Include="Source\Utils\widgetFormSenior\flexibleClassificationTree\private\w_FCT_ClassifySelector.cpp">
      <Filter>源文件\【 工具箱 Utils】\集合组件-表单高级 （widgetFormSenior）\灵活分类树（常规+种类分支）\种类分支</Filter>
    </ClCompile>
    <ClCompile Include="GeneratedFiles\Debug\moc_w_FCT_ClassifySelector.cpp">
      <Filter>Generated Files\Debug</Filter>
    </ClCompile>
    <ClCompile Include="GeneratedFiles\Release\moc_w_FCT_ClassifySelector.cpp">
      <Filter>Generated Files\Release</Filter>
    </ClCompile>
    <ClCompile Include="Source\Utils\widgetFormSenior\flexibleClassificationTree\private\c_FCT_Config.cpp">
      <Filter>源文件\【 工具箱 Utils】\集合组件-表单高级 （widgetFormSenior）\灵活分类树（常规+种类分支）\树设置</Filter>
    </ClCompile>
    <ClCompile Include="Source\ActionSeqModule\reprintedCore\Drill_COAS_StateController.cpp">
      <Filter>源文件\【 动画序列 ActionSeqModule】\核心复刻类（只放映区用）\状态元控制器</Filter>
    </ClCompile>
    <ClCompile Include="Source\ActionSeqModule\reprintedCore\Drill_COAS_ActController.cpp">
      <Filter>源文件\【 动画序列 ActionSeqModule】\核心复刻类（只放映区用）\动作元控制器</Filter>
    </ClCompile>
    <ClCompile Include="Source\ActionSeqModule\reprintedCore\Drill_COAS_StateNodeController.cpp">
      <Filter>源文件\【 动画序列 ActionSeqModule】\核心复刻类（只放映区用）\状态节点控制器</Filter>
    </ClCompile>
    <ClCompile Include="Source\ActionSeqModule\reprintedCore\Drill_COAS_MainController.cpp">
      <Filter>源文件\【 动画序列 ActionSeqModule】\核心复刻类（只放映区用）\动画序列主控制器</Filter>
    </ClCompile>
  </ItemGroup>
  <ItemGroup>
    <CustomBuild Include="drillgifactionsequenceeditor.qrc">
      <Filter>资源文件</Filter>
    </CustomBuild>
    <CustomBuild Include="Source\MainModule\drillgifactionsequenceeditor.h">
      <Filter>源文件\【 主窗体 MainModule】</Filter>
    </CustomBuild>
    <CustomBuild Include="Source\MainModule\drillgifactionsequenceeditor.ui">
      <Filter>源文件\【 主窗体 MainModule】</Filter>
    </CustomBuild>
    <CustomBuild Include="Source\ActionSeqModule\actionSeqPart\p_ActionSeqPart.h">
      <Filter>源文件\【 动画序列 ActionSeqModule】\动画序列块</Filter>
    </CustomBuild>
    <CustomBuild Include="Source\ActionSeqModule\actionSeqPart\p_ActionSeqPart.ui">
      <Filter>源文件\【 动画序列 ActionSeqModule】\动画序列块</Filter>
    </CustomBuild>
    <CustomBuild Include="Source\ActionSeqModule\actionPart\p_ActionPart.h">
      <Filter>源文件\【 动画序列 ActionSeqModule】\动画序列块\动作元块</Filter>
    </CustomBuild>
    <CustomBuild Include="Source\ActionSeqModule\actionPart\p_ActionPart.ui">
      <Filter>源文件\【 动画序列 ActionSeqModule】\动画序列块\动作元块</Filter>
    </CustomBuild>
    <CustomBuild Include="Source\ActionSeqModule\statePart\p_StatePart.h">
      <Filter>源文件\【 动画序列 ActionSeqModule】\动画序列块\状态元块</Filter>
    </CustomBuild>
    <CustomBuild Include="Source\ActionSeqModule\statePart\p_StatePart.ui">
      <Filter>源文件\【 动画序列 ActionSeqModule】\动画序列块\状态元块</Filter>
    </CustomBuild>
    <CustomBuild Include="Source\Utils\widgetForm\radioTable\p_RadioTable.h">
      <Filter>源文件\【 工具箱 Utils】\集合组件-表单（widgetForm）\单选表格</Filter>
    </CustomBuild>
    <CustomBuild Include="Source\Utils\widgetForm\radioTable\private\w_RaTConfig.h">
      <Filter>源文件\【 工具箱 Utils】\集合组件-表单（widgetForm）\单选表格\私有类</Filter>
    </CustomBuild>
    <CustomBuild Include="Source\Utils\widgetForm\radioTable\private\w_RaTConfig.ui">
      <Filter>源文件\【 工具箱 Utils】\集合组件-表单（widgetForm）\单选表格\私有类</Filter>
    </CustomBuild>
    <CustomBuild Include="Source\Utils\widgetFormSenior\ObjectSortController\p_ObjectSortController.h">
      <Filter>源文件\【 工具箱 Utils】\集合组件-表单高级 （widgetFormSenior）\排序控制器</Filter>
    </CustomBuild>
    <CustomBuild Include="Source\Utils\manager\chineseManager\s_ChineseManager.h">
      <Filter>源文件\【 工具箱 Utils】\管理器工具（manager）\中文管理器</Filter>
    </CustomBuild>
    <CustomBuild Include="Source\PluginModule\storageData\s_PluginDataContainer.h">
      <Filter>源文件\【 插件模块 PluginModule】\插件存储数据容器  [plugins.js，读写]</Filter>
    </CustomBuild>
    <CustomBuild Include="Source\RmmvInteractiveModule\operateBoard\p_RmmvOperateBoard.h">
      <Filter>源文件\【 交互模块 RmmvInteractiveModule】\操作面板</Filter>
    </CustomBuild>
    <CustomBuild Include="Source\RmmvInteractiveModule\operateBoard\p_RmmvOperateBoard.ui">
      <Filter>源文件\【 交互模块 RmmvInteractiveModule】\操作面板</Filter>
    </CustomBuild>
    <CustomBuild Include="Source\RmmvInteractiveModule\operateBoard\w_RmmvOperateBoard.h">
      <Filter>源文件\【 交互模块 RmmvInteractiveModule】\操作面板</Filter>
    </CustomBuild>
    <CustomBuild Include="Source\RmmvInteractiveModule\operateBoard\w_RmmvOperateBoard.ui">
      <Filter>源文件\【 交互模块 RmmvInteractiveModule】\操作面板</Filter>
    </CustomBuild>
    <CustomBuild Include="Source\ActionSeqModule\actionSeqData\s_ActionSeqDataContainer.h">
      <Filter>源文件\【 动画序列 ActionSeqModule】\数据读取器</Filter>
    </CustomBuild>
    <CustomBuild Include="Source\RmmvInteractiveModule\custom\s_RmmvCaller_ActionSeq.h">
      <Filter>源文件\【 交互模块 RmmvInteractiveModule】\专用交互</Filter>
    </CustomBuild>
    <CustomBuild Include="Source\PluginModule\lengthEditor\s_LEAnnotationReader.h">
      <Filter>源文件\【 插件模块 PluginModule】\最大值编辑器  [plugins文件夹，读写]\读取器</Filter>
    </CustomBuild>
    <CustomBuild Include="Source\PluginModule\lengthEditor\s_LEConfigWriter.h">
      <Filter>源文件\【 插件模块 PluginModule】\最大值编辑器  [plugins文件夹，读写]\修改器</Filter>
    </CustomBuild>
    <CustomBuild Include="Source\ProjectModule\s_ProjectManager.h">
      <Filter>源文件\【 项目管理模块 ProjectModule】</Filter>
    </CustomBuild>
    <CustomBuild Include="Source\ProjectModule\s_ProjectWindowManager.h">
      <Filter>源文件\【 项目管理模块 ProjectModule】</Filter>
    </CustomBuild>
    <CustomBuild Include="Source\ProjectModule\storage\s_StorageManager.h">
      <Filter>源文件\【 项目管理模块 ProjectModule】\存储文件</Filter>
    </CustomBuild>
    <CustomBuild Include="Source\ProjectModule\data\p_ProjectCreate.h">
      <Filter>源文件\【 项目管理模块 ProjectModule】\项目数据</Filter>
    </CustomBuild>
    <CustomBuild Include="Source\ProjectModule\data\p_ProjectCreate.ui">
      <Filter>源文件\【 项目管理模块 ProjectModule】\项目数据</Filter>
    </CustomBuild>
    <CustomBuild Include="Source\ProjectModule\data\w_ProjectCreate.h">
      <Filter>源文件\【 项目管理模块 ProjectModule】\项目数据</Filter>
    </CustomBuild>
    <CustomBuild Include="Source\ProjectModule\data\w_ProjectCreate.ui">
      <Filter>源文件\【 项目管理模块 ProjectModule】\项目数据</Filter>
    </CustomBuild>
    <CustomBuild Include="Source\ProjectModule\file\s_TempFileManager.h">
      <Filter>源文件\【 项目管理模块 ProjectModule】\temp文件夹</Filter>
    </CustomBuild>
    <CustomBuild Include="Source\ActionSeqModule\playingPart\p_PlayingPart.h">
      <Filter>源文件\【 动画序列 ActionSeqModule】\动画序列块\放映区</Filter>
    </CustomBuild>
    <CustomBuild Include="Source\ActionSeqModule\playingPart\p_PlayingPart.ui">
      <Filter>源文件\【 动画序列 ActionSeqModule】\动画序列块\放映区</Filter>
    </CustomBuild>
    <CustomBuild Include="Source\Utils\widgetForm\pictureSelector\p_PictureSelector.h">
      <Filter>源文件\【 工具箱 Utils】\集合组件-表单（widgetForm）\图片选择块</Filter>
    </CustomBuild>
    <CustomBuild Include="Source\Utils\widgetForm\pictureSelector\private\i_PiSPicture.h">
      <Filter>源文件\【 工具箱 Utils】\集合组件-表单（widgetForm）\图片选择块\私有类</Filter>
    </CustomBuild>
    <CustomBuild Include="Source\Utils\widgetForm\pictureSelector\private\p_PiSBlock.h">
      <Filter>源文件\【 工具箱 Utils】\集合组件-表单（widgetForm）\图片选择块\私有类</Filter>
    </CustomBuild>
    <CustomBuild Include="Source\Utils\widgetForm\pictureSelector\private\p_PiSBlock.ui">
      <Filter>源文件\【 工具箱 Utils】\集合组件-表单（widgetForm）\图片选择块\私有类</Filter>
    </CustomBuild>
    <CustomBuild Include="Source\Utils\widgetFormSenior\animationListEditor\p_AnimationListEditor.h">
      <Filter>源文件\【 工具箱 Utils】\集合组件-表单高级 （widgetFormSenior）\动画帧编辑块</Filter>
    </CustomBuild>
    <CustomBuild Include="Source\Utils\widgetFormSenior\animationListEditor\private\p_ALEBlock.h">
      <Filter>源文件\【 工具箱 Utils】\集合组件-表单高级 （widgetFormSenior）\动画帧编辑块\私有类</Filter>
    </CustomBuild>
    <CustomBuild Include="Source\Utils\widgetFormSenior\animationListEditor\private\w_ALEDataEdit.h">
      <Filter>源文件\【 工具箱 Utils】\集合组件-表单高级 （widgetFormSenior）\动画帧编辑块\私有类</Filter>
    </CustomBuild>
    <CustomBuild Include="Source\Utils\widgetFormSenior\animationListEditor\private\w_ALEDataEdit.ui">
      <Filter>源文件\【 工具箱 Utils】\集合组件-表单高级 （widgetFormSenior）\动画帧编辑块\私有类</Filter>
    </CustomBuild>
    <CustomBuild Include="Source\Utils\widgetForm\foldableTabWindow\p_FoldableTabRelater.h">
      <Filter>源文件\【 工具箱 Utils】\集合组件-表单（widgetForm）\可折叠选项卡</Filter>
    </CustomBuild>
    <CustomBuild Include="Source\Utils\widgetForm\foldableTabWindow\private\w_FoldableTabChildWindow.h">
      <Filter>源文件\【 工具箱 Utils】\集合组件-表单（widgetForm）\可折叠选项卡\私有类</Filter>
    </CustomBuild>
    <CustomBuild Include="Source\Utils\widgetForm\foldableTabWindow\private\w_FoldableTabChildWindow.ui">
      <Filter>源文件\【 工具箱 Utils】\集合组件-表单（widgetForm）\可折叠选项卡\私有类</Filter>
    </CustomBuild>
    <CustomBuild Include="Source\Utils\widgetFormSenior\animationListEditor\private\w_ALEConfigEdit.h">
      <Filter>源文件\【 工具箱 Utils】\集合组件-表单高级 （widgetFormSenior）\动画帧编辑块\私有类</Filter>
    </CustomBuild>
    <CustomBuild Include="Source\Utils\widgetFormSenior\animationListEditor\private\w_ALEConfigEdit.ui">
      <Filter>源文件\【 工具箱 Utils】\集合组件-表单高级 （widgetFormSenior）\动画帧编辑块\私有类</Filter>
    </CustomBuild>
    <CustomBuild Include="Source\Utils\widgetFormSenior\animationListPlayer\p_AnimationListPlayer.h">
      <Filter>源文件\【 工具箱 Utils】\集合组件-表单高级 （widgetFormSenior）\动画帧播放器</Filter>
    </CustomBuild>
    <CustomBuild Include="Source\Utils\widgetFormSenior\animationListPlayer\p_AnimationListPlayer.ui">
      <Filter>源文件\【 工具箱 Utils】\集合组件-表单高级 （widgetFormSenior）\动画帧播放器</Filter>
    </CustomBuild>
    <CustomBuild Include="Source\GraphModule\widget\animPictureViewer\p_AnimPictureViewer.h">
      <Filter>源文件\【 图形模块 GraphModule】\集合组件（widget）\图片查看块-动图</Filter>
    </CustomBuild>
    <CustomBuild Include="Source\GraphModule\widget\animPictureViewer\private\i_APVScene.h">
      <Filter>源文件\【 图形模块 GraphModule】\集合组件（widget）\图片查看块-动图\私有类</Filter>
    </CustomBuild>
    <CustomBuild Include="Source\GraphModule\widget\animPictureViewer\private\i_APVView.h">
      <Filter>源文件\【 图形模块 GraphModule】\集合组件（widget）\图片查看块-动图\私有类</Filter>
    </CustomBuild>
    <CustomBuild Include="Source\Utils\widgetFastForm\fastForm\p_FastForm.h">
      <Filter>源文件\【 工具箱 Utils】\集合组件-快速表单（widgetFastForm）\快速表单</Filter>
    </CustomBuild>
    <CustomBuild Include="Source\ActionSeqModule\actionSeqData\s_ActionSeqDataDefiner.h">
      <Filter>源文件\【 动画序列 ActionSeqModule】\数据读取器</Filter>
    </CustomBuild>
    <CustomBuild Include="Source\Utils\common\p_FileOperater.h">
      <Filter>源文件\【 工具箱 Utils】\通用工具（common）</Filter>
    </CustomBuild>
    <CustomBuild Include="Source\MainModule\about\w_SoftwareAbout.h">
      <Filter>源文件\【 主窗体 MainModule】\关于</Filter>
    </CustomBuild>
    <CustomBuild Include="Source\MainModule\about\w_SoftwareAbout.ui">
      <Filter>源文件\【 主窗体 MainModule】\关于</Filter>
    </CustomBuild>
    <CustomBuild Include="Source\MainModule\firstTip\w_SoftwareFirstTip.h">
      <Filter>源文件\【 主窗体 MainModule】\首页提示</Filter>
    </CustomBuild>
    <CustomBuild Include="Source\MainModule\firstTip\w_SoftwareFirstTip.ui">
      <Filter>源文件\【 主窗体 MainModule】\首页提示</Filter>
    </CustomBuild>
    <CustomBuild Include="Source\ProjectModule\storageGlobal\s_IniManager.h">
      <Filter>源文件\【 项目管理模块 ProjectModule】\存储文件-全局</Filter>
    </CustomBuild>
    <CustomBuild Include="Source\ActionSeqModule\actionSeqData\lengthData\w_ActionSeqLength.h">
      <Filter>源文件\【 动画序列 ActionSeqModule】\数据读取器\数据最大值编辑</Filter>
    </CustomBuild>
    <CustomBuild Include="Source\ActionSeqModule\actionSeqData\lengthData\w_ActionSeqLength.ui">
      <Filter>源文件\【 动画序列 ActionSeqModule】\数据读取器\数据最大值编辑</Filter>
    </CustomBuild>
    <CustomBuild Include="Source\ActionSeqModule\playingPart\defaultStateGroup\w_DefaultStateGroupEdit.h">
      <Filter>源文件\【 动画序列 ActionSeqModule】\动画序列块\状态节点块\默认状态元集合</Filter>
    </CustomBuild>
    <CustomBuild Include="Source\ActionSeqModule\playingPart\defaultStateGroup\w_DefaultStateGroupEdit.ui">
      <Filter>源文件\【 动画序列 ActionSeqModule】\动画序列块\状态节点块\默认状态元集合</Filter>
    </CustomBuild>
    <CustomBuild Include="Source\Utils\manager\GIFManager\s_GIFManager.h">
      <Filter>源文件\【 工具箱 Utils】\管理器工具（manager）\GIF转换器</Filter>
    </CustomBuild>
    <CustomBuild Include="Source\Utils\widgetFormSenior\animationListEditor\private\w_ALEGIFReaderType.h">
      <Filter>源文件\【 工具箱 Utils】\集合组件-表单高级 （widgetFormSenior）\动画帧编辑块\私有类</Filter>
    </CustomBuild>
    <CustomBuild Include="Source\Utils\widgetFormSenior\animationListEditor\private\w_ALEGIFReaderType.ui">
      <Filter>源文件\【 工具箱 Utils】\集合组件-表单高级 （widgetFormSenior）\动画帧编辑块\私有类</Filter>
    </CustomBuild>
    <CustomBuild Include="Source\Utils\widgetFormSenior\animationListEditor\private\w_ALEGIFWriterType.h">
      <Filter>源文件\【 工具箱 Utils】\集合组件-表单高级 （widgetFormSenior）\动画帧编辑块\私有类</Filter>
    </CustomBuild>
    <CustomBuild Include="Source\Utils\widgetFormSenior\animationListEditor\private\w_ALEGIFWriterType.ui">
      <Filter>源文件\【 工具箱 Utils】\集合组件-表单高级 （widgetFormSenior）\动画帧编辑块\私有类</Filter>
    </CustomBuild>
    <CustomBuild Include="Source\ActionSeqModule\reprintedCore\Drill_COAS_Init.h">
      <Filter>源文件\【 动画序列 ActionSeqModule】\核心复刻类（只放映区用）</Filter>
    </CustomBuild>
    <CustomBuild Include="Source\GraphModule\widget\singlePictureViewer\p_SinglePictureViewer.h">
      <Filter>源文件\【 图形模块 GraphModule】\集合组件（widget）\图片查看块-单图</Filter>
    </CustomBuild>
    <CustomBuild Include="Source\GraphModule\widget\singlePictureViewer\private\i_SPVScene.h">
      <Filter>源文件\【 图形模块 GraphModule】\集合组件（widget）\图片查看块-单图\私有类</Filter>
    </CustomBuild>
    <CustomBuild Include="Source\GraphModule\widget\singlePictureViewer\private\i_SPVView.h">
      <Filter>源文件\【 图形模块 GraphModule】\集合组件（widget）\图片查看块-单图\私有类</Filter>
    </CustomBuild>
    <CustomBuild Include="Source\GraphModule\widget\pictureCombiner\p_PictureCombiner.h">
      <Filter>源文件\【 图形模块 GraphModule】\集合组件（widget）\图片合成器</Filter>
    </CustomBuild>
    <CustomBuild Include="Source\GraphModule\widget\pictureCombiner\p_PictureCombiner.ui">
      <Filter>源文件\【 图形模块 GraphModule】\集合组件（widget）\图片合成器</Filter>
    </CustomBuild>
    <CustomBuild Include="Source\GraphModule\widget\pictureCombiner\w_PictureCombiner.h">
      <Filter>源文件\【 图形模块 GraphModule】\集合组件（widget）\图片合成器</Filter>
    </CustomBuild>
    <CustomBuild Include="Source\GraphModule\widget\pictureCombiner\w_PictureCombiner.ui">
      <Filter>源文件\【 图形模块 GraphModule】\集合组件（widget）\图片合成器</Filter>
    </CustomBuild>
    <CustomBuild Include="Source\GraphModule\item\gridLineItem\p_GridLineItem.h">
      <Filter>源文件\【 图形模块 GraphModule】\贴图（item）\网格线</Filter>
    </CustomBuild>
    <CustomBuild Include="Source\GraphModule\widget\picturePartitioner\w_PicturePartitioner.h">
      <Filter>源文件\【 图形模块 GraphModule】\集合组件（widget）\图片分割器</Filter>
    </CustomBuild>
    <CustomBuild Include="Source\GraphModule\widget\picturePartitioner\w_PicturePartitioner.ui">
      <Filter>源文件\【 图形模块 GraphModule】\集合组件（widget）\图片分割器</Filter>
    </CustomBuild>
    <CustomBuild Include="Source\GraphModule\widget\picturePartitioner\private\i_PPaScene.h">
      <Filter>源文件\【 图形模块 GraphModule】\集合组件（widget）\图片分割器\私有类</Filter>
    </CustomBuild>
    <CustomBuild Include="Source\GraphModule\widget\picturePartitioner\private\i_PPaView.h">
      <Filter>源文件\【 图形模块 GraphModule】\集合组件（widget）\图片分割器\私有类</Filter>
    </CustomBuild>
    <CustomBuild Include="Source\GraphModule\widget\picturePartitioner\private\p_PPaViewer.h">
      <Filter>源文件\【 图形模块 GraphModule】\集合组件（widget）\图片分割器\私有类</Filter>
    </CustomBuild>
    <CustomBuild Include="Source\GraphModule\middleware\matrixBlockSelector\p_MatrixBlockSelector.h">
      <Filter>源文件\【 图形模块 GraphModule】\中间件（middleware）\方块阵列点选器</Filter>
    </CustomBuild>
    <CustomBuild Include="Source\GraphModule\middleware\mouseResizeController\p_MouseResizeController.h">
      <Filter>源文件\【 图形模块 GraphModule】\中间件（middleware）\鼠标缩放控制器</Filter>
    </CustomBuild>
    <CustomBuild Include="Source\Utils\manager\callManager\s_CallManager.h">
      <Filter>源文件\【 工具箱 Utils】\管理器工具（manager）\句柄调取管理器</Filter>
    </CustomBuild>
    <CustomBuild Include="Source\GraphModule\middleware\mouseResizeController\extendPart\p_MouseResizeButtonPart.h">
      <Filter>源文件\【 图形模块 GraphModule】\中间件（middleware）\鼠标缩放控制器\扩展块</Filter>
    </CustomBuild>
    <CustomBuild Include="Source\GraphModule\middleware\mouseResizeController\extendPart\p_MouseResizeButtonPart.ui">
      <Filter>源文件\【 图形模块 GraphModule】\中间件（middleware）\鼠标缩放控制器\扩展块</Filter>
    </CustomBuild>
    <CustomBuild Include="Source\RmmvInteractiveModule\base\s_RmmvDataContainer.h">
      <Filter>源文件\【 交互模块 RmmvInteractiveModule】\基本交互</Filter>
    </CustomBuild>
    <CustomBuild Include="Source\RmmvInteractiveModule\custom\p_RmmvCaller.h">
      <Filter>源文件\【 交互模块 RmmvInteractiveModule】\专用交互</Filter>
    </CustomBuild>
    <CustomBuild Include="Source\ProjectModule\data\extendPart\w_ProjectNote.h">
      <Filter>源文件\【 项目管理模块 ProjectModule】\项目数据\扩展块</Filter>
    </CustomBuild>
    <CustomBuild Include="Source\ProjectModule\data\extendPart\w_ProjectNote.ui">
      <Filter>源文件\【 项目管理模块 ProjectModule】\项目数据\扩展块</Filter>
    </CustomBuild>
    <CustomBuild Include="Source\Utils\widgetFormSenior\flexiblePageTree\p_FlexiblePageTree.h">
      <Filter>源文件\【 工具箱 Utils】\集合组件-表单高级 （widgetFormSenior）\灵活分类树（常规）</Filter>
    </CustomBuild>
    <CustomBuild Include="Source\Utils\widgetFormSenior\flexiblePageTree\private\w_FPT_Config.h">
      <Filter>源文件\【 工具箱 Utils】\集合组件-表单高级 （widgetFormSenior）\灵活分类树（常规）\树设置</Filter>
    </CustomBuild>
    <CustomBuild Include="Source\Utils\widgetFormSenior\flexiblePageTree\private\w_FPT_Config.ui">
      <Filter>源文件\【 工具箱 Utils】\集合组件-表单高级 （widgetFormSenior）\灵活分类树（常规）\树设置</Filter>
    </CustomBuild>
    <CustomBuild Include="Source\Utils\widgetFormSenior\flexibleClassificationTree\p_FlexibleClassificationTree.h">
      <Filter>源文件\【 工具箱 Utils】\集合组件-表单高级 （widgetFormSenior）\灵活分类树（常规+种类分支）</Filter>
    </CustomBuild>
    <CustomBuild Include="Source\Utils\widgetFormSenior\flexibleClassificationTree\private\w_FCT_Classify.h">
      <Filter>源文件\【 工具箱 Utils】\集合组件-表单高级 （widgetFormSenior）\灵活分类树（常规+种类分支）\种类分支</Filter>
    </CustomBuild>
    <CustomBuild Include="Source\Utils\widgetFormSenior\flexibleClassificationTree\private\w_FCT_Classify.ui">
      <Filter>源文件\【 工具箱 Utils】\集合组件-表单高级 （widgetFormSenior）\灵活分类树（常规+种类分支）\种类分支</Filter>
    </CustomBuild>
    <CustomBuild Include="Source\Utils\widgetFormSenior\flexibleClassificationTree\private\w_FCT_ClassifySelector.h">
      <Filter>源文件\【 工具箱 Utils】\集合组件-表单高级 （widgetFormSenior）\灵活分类树（常规+种类分支）\种类分支</Filter>
    </CustomBuild>
    <CustomBuild Include="Source\Utils\widgetFormSenior\flexibleClassificationTree\private\w_FCT_ClassifySelector.ui">
      <Filter>源文件\【 工具箱 Utils】\集合组件-表单高级 （widgetFormSenior）\灵活分类树（常规+种类分支）\种类分支</Filter>
    </CustomBuild>
  </ItemGroup>
  <ItemGroup>
    <ResourceCompile Include="DrillGIFActionSequenceEditor.rc" />
  </ItemGroup>
  <ItemGroup>
    <ClInclude Include="GeneratedFiles\ui_drillgifactionsequenceeditor.h">
      <Filter>Generated Files</Filter>
    </ClInclude>
    <ClInclude Include="GeneratedFiles\ui_p_ActionSeqPart.h">
      <Filter>Generated Files</Filter>
    </ClInclude>
    <ClInclude Include="GeneratedFiles\ui_p_ActionPart.h">
      <Filter>Generated Files</Filter>
    </ClInclude>
    <ClInclude Include="GeneratedFiles\ui_p_StatePart.h">
      <Filter>Generated Files</Filter>
    </ClInclude>
    <ClInclude Include="Source\Utils\widgetForm\radioTable\c_RaTConfig.h">
      <Filter>源文件\【 工具箱 Utils】\集合组件-表单（widgetForm）\单选表格</Filter>
    </ClInclude>
    <ClInclude Include="GeneratedFiles\ui_w_RaTConfig.h">
      <Filter>Generated Files</Filter>
    </ClInclude>
    <ClInclude Include="Source\Utils\widgetFormSenior\ObjectSortController\c_ObjectSortData.h">
      <Filter>源文件\【 工具箱 Utils】\集合组件-表单高级 （widgetFormSenior）\排序控制器</Filter>
    </ClInclude>
    <ClInclude Include="Source\Utils\manager\txtRead\p_TxtFastReader.h">
      <Filter>源文件\【 工具箱 Utils】\管理器工具（manager）\文本解析器</Filter>
    </ClInclude>
    <ClInclude Include="Source\Utils\manager\txtRead\p_TxtFastReaderWithRecord.h">
      <Filter>源文件\【 工具箱 Utils】\管理器工具（manager）\文本解析器</Filter>
    </ClInclude>
    <ClInclude Include="Source\Utils\common\TTool.h">
      <Filter>源文件\【 工具箱 Utils】\通用工具（common）</Filter>
    </ClInclude>
    <ClInclude Include="Source\PluginModule\storageData\c_PluginData.h">
      <Filter>源文件\【 插件模块 PluginModule】\插件存储数据容器  [plugins.js，读写]</Filter>
    </ClInclude>
    <ClInclude Include="Source\RmmvInteractiveModule\base\c_RmmvProjectData.h">
      <Filter>源文件\【 交互模块 RmmvInteractiveModule】\基本交互</Filter>
    </ClInclude>
    <ClInclude Include="GeneratedFiles\ui_p_RmmvOperateBoard.h">
      <Filter>Generated Files</Filter>
    </ClInclude>
    <ClInclude Include="GeneratedFiles\ui_w_RmmvOperateBoard.h">
      <Filter>Generated Files</Filter>
    </ClInclude>
    <ClInclude Include="Source\PluginModule\lengthEditor\c_LEAnnotation.h">
      <Filter>源文件\【 插件模块 PluginModule】\最大值编辑器  [plugins文件夹，读写]\读取器</Filter>
    </ClInclude>
    <ClInclude Include="Source\PluginModule\lengthEditor\c_LEConfigData.h">
      <Filter>源文件\【 插件模块 PluginModule】\最大值编辑器  [plugins文件夹，读写]\修改器</Filter>
    </ClInclude>
    <ClInclude Include="Source\ProjectModule\storage\s_StorageManagerTemplate.h">
      <Filter>源文件\【 项目管理模块 ProjectModule】\存储文件</Filter>
    </ClInclude>
    <ClInclude Include="Source\ProjectModule\data\c_ProjectData.h">
      <Filter>源文件\【 项目管理模块 ProjectModule】\项目数据</Filter>
    </ClInclude>
    <ClInclude Include="GeneratedFiles\ui_p_ProjectCreate.h">
      <Filter>Generated Files</Filter>
    </ClInclude>
    <ClInclude Include="GeneratedFiles\ui_w_ProjectCreate.h">
      <Filter>Generated Files</Filter>
    </ClInclude>
    <ClInclude Include="GeneratedFiles\ui_p_PlayingPart.h">
      <Filter>Generated Files</Filter>
    </ClInclude>
    <ClInclude Include="Source\Utils\widgetForm\pictureSelector\c_PiSConfig.h">
      <Filter>源文件\【 工具箱 Utils】\集合组件-表单（widgetForm）\图片选择块</Filter>
    </ClInclude>
    <ClInclude Include="GeneratedFiles\ui_p_PiSBlock.h">
      <Filter>Generated Files</Filter>
    </ClInclude>
    <ClInclude Include="Source\Utils\widgetFormSenior\animationListEditor\c_ALEConfig.h">
      <Filter>源文件\【 工具箱 Utils】\集合组件-表单高级 （widgetFormSenior）\动画帧编辑块</Filter>
    </ClInclude>
    <ClInclude Include="Source\Utils\widgetFormSenior\animationListEditor\c_ALEData.h">
      <Filter>源文件\【 工具箱 Utils】\集合组件-表单高级 （widgetFormSenior）\动画帧编辑块</Filter>
    </ClInclude>
    <ClInclude Include="GeneratedFiles\ui_w_ALEDataEdit.h">
      <Filter>Generated Files</Filter>
    </ClInclude>
    <ClInclude Include="Source\Utils\widgetForm\foldableTabWindow\private\c_FoldableTabPrivate.h">
      <Filter>源文件\【 工具箱 Utils】\集合组件-表单（widgetForm）\可折叠选项卡\私有类</Filter>
    </ClInclude>
    <ClInclude Include="GeneratedFiles\ui_w_FoldableTabChildWindow.h">
      <Filter>Generated Files</Filter>
    </ClInclude>
    <ClInclude Include="GeneratedFiles\ui_w_ALEConfigEdit.h">
      <Filter>Generated Files</Filter>
    </ClInclude>
    <ClInclude Include="GeneratedFiles\ui_p_AnimationListPlayer.h">
      <Filter>Generated Files</Filter>
    </ClInclude>
    <ClInclude Include="Source\Utils\widgetFastForm\fastForm\c_FastClass.h">
      <Filter>源文件\【 工具箱 Utils】\集合组件-快速表单（widgetFastForm）\快速表单</Filter>
    </ClInclude>
    <ClInclude Include="GeneratedFiles\ui_w_SoftwareAbout.h">
      <Filter>Generated Files</Filter>
    </ClInclude>
    <ClInclude Include="GeneratedFiles\ui_w_SoftwareFirstTip.h">
      <Filter>Generated Files</Filter>
    </ClInclude>
    <ClInclude Include="Source\ActionSeqModule\actionSeqData\lengthData\c_ActionSeqLength.h">
      <Filter>源文件\【 动画序列 ActionSeqModule】\数据读取器\数据最大值编辑</Filter>
    </ClInclude>
    <ClInclude Include="GeneratedFiles\ui_w_ActionSeqLength.h">
      <Filter>Generated Files</Filter>
    </ClInclude>
    <ClInclude Include="GeneratedFiles\ui_w_DefaultStateGroupEdit.h">
      <Filter>Generated Files</Filter>
    </ClInclude>
    <ClInclude Include="Source\DllModule\cximagecrt_drill\src_header\s_cximageManager.h">
      <Filter>源文件\【 外部库模块 DllModule】\图像操作库（cximagecrt_drill）</Filter>
    </ClInclude>
    <ClInclude Include="Source\Utils\manager\GIFManager\gif.h">
      <Filter>源文件\【 工具箱 Utils】\管理器工具（manager）\GIF转换器</Filter>
    </ClInclude>
    <ClInclude Include="GeneratedFiles\ui_w_ALEGIFReaderType.h">
      <Filter>Generated Files</Filter>
    </ClInclude>
    <ClInclude Include="GeneratedFiles\ui_w_ALEGIFWriterType.h">
      <Filter>Generated Files</Filter>
    </ClInclude>
    <ClInclude Include="stdafx.h">
      <Filter>源文件\【 主窗体 MainModule】</Filter>
    </ClInclude>
    <ClInclude Include="GeneratedFiles\ui_p_PictureCombiner.h">
      <Filter>Generated Files</Filter>
    </ClInclude>
    <ClInclude Include="GeneratedFiles\ui_w_PictureCombiner.h">
      <Filter>Generated Files</Filter>
    </ClInclude>
    <ClInclude Include="Source\GraphModule\item\maskBackgroundItem\i_MaskBackgroundItem.h">
      <Filter>源文件\【 图形模块 GraphModule】\贴图（item）\马赛克背景</Filter>
    </ClInclude>
    <ClInclude Include="GeneratedFiles\ui_w_PicturePartitioner.h">
      <Filter>Generated Files</Filter>
    </ClInclude>
    <ClInclude Include="Source\GraphModule\middleware\matrixBlockSelector\i_MBSBlock.h">
      <Filter>源文件\【 图形模块 GraphModule】\中间件（middleware）\方块阵列点选器</Filter>
    </ClInclude>
    <ClInclude Include="GeneratedFiles\ui_p_MouseResizeButtonPart.h">
      <Filter>Generated Files</Filter>
    </ClInclude>
    <ClInclude Include="GeneratedFiles\ui_w_ProjectNote.h">
      <Filter>Generated Files</Filter>
    </ClInclude>
    <ClInclude Include="Source\Utils\widgetFormSenior\flexiblePageTree\private\i_FPT_Branch.h">
      <Filter>源文件\【 工具箱 Utils】\集合组件-表单高级 （widgetFormSenior）\灵活分类树（常规）\树控件</Filter>
    </ClInclude>
    <ClInclude Include="Source\Utils\widgetFormSenior\flexiblePageTree\private\i_FPT_Leaf.h">
      <Filter>源文件\【 工具箱 Utils】\集合组件-表单高级 （widgetFormSenior）\灵活分类树（常规）\树控件</Filter>
    </ClInclude>
    <ClInclude Include="GeneratedFiles\ui_w_FPT_Config.h">
      <Filter>Generated Files</Filter>
    </ClInclude>
    <ClInclude Include="Source\Utils\widgetFormSenior\flexiblePageTree\private\c_FPT_Config.h">
      <Filter>源文件\【 工具箱 Utils】\集合组件-表单高级 （widgetFormSenior）\灵活分类树（常规）\树设置</Filter>
    </ClInclude>
    <ClInclude Include="Source\Utils\widgetFormSenior\flexibleClassificationTree\private\c_FCT_Classify.h">
      <Filter>源文件\【 工具箱 Utils】\集合组件-表单高级 （widgetFormSenior）\灵活分类树（常规+种类分支）\种类分支</Filter>
    </ClInclude>
    <ClInclude Include="GeneratedFiles\ui_w_FCT_Classify.h">
      <Filter>Generated Files</Filter>
    </ClInclude>
    <ClInclude Include="GeneratedFiles\ui_w_FCT_ClassifySelector.h">
      <Filter>Generated Files</Filter>
    </ClInclude>
    <ClInclude Include="Source\Utils\widgetFormSenior\flexibleClassificationTree\private\c_FCT_Config.h">
      <Filter>源文件\【 工具箱 Utils】\集合组件-表单高级 （widgetFormSenior）\灵活分类树（常规+种类分支）\树设置</Filter>
    </ClInclude>
    <ClInclude Include="Source\ActionSeqModule\reprintedCore\Drill_COAS_StateController.h">
      <Filter>源文件\【 动画序列 ActionSeqModule】\核心复刻类（只放映区用）\状态元控制器</Filter>
    </ClInclude>
    <ClInclude Include="Source\ActionSeqModule\reprintedCore\Drill_COAS_ActController.h">
      <Filter>源文件\【 动画序列 ActionSeqModule】\核心复刻类（只放映区用）\动作元控制器</Filter>
    </ClInclude>
    <ClInclude Include="Source\ActionSeqModule\reprintedCore\Drill_COAS_StateNodeController.h">
      <Filter>源文件\【 动画序列 ActionSeqModule】\核心复刻类（只放映区用）\状态节点控制器</Filter>
    </ClInclude>
    <ClInclude Include="Source\ActionSeqModule\reprintedCore\Drill_COAS_MainController.h">
      <Filter>源文件\【 动画序列 ActionSeqModule】\核心复刻类（只放映区用）\动画序列主控制器</Filter>
    </ClInclude>
  </ItemGroup>
  <ItemGroup>
    <Text Include="Source\Utils\widgetForm\radioTable\程序入口.txt">
      <Filter>源文件\【 工具箱 Utils】\集合组件-表单（widgetForm）\单选表格</Filter>
    </Text>
    <Text Include="Source\Utils\widgetFormSenior\ObjectSortController\程序入口.txt">
      <Filter>源文件\【 工具箱 Utils】\集合组件-表单高级 （widgetFormSenior）\排序控制器</Filter>
    </Text>
    <Text Include="Source\RmmvInteractiveModule\base\程序入口.txt">
      <Filter>源文件\【 交互模块 RmmvInteractiveModule】\基本交互</Filter>
    </Text>
    <Text Include="Source\Utils\widgetForm\pictureSelector\程序入口.txt">
      <Filter>源文件\【 工具箱 Utils】\集合组件-表单（widgetForm）\图片选择块</Filter>
    </Text>
    <Text Include="Source\Utils\widgetFormSenior\animationListEditor\程序入口.txt">
      <Filter>源文件\【 工具箱 Utils】\集合组件-表单高级 （widgetFormSenior）\动画帧编辑块</Filter>
    </Text>
    <Text Include="Source\Utils\widgetForm\foldableTabWindow\程序入口.txt">
      <Filter>源文件\【 工具箱 Utils】\集合组件-表单（widgetForm）\可折叠选项卡</Filter>
    </Text>
    <Text Include="Source\Utils\widgetFormSenior\animationListPlayer\程序入口.txt">
      <Filter>源文件\【 工具箱 Utils】\集合组件-表单高级 （widgetFormSenior）\动画帧播放器</Filter>
    </Text>
    <Text Include="Source\GraphModule\widget\animPictureViewer\程序入口.txt">
      <Filter>源文件\【 图形模块 GraphModule】\集合组件（widget）\图片查看块-动图</Filter>
    </Text>
    <Text Include="Source\ActionSeqModule\reprintedCore\复刻说明.txt">
      <Filter>源文件\【 动画序列 ActionSeqModule】\核心复刻类（只放映区用）</Filter>
    </Text>
    <Text Include="Source\DllModule\Dll模块说明.txt">
      <Filter>源文件\【 外部库模块 DllModule】</Filter>
    </Text>
    <Text Include="Source\DllModule\cximagecrt_drill\关于cximagecrt_drill.txt">
      <Filter>源文件\【 外部库模块 DllModule】\图像操作库（cximagecrt_drill）</Filter>
    </Text>
    <Text Include="Source\GraphModule\widget\singlePictureViewer\程序入口.txt">
      <Filter>源文件\【 图形模块 GraphModule】\集合组件（widget）\图片查看块-单图</Filter>
    </Text>
    <Text Include="Source\GraphModule\widget\pictureCombiner\程序入口.txt">
      <Filter>源文件\【 图形模块 GraphModule】\集合组件（widget）\图片合成器</Filter>
    </Text>
    <Text Include="Source\GraphModule\widget\picturePartitioner\程序入口.txt">
      <Filter>源文件\【 图形模块 GraphModule】\集合组件（widget）\图片分割器</Filter>
    </Text>
    <Text Include="Source\GraphModule\middleware\matrixBlockSelector\程序入口.txt">
      <Filter>源文件\【 图形模块 GraphModule】\中间件（middleware）\方块阵列点选器</Filter>
    </Text>
    <Text Include="Source\GraphModule\middleware\mouseResizeController\程序入口.txt">
      <Filter>源文件\【 图形模块 GraphModule】\中间件（middleware）\鼠标缩放控制器</Filter>
    </Text>
    <Text Include="Source\GraphModule\item\maskBackgroundItem\程序入口.txt">
      <Filter>源文件\【 图形模块 GraphModule】\贴图（item）\马赛克背景</Filter>
    </Text>
    <Text Include="Source\GraphModule\item\gridLineItem\程序入口.txt">
      <Filter>源文件\【 图形模块 GraphModule】\贴图（item）\网格线</Filter>
    </Text>
    <Text Include="Source\Utils\widgetFormSenior\flexibleClassificationTree\程序入口.txt">
      <Filter>源文件\【 工具箱 Utils】\集合组件-表单高级 （widgetFormSenior）\灵活分类树（常规+种类分支）</Filter>
    </Text>
    <Text Include="Source\Utils\widgetFormSenior\flexiblePageTree\程序入口.txt">
      <Filter>源文件\【 工具箱 Utils】\集合组件-表单高级 （widgetFormSenior）\灵活分类树（常规）</Filter>
    </Text>
    <Text Include="Source\PluginModule\【插件模块 PluginModule】说明.txt">
      <Filter>源文件\【 插件模块 PluginModule】</Filter>
    </Text>
  </ItemGroup>
  <ItemGroup>
    <None Include="Source\ProjectModule\项目管理模块结构.vsdx">
      <Filter>源文件\【 项目管理模块 ProjectModule】</Filter>
    </None>
    <None Include="Source\Utils\widgetFormSenior\flexibleClassificationTree\关于灵活分类树.docx">
      <Filter>源文件\【 工具箱 Utils】\集合组件-表单高级 （widgetFormSenior）\灵活分类树（常规+种类分支）</Filter>
    </None>
    <None Include="Source\Utils\widgetFormSenior\flexibleClassificationTree\关于灵活分类树.vsdx">
      <Filter>源文件\【 工具箱 Utils】\集合组件-表单高级 （widgetFormSenior）\灵活分类树（常规+种类分支）</Filter>
    </None>
  </ItemGroup>
</Project>