<?xml version="1.0" encoding="utf-8"?>
<Project ToolsVersion="4.0" xmlns="http://schemas.microsoft.com/developer/msbuild/2003">
  <ItemGroup>
    <Filter Include="Header Files">
      <UniqueIdentifier>{93995380-89BD-4b04-88EB-625FBE52EBFB}</UniqueIdentifier>
      <Extensions>h</Extensions>
    </Filter>
    <Filter Include="Form Files">
      <UniqueIdentifier>{99349809-55BA-4b9d-BF79-8FDBB0286EB3}</UniqueIdentifier>
      <Extensions>ui</Extensions>
    </Filter>
    <Filter Include="Generated Files">
      <UniqueIdentifier>{71ED8ED8-ACB9-4CE9-BBE1-E00B30144E11}</UniqueIdentifier>
      <Extensions>moc;h;cpp</Extensions>
      <SourceControlFiles>False</SourceControlFiles>
    </Filter>
    <Filter Include="Generated Files\Debug">
      <UniqueIdentifier>{15d45554-5aa3-4977-9605-141211349881}</UniqueIdentifier>
      <Extensions>cpp;moc</Extensions>
      <SourceControlFiles>False</SourceControlFiles>
    </Filter>
    <Filter Include="Generated Files\Release">
      <UniqueIdentifier>{e75824a6-65bd-47fb-8a3e-50b150bb6ae2}</UniqueIdentifier>
      <Extensions>cpp;moc</Extensions>
      <SourceControlFiles>False</SourceControlFiles>
    </Filter>
    <Filter Include="源文件">
      <UniqueIdentifier>{4FC737F1-C7A5-4376-A066-2A32D752A2FF}</UniqueIdentifier>
      <Extensions>cpp;cxx;c;def</Extensions>
    </Filter>
    <Filter Include="源文件\【 主窗体 MainModule】">
      <UniqueIdentifier>{146070f3-791f-48b1-b1fe-0f5adb1486c6}</UniqueIdentifier>
    </Filter>
    <Filter Include="源文件\【 工具箱 Utils】">
      <UniqueIdentifier>{e6b9c521-15ed-43f2-be8e-5bfd513eeb83}</UniqueIdentifier>
    </Filter>
    <Filter Include="源文件\【 工具箱 Utils】\管理器工具（manager）">
      <UniqueIdentifier>{d39c2e78-314e-402e-ada6-e417abebd28d}</UniqueIdentifier>
    </Filter>
    <Filter Include="资源文件">
      <UniqueIdentifier>{D9D6E242-F8AF-46E4-B9FD-80ECBC20BA3E}</UniqueIdentifier>
      <Extensions>qrc;*</Extensions>
      <ParseFiles>false</ParseFiles>
    </Filter>
    <Filter Include="源文件\【 动作序列 ActionSeqModule】">
      <UniqueIdentifier>{f5f343cf-ad4f-47e0-a294-4d22e35b468c}</UniqueIdentifier>
    </Filter>
    <Filter Include="源文件\【 动作序列 ActionSeqModule】\动作序列块">
      <UniqueIdentifier>{04488223-3081-4fd0-86a0-1dcc57331ec8}</UniqueIdentifier>
    </Filter>
    <Filter Include="源文件\【 工具箱 Utils】\集合组件-表单（widgetForm）">
      <UniqueIdentifier>{dd73c86b-1ce5-40f8-b30a-8308407bd13e}</UniqueIdentifier>
    </Filter>
    <Filter Include="源文件\【 工具箱 Utils】\集合组件-表单（widgetForm）\单选表格">
      <UniqueIdentifier>{0ed40268-4225-4171-86be-2b142f117404}</UniqueIdentifier>
    </Filter>
    <Filter Include="源文件\【 工具箱 Utils】\集合组件-表单（widgetForm）\单选表格\私有类">
      <UniqueIdentifier>{4e19af89-5123-4468-b4d3-5c280473b7e6}</UniqueIdentifier>
    </Filter>
    <Filter Include="源文件\【 工具箱 Utils】\集合组件-表单高级 （widgetFormSenior）">
      <UniqueIdentifier>{4cf337a3-bbf4-41dd-a8b3-16099720cd90}</UniqueIdentifier>
    </Filter>
    <Filter Include="源文件\【 工具箱 Utils】\集合组件-表单高级 （widgetFormSenior）\对象选择器">
      <UniqueIdentifier>{11aa5848-64a3-48b7-8bdd-ee25fc431ced}</UniqueIdentifier>
    </Filter>
    <Filter Include="源文件\【 工具箱 Utils】\集合组件-表单高级 （widgetFormSenior）\对象选择器\私有类">
      <UniqueIdentifier>{9e352193-6c45-49e4-b907-83ebc437b49e}</UniqueIdentifier>
    </Filter>
    <Filter Include="源文件\【 工具箱 Utils】\集合组件-表单高级 （widgetFormSenior）\灵活分类树">
      <UniqueIdentifier>{28219431-f7bf-41a6-896b-3af9d5ef37fb}</UniqueIdentifier>
    </Filter>
    <Filter Include="源文件\【 工具箱 Utils】\集合组件-表单高级 （widgetFormSenior）\灵活分类树\私有类">
      <UniqueIdentifier>{cef7a208-a45e-4628-b647-044e7ace3e4e}</UniqueIdentifier>
    </Filter>
    <Filter Include="源文件\【 工具箱 Utils】\集合组件-表单高级 （widgetFormSenior）\排序控制器">
      <UniqueIdentifier>{44565946-60d1-475a-9f35-b27bfc90a2e2}</UniqueIdentifier>
    </Filter>
    <Filter Include="源文件\【 插件模块 PluginModule】">
      <UniqueIdentifier>{d649dcb5-a2e0-4355-adc7-03e0fb29633c}</UniqueIdentifier>
    </Filter>
    <Filter Include="源文件\【 插件模块 PluginModule】\存储数据读取器">
      <UniqueIdentifier>{a39775db-bab5-481e-bc55-dc41981ce72c}</UniqueIdentifier>
    </Filter>
    <Filter Include="源文件\【 工具箱 Utils】\管理器工具（manager）\文本解析器">
      <UniqueIdentifier>{25e51dd7-a47f-4f22-a0c3-4d90f4cbfc69}</UniqueIdentifier>
    </Filter>
    <Filter Include="源文件\【 插件模块 PluginModule】\树列表展示块（无）">
      <UniqueIdentifier>{5e7c72f2-d76a-4b49-bf23-25b57b089020}</UniqueIdentifier>
    </Filter>
    <Filter Include="源文件\【 插件模块 PluginModule】\窗口编辑器（无）">
      <UniqueIdentifier>{a6d14f9e-90bf-434e-9046-16732bd599ed}</UniqueIdentifier>
    </Filter>
    <Filter Include="源文件\【 工具箱 Utils】\管理器工具（manager）\中文管理器">
      <UniqueIdentifier>{6a6fa9fd-b1ee-4912-bf88-b6e58b9ed5b7}</UniqueIdentifier>
    </Filter>
    <Filter Include="源文件\【 工具箱 Utils】\通用工具（common）">
      <UniqueIdentifier>{b1b392c0-0a3a-4d3a-b9dc-f8e81bab288c}</UniqueIdentifier>
    </Filter>
    <Filter Include="源文件\【 交互模块 RmmvInteractiveModule】">
      <UniqueIdentifier>{2611183d-eedb-48d4-96e5-197f2cb8caa9}</UniqueIdentifier>
    </Filter>
    <Filter Include="源文件\【 交互模块 RmmvInteractiveModule】\基本交互">
      <UniqueIdentifier>{c7593aec-c579-40a9-ab68-acb338a788fb}</UniqueIdentifier>
    </Filter>
    <Filter Include="源文件\【 交互模块 RmmvInteractiveModule】\操作面板">
      <UniqueIdentifier>{0765d8a1-c8d5-40dd-afaf-d2329f7086ad}</UniqueIdentifier>
    </Filter>
    <Filter Include="源文件\【 工具箱 Utils】\管理器工具（manager）\GIF转换器">
      <UniqueIdentifier>{fbb5ac67-a910-4409-8d58-11231d4d0315}</UniqueIdentifier>
    </Filter>
    <Filter Include="源文件\【 动作序列 ActionSeqModule】\数据读取器">
      <UniqueIdentifier>{34c87558-44ee-4308-b51b-19156d9ad909}</UniqueIdentifier>
    </Filter>
    <Filter Include="源文件\【 交互模块 RmmvInteractiveModule】\专用交互">
      <UniqueIdentifier>{379783ed-3608-4d90-927d-e374fc13ca76}</UniqueIdentifier>
    </Filter>
    <Filter Include="源文件\【 插件模块 PluginModule】\最大值编辑器">
      <UniqueIdentifier>{73814674-7d50-4cf5-811d-1257c7dbce3d}</UniqueIdentifier>
    </Filter>
    <Filter Include="源文件\【 插件模块 PluginModule】\脚本注解解析器">
      <UniqueIdentifier>{0aa113a6-ba17-4464-bf00-d737bd54718d}</UniqueIdentifier>
    </Filter>
    <Filter Include="源文件\【 插件模块 PluginModule】\最大值编辑器\修改器">
      <UniqueIdentifier>{0b11bcbb-0da1-46fa-be1c-0d7ed38fe2d6}</UniqueIdentifier>
    </Filter>
    <Filter Include="源文件\【 插件模块 PluginModule】\最大值编辑器\读取器（暂时用不上）">
      <UniqueIdentifier>{ec383764-e654-4cd9-886e-139151a23868}</UniqueIdentifier>
    </Filter>
    <Filter Include="源文件\【 项目管理模块 ProjectModule】">
      <UniqueIdentifier>{850e5c2d-13fb-48ce-97ac-a1a21f40d1c3}</UniqueIdentifier>
    </Filter>
    <Filter Include="源文件\【 项目管理模块 ProjectModule】\temp文件夹">
      <UniqueIdentifier>{77b5d387-e75a-4d81-9751-d8f8900abd80}</UniqueIdentifier>
    </Filter>
    <Filter Include="源文件\【 项目管理模块 ProjectModule】\存储文件">
      <UniqueIdentifier>{412c7763-d6d1-4bfc-a05c-0a7adec7522d}</UniqueIdentifier>
    </Filter>
    <Filter Include="源文件\【 项目管理模块 ProjectModule】\项目数据">
      <UniqueIdentifier>{1620f03b-d882-4ce6-bca9-463c378addd5}</UniqueIdentifier>
    </Filter>
    <Filter Include="源文件\【 动作序列 ActionSeqModule】\动作序列块\放映区">
      <UniqueIdentifier>{777e3569-1c82-4e26-9135-fc02f0457784}</UniqueIdentifier>
    </Filter>
    <Filter Include="源文件\【 动作序列 ActionSeqModule】\动作序列块\动作元块">
      <UniqueIdentifier>{098df1bf-d3a8-453e-8625-399216e54aed}</UniqueIdentifier>
    </Filter>
    <Filter Include="源文件\【 动作序列 ActionSeqModule】\动作序列块\状态元块">
      <UniqueIdentifier>{b9175ef4-c3c3-4830-b481-0136333a709b}</UniqueIdentifier>
    </Filter>
    <Filter Include="源文件\【 工具箱 Utils】\集合组件-表单（widgetForm）\图片选择块">
      <UniqueIdentifier>{dbc4af67-097d-4f45-9731-029b0bf00775}</UniqueIdentifier>
    </Filter>
    <Filter Include="源文件\【 工具箱 Utils】\集合组件-表单（widgetForm）\图片选择块\私有类">
      <UniqueIdentifier>{14fcb02a-3cba-43b7-9c96-9602acc11f64}</UniqueIdentifier>
    </Filter>
    <Filter Include="源文件\【 工具箱 Utils】\集合组件-表单高级 （widgetFormSenior）\动画帧编辑块">
      <UniqueIdentifier>{0c23d9ac-4a6d-4b38-8499-d58032cf9abb}</UniqueIdentifier>
    </Filter>
    <Filter Include="源文件\【 工具箱 Utils】\集合组件-表单高级 （widgetFormSenior）\动画帧编辑块\私有类">
      <UniqueIdentifier>{3e8638cd-2436-4f93-824f-735c605c9626}</UniqueIdentifier>
    </Filter>
    <Filter Include="源文件\【 工具箱 Utils】\集合组件-表单（widgetForm）\可折叠选项卡">
      <UniqueIdentifier>{2162b34a-a7f6-4675-bbcc-00057a727d56}</UniqueIdentifier>
    </Filter>
    <Filter Include="源文件\【 工具箱 Utils】\集合组件-表单（widgetForm）\可折叠选项卡\私有类">
      <UniqueIdentifier>{d48241cf-2219-4f32-8548-9aee14e524ff}</UniqueIdentifier>
    </Filter>
    <Filter Include="源文件\【 工具箱 Utils】\集合组件-表单高级 （widgetFormSenior）\动画帧播放器">
      <UniqueIdentifier>{7cdb3496-a4d4-4234-9b15-041748c61e3f}</UniqueIdentifier>
    </Filter>
    <Filter Include="源文件\【 图形模块 GraphModule】">
      <UniqueIdentifier>{1c2a3e7b-4130-48a4-8ff9-3cd941c8fe72}</UniqueIdentifier>
    </Filter>
    <Filter Include="源文件\【 图形模块 GraphModule】\集合组件（widget）">
      <UniqueIdentifier>{5b1f25ec-c5b9-4f95-8020-f3d267f4c9c3}</UniqueIdentifier>
    </Filter>
    <Filter Include="源文件\【 图形模块 GraphModule】\集合组件（widget）\图片查看块">
      <UniqueIdentifier>{3d1dd754-3b12-4cbe-b4d1-ef144ad23361}</UniqueIdentifier>
    </Filter>
    <Filter Include="源文件\【 图形模块 GraphModule】\集合组件（widget）\图片查看块\私有类">
      <UniqueIdentifier>{7388ddd9-13e0-4d85-b609-fc798d47ab65}</UniqueIdentifier>
    </Filter>
    <Filter Include="源文件\【 工具箱 Utils】\集合组件-快速表单（widgetFastForm）">
      <UniqueIdentifier>{7dbdd055-de35-4ef6-bb76-607fb0b8a2dd}</UniqueIdentifier>
    </Filter>
    <Filter Include="源文件\【 工具箱 Utils】\集合组件-快速表单（widgetFastForm）\快速表单">
      <UniqueIdentifier>{0c68e606-6f53-4266-809a-ac0018a5bd48}</UniqueIdentifier>
    </Filter>
    <Filter Include="源文件\【 工具箱 Utils】\辅助操作器（operater）">
      <UniqueIdentifier>{06829457-7ef3-4408-babb-40ac4669d527}</UniqueIdentifier>
    </Filter>
  </ItemGroup>
  <ItemGroup>
    <ClCompile Include="stdafx.cpp">
      <Filter>源文件</Filter>
    </ClCompile>
    <ClCompile Include="main.cpp">
      <Filter>源文件</Filter>
    </ClCompile>
    <ClCompile Include="GeneratedFiles\qrc_drillgifactionsequenceeditor.cpp">
      <Filter>Generated Files</Filter>
    </ClCompile>
    <ClCompile Include="Source\MainModule\drillgifactionsequenceeditor.cpp">
      <Filter>源文件\【 主窗体 MainModule】</Filter>
    </ClCompile>
    <ClCompile Include="GeneratedFiles\Debug\moc_drillgifactionsequenceeditor.cpp">
      <Filter>Generated Files\Debug</Filter>
    </ClCompile>
    <ClCompile Include="GeneratedFiles\Release\moc_drillgifactionsequenceeditor.cpp">
      <Filter>Generated Files\Release</Filter>
    </ClCompile>
    <ClCompile Include="Source\Utils\manager\s_CallManager.cpp">
      <Filter>源文件\【 工具箱 Utils】\管理器工具（manager）</Filter>
    </ClCompile>
    <ClCompile Include="GeneratedFiles\Debug\moc_s_CallManager.cpp">
      <Filter>Generated Files\Debug</Filter>
    </ClCompile>
    <ClCompile Include="GeneratedFiles\Release\moc_s_CallManager.cpp">
      <Filter>Generated Files\Release</Filter>
    </ClCompile>
    <ClCompile Include="Source\ActionSeqModule\actionSeqPart\p_ActionSeqPart.cpp">
      <Filter>源文件\【 动作序列 ActionSeqModule】\动作序列块</Filter>
    </ClCompile>
    <ClCompile Include="GeneratedFiles\Debug\moc_p_ActionSeqPart.cpp">
      <Filter>Generated Files\Debug</Filter>
    </ClCompile>
    <ClCompile Include="GeneratedFiles\Release\moc_p_ActionSeqPart.cpp">
      <Filter>Generated Files\Release</Filter>
    </ClCompile>
    <ClCompile Include="Source\ActionSeqModule\actionPart\p_ActionPart.cpp">
      <Filter>源文件\【 动作序列 ActionSeqModule】\动作序列块\动作元块</Filter>
    </ClCompile>
    <ClCompile Include="GeneratedFiles\Debug\moc_p_ActionPart.cpp">
      <Filter>Generated Files\Debug</Filter>
    </ClCompile>
    <ClCompile Include="GeneratedFiles\Release\moc_p_ActionPart.cpp">
      <Filter>Generated Files\Release</Filter>
    </ClCompile>
    <ClCompile Include="Source\ActionSeqModule\statePart\p_StatePart.cpp">
      <Filter>源文件\【 动作序列 ActionSeqModule】\动作序列块\状态元块</Filter>
    </ClCompile>
    <ClCompile Include="GeneratedFiles\Debug\moc_p_StatePart.cpp">
      <Filter>Generated Files\Debug</Filter>
    </ClCompile>
    <ClCompile Include="GeneratedFiles\Release\moc_p_StatePart.cpp">
      <Filter>Generated Files\Release</Filter>
    </ClCompile>
    <ClCompile Include="Source\Utils\widgetForm\radioTable\c_RaTConfig.cpp">
      <Filter>源文件\【 工具箱 Utils】\集合组件-表单（widgetForm）\单选表格</Filter>
    </ClCompile>
    <ClCompile Include="Source\Utils\widgetForm\radioTable\p_RadioTable.cpp">
      <Filter>源文件\【 工具箱 Utils】\集合组件-表单（widgetForm）\单选表格</Filter>
    </ClCompile>
    <ClCompile Include="GeneratedFiles\Debug\moc_p_RadioTable.cpp">
      <Filter>Generated Files\Debug</Filter>
    </ClCompile>
    <ClCompile Include="GeneratedFiles\Release\moc_p_RadioTable.cpp">
      <Filter>Generated Files\Release</Filter>
    </ClCompile>
    <ClCompile Include="Source\Utils\widgetForm\radioTable\private\w_RaTConfig.cpp">
      <Filter>源文件\【 工具箱 Utils】\集合组件-表单（widgetForm）\单选表格\私有类</Filter>
    </ClCompile>
    <ClCompile Include="GeneratedFiles\Debug\moc_w_RaTConfig.cpp">
      <Filter>Generated Files\Debug</Filter>
    </ClCompile>
    <ClCompile Include="GeneratedFiles\Release\moc_w_RaTConfig.cpp">
      <Filter>Generated Files\Release</Filter>
    </ClCompile>
    <ClCompile Include="Source\Utils\widgetFormSenior\ObjectSelector\w_ObjectSelector.cpp">
      <Filter>源文件\【 工具箱 Utils】\集合组件-表单高级 （widgetFormSenior）\对象选择器</Filter>
    </ClCompile>
    <ClCompile Include="GeneratedFiles\Debug\moc_w_ObjectSelector.cpp">
      <Filter>Generated Files\Debug</Filter>
    </ClCompile>
    <ClCompile Include="GeneratedFiles\Release\moc_w_ObjectSelector.cpp">
      <Filter>Generated Files\Release</Filter>
    </ClCompile>
    <ClCompile Include="Source\Utils\widgetFormSenior\ObjectSelector\private\c_ObjectSelectorConfig.cpp">
      <Filter>源文件\【 工具箱 Utils】\集合组件-表单高级 （widgetFormSenior）\对象选择器\私有类</Filter>
    </ClCompile>
    <ClCompile Include="Source\Utils\widgetFormSenior\ObjectSelector\private\w_ObjectSelectorConfig.cpp">
      <Filter>源文件\【 工具箱 Utils】\集合组件-表单高级 （widgetFormSenior）\对象选择器\私有类</Filter>
    </ClCompile>
    <ClCompile Include="GeneratedFiles\Debug\moc_w_ObjectSelectorConfig.cpp">
      <Filter>Generated Files\Debug</Filter>
    </ClCompile>
    <ClCompile Include="GeneratedFiles\Release\moc_w_ObjectSelectorConfig.cpp">
      <Filter>Generated Files\Release</Filter>
    </ClCompile>
    <ClCompile Include="Source\Utils\widgetFormSenior\flexibleClassificationTree\p_FlexibleClassificationTree.cpp">
      <Filter>源文件\【 工具箱 Utils】\集合组件-表单高级 （widgetFormSenior）\灵活分类树</Filter>
    </ClCompile>
    <ClCompile Include="GeneratedFiles\Debug\moc_p_FlexibleClassificationTree.cpp">
      <Filter>Generated Files\Debug</Filter>
    </ClCompile>
    <ClCompile Include="GeneratedFiles\Release\moc_p_FlexibleClassificationTree.cpp">
      <Filter>Generated Files\Release</Filter>
    </ClCompile>
    <ClCompile Include="Source\Utils\widgetFormSenior\flexibleClassificationTree\p_FlexiblePageTree.cpp">
      <Filter>源文件\【 工具箱 Utils】\集合组件-表单高级 （widgetFormSenior）\灵活分类树</Filter>
    </ClCompile>
    <ClCompile Include="GeneratedFiles\Debug\moc_p_FlexiblePageTree.cpp">
      <Filter>Generated Files\Debug</Filter>
    </ClCompile>
    <ClCompile Include="GeneratedFiles\Release\moc_p_FlexiblePageTree.cpp">
      <Filter>Generated Files\Release</Filter>
    </ClCompile>
    <ClCompile Include="Source\Utils\widgetFormSenior\flexibleClassificationTree\private\c_FCTClassify.cpp">
      <Filter>源文件\【 工具箱 Utils】\集合组件-表单高级 （widgetFormSenior）\灵活分类树\私有类</Filter>
    </ClCompile>
    <ClCompile Include="Source\Utils\widgetFormSenior\flexibleClassificationTree\private\c_FCTConfig.cpp">
      <Filter>源文件\【 工具箱 Utils】\集合组件-表单高级 （widgetFormSenior）\灵活分类树\私有类</Filter>
    </ClCompile>
    <ClCompile Include="Source\Utils\widgetFormSenior\flexibleClassificationTree\private\i_FCTBranch.cpp">
      <Filter>源文件\【 工具箱 Utils】\集合组件-表单高级 （widgetFormSenior）\灵活分类树\私有类</Filter>
    </ClCompile>
    <ClCompile Include="Source\Utils\widgetFormSenior\flexibleClassificationTree\private\i_FCTLeaf.cpp">
      <Filter>源文件\【 工具箱 Utils】\集合组件-表单高级 （widgetFormSenior）\灵活分类树\私有类</Filter>
    </ClCompile>
    <ClCompile Include="Source\Utils\widgetFormSenior\flexibleClassificationTree\private\w_FCTClassify.cpp">
      <Filter>源文件\【 工具箱 Utils】\集合组件-表单高级 （widgetFormSenior）\灵活分类树\私有类</Filter>
    </ClCompile>
    <ClCompile Include="GeneratedFiles\Debug\moc_w_FCTClassify.cpp">
      <Filter>Generated Files\Debug</Filter>
    </ClCompile>
    <ClCompile Include="GeneratedFiles\Release\moc_w_FCTClassify.cpp">
      <Filter>Generated Files\Release</Filter>
    </ClCompile>
    <ClCompile Include="Source\Utils\widgetFormSenior\flexibleClassificationTree\private\w_FCTClassifySelector.cpp">
      <Filter>源文件\【 工具箱 Utils】\集合组件-表单高级 （widgetFormSenior）\灵活分类树\私有类</Filter>
    </ClCompile>
    <ClCompile Include="GeneratedFiles\Debug\moc_w_FCTClassifySelector.cpp">
      <Filter>Generated Files\Debug</Filter>
    </ClCompile>
    <ClCompile Include="GeneratedFiles\Release\moc_w_FCTClassifySelector.cpp">
      <Filter>Generated Files\Release</Filter>
    </ClCompile>
    <ClCompile Include="Source\Utils\widgetFormSenior\flexibleClassificationTree\private\w_FCTConfig.cpp">
      <Filter>源文件\【 工具箱 Utils】\集合组件-表单高级 （widgetFormSenior）\灵活分类树\私有类</Filter>
    </ClCompile>
    <ClCompile Include="GeneratedFiles\Debug\moc_w_FCTConfig.cpp">
      <Filter>Generated Files\Debug</Filter>
    </ClCompile>
    <ClCompile Include="GeneratedFiles\Release\moc_w_FCTConfig.cpp">
      <Filter>Generated Files\Release</Filter>
    </ClCompile>
    <ClCompile Include="Source\Utils\widgetFormSenior\ObjectSortController\c_ObjectSortData.cpp">
      <Filter>源文件\【 工具箱 Utils】\集合组件-表单高级 （widgetFormSenior）\排序控制器</Filter>
    </ClCompile>
    <ClCompile Include="Source\Utils\widgetFormSenior\ObjectSortController\p_ObjectSortController.cpp">
      <Filter>源文件\【 工具箱 Utils】\集合组件-表单高级 （widgetFormSenior）\排序控制器</Filter>
    </ClCompile>
    <ClCompile Include="GeneratedFiles\Debug\moc_p_ObjectSortController.cpp">
      <Filter>Generated Files\Debug</Filter>
    </ClCompile>
    <ClCompile Include="GeneratedFiles\Release\moc_p_ObjectSortController.cpp">
      <Filter>Generated Files\Release</Filter>
    </ClCompile>
    <ClCompile Include="Source\Utils\manager\txtRead\p_TxtFastReader.cpp">
      <Filter>源文件\【 工具箱 Utils】\管理器工具（manager）\文本解析器</Filter>
    </ClCompile>
    <ClCompile Include="Source\Utils\manager\txtRead\p_TxtFastReaderWithRecord.cpp">
      <Filter>源文件\【 工具箱 Utils】\管理器工具（manager）\文本解析器</Filter>
    </ClCompile>
    <ClCompile Include="Source\Utils\manager\chineseManager\s_ChineseManager.cpp">
      <Filter>源文件\【 工具箱 Utils】\管理器工具（manager）\中文管理器</Filter>
    </ClCompile>
    <ClCompile Include="GeneratedFiles\Debug\moc_s_ChineseManager.cpp">
      <Filter>Generated Files\Debug</Filter>
    </ClCompile>
    <ClCompile Include="GeneratedFiles\Release\moc_s_ChineseManager.cpp">
      <Filter>Generated Files\Release</Filter>
    </ClCompile>
    <ClCompile Include="Source\Utils\common\TTool.cpp">
      <Filter>源文件\【 工具箱 Utils】\通用工具（common）</Filter>
    </ClCompile>
    <ClCompile Include="Source\PluginModule\storageData\c_PluginData.cpp">
      <Filter>源文件\【 插件模块 PluginModule】\存储数据读取器</Filter>
    </ClCompile>
    <ClCompile Include="Source\PluginModule\storageData\s_PluginDataContainer.cpp">
      <Filter>源文件\【 插件模块 PluginModule】\存储数据读取器</Filter>
    </ClCompile>
    <ClCompile Include="GeneratedFiles\Debug\moc_s_PluginDataContainer.cpp">
      <Filter>Generated Files\Debug</Filter>
    </ClCompile>
    <ClCompile Include="GeneratedFiles\Release\moc_s_PluginDataContainer.cpp">
      <Filter>Generated Files\Release</Filter>
    </ClCompile>
    <ClCompile Include="Source\RmmvInteractiveModule\base\p_RmmvCaller.cpp">
      <Filter>源文件\【 交互模块 RmmvInteractiveModule】\基本交互</Filter>
    </ClCompile>
    <ClCompile Include="GeneratedFiles\Debug\moc_p_RmmvCaller.cpp">
      <Filter>Generated Files\Debug</Filter>
    </ClCompile>
    <ClCompile Include="GeneratedFiles\Release\moc_p_RmmvCaller.cpp">
      <Filter>Generated Files\Release</Filter>
    </ClCompile>
    <ClCompile Include="Source\RmmvInteractiveModule\base\c_RmmvProjectData.cpp">
      <Filter>源文件\【 交互模块 RmmvInteractiveModule】\基本交互</Filter>
    </ClCompile>
    <ClCompile Include="Source\RmmvInteractiveModule\operateBoard\p_RmmvOperateBoard.cpp">
      <Filter>源文件\【 交互模块 RmmvInteractiveModule】\操作面板</Filter>
    </ClCompile>
    <ClCompile Include="GeneratedFiles\Debug\moc_p_RmmvOperateBoard.cpp">
      <Filter>Generated Files\Debug</Filter>
    </ClCompile>
    <ClCompile Include="GeneratedFiles\Release\moc_p_RmmvOperateBoard.cpp">
      <Filter>Generated Files\Release</Filter>
    </ClCompile>
    <ClCompile Include="Source\RmmvInteractiveModule\operateBoard\w_RmmvOperateBoard.cpp">
      <Filter>源文件\【 交互模块 RmmvInteractiveModule】\操作面板</Filter>
    </ClCompile>
    <ClCompile Include="GeneratedFiles\Debug\moc_w_RmmvOperateBoard.cpp">
      <Filter>Generated Files\Debug</Filter>
    </ClCompile>
    <ClCompile Include="GeneratedFiles\Release\moc_w_RmmvOperateBoard.cpp">
      <Filter>Generated Files\Release</Filter>
    </ClCompile>
    <ClCompile Include="Source\Utils\manager\GIFManager\s_GIFManager.cpp">
      <Filter>源文件\【 工具箱 Utils】\管理器工具（manager）\GIF转换器</Filter>
    </ClCompile>
    <ClCompile Include="GeneratedFiles\Debug\moc_s_GIFManager.cpp">
      <Filter>Generated Files\Debug</Filter>
    </ClCompile>
    <ClCompile Include="GeneratedFiles\Release\moc_s_GIFManager.cpp">
      <Filter>Generated Files\Release</Filter>
    </ClCompile>
    <ClCompile Include="Source\ActionSeqModule\actionSeqData\s_ActionSeqDataContainer.cpp">
      <Filter>源文件\【 动作序列 ActionSeqModule】\数据读取器</Filter>
    </ClCompile>
    <ClCompile Include="GeneratedFiles\Debug\moc_s_ActionSeqDataContainer.cpp">
      <Filter>Generated Files\Debug</Filter>
    </ClCompile>
    <ClCompile Include="GeneratedFiles\Release\moc_s_ActionSeqDataContainer.cpp">
      <Filter>Generated Files\Release</Filter>
    </ClCompile>
    <ClCompile Include="Source\RmmvInteractiveModule\custom\s_RmmvCaller_ActionSeq.cpp">
      <Filter>源文件\【 交互模块 RmmvInteractiveModule】\专用交互</Filter>
    </ClCompile>
    <ClCompile Include="GeneratedFiles\Debug\moc_s_RmmvCaller_ActionSeq.cpp">
      <Filter>Generated Files\Debug</Filter>
    </ClCompile>
    <ClCompile Include="GeneratedFiles\Release\moc_s_RmmvCaller_ActionSeq.cpp">
      <Filter>Generated Files\Release</Filter>
    </ClCompile>
    <ClCompile Include="Source\PluginModule\scriptReader\c_ScriptAnnotation.cpp">
      <Filter>源文件\【 插件模块 PluginModule】\脚本注解解析器</Filter>
    </ClCompile>
    <ClCompile Include="Source\PluginModule\scriptReader\s_ScriptAnnotationReader.cpp">
      <Filter>源文件\【 插件模块 PluginModule】\脚本注解解析器</Filter>
    </ClCompile>
    <ClCompile Include="GeneratedFiles\Debug\moc_s_ScriptAnnotationReader.cpp">
      <Filter>Generated Files\Debug</Filter>
    </ClCompile>
    <ClCompile Include="GeneratedFiles\Release\moc_s_ScriptAnnotationReader.cpp">
      <Filter>Generated Files\Release</Filter>
    </ClCompile>
    <ClCompile Include="Source\PluginModule\lengthEditor\c_LEAnnotation.cpp">
      <Filter>源文件\【 插件模块 PluginModule】\最大值编辑器\修改器</Filter>
    </ClCompile>
    <ClCompile Include="Source\PluginModule\lengthEditor\s_LEAnnotationReader.cpp">
      <Filter>源文件\【 插件模块 PluginModule】\最大值编辑器\修改器</Filter>
    </ClCompile>
    <ClCompile Include="GeneratedFiles\Debug\moc_s_LEAnnotationReader.cpp">
      <Filter>Generated Files\Debug</Filter>
    </ClCompile>
    <ClCompile Include="GeneratedFiles\Release\moc_s_LEAnnotationReader.cpp">
      <Filter>Generated Files\Release</Filter>
    </ClCompile>
    <ClCompile Include="Source\PluginModule\lengthEditor\c_LEConfigData.cpp">
      <Filter>源文件\【 插件模块 PluginModule】\最大值编辑器\读取器（暂时用不上）</Filter>
    </ClCompile>
    <ClCompile Include="Source\PluginModule\lengthEditor\s_LEConfigWriter.cpp">
      <Filter>源文件\【 插件模块 PluginModule】\最大值编辑器\读取器（暂时用不上）</Filter>
    </ClCompile>
    <ClCompile Include="GeneratedFiles\Debug\moc_s_LEConfigWriter.cpp">
      <Filter>Generated Files\Debug</Filter>
    </ClCompile>
    <ClCompile Include="GeneratedFiles\Release\moc_s_LEConfigWriter.cpp">
      <Filter>Generated Files\Release</Filter>
    </ClCompile>
    <ClCompile Include="Source\RmmvInteractiveModule\custom\s_RmmvDataContainer.cpp">
      <Filter>源文件\【 交互模块 RmmvInteractiveModule】\专用交互</Filter>
    </ClCompile>
    <ClCompile Include="GeneratedFiles\Debug\moc_s_RmmvDataContainer.cpp">
      <Filter>Generated Files\Debug</Filter>
    </ClCompile>
    <ClCompile Include="GeneratedFiles\Release\moc_s_RmmvDataContainer.cpp">
      <Filter>Generated Files\Release</Filter>
    </ClCompile>
    <ClCompile Include="Source\ProjectModule\s_ProjectManager.cpp">
      <Filter>源文件\【 项目管理模块 ProjectModule】</Filter>
    </ClCompile>
    <ClCompile Include="GeneratedFiles\Debug\moc_s_ProjectManager.cpp">
      <Filter>Generated Files\Debug</Filter>
    </ClCompile>
    <ClCompile Include="GeneratedFiles\Release\moc_s_ProjectManager.cpp">
      <Filter>Generated Files\Release</Filter>
    </ClCompile>
    <ClCompile Include="Source\ProjectModule\s_ProjectWindowManager.cpp">
      <Filter>源文件\【 项目管理模块 ProjectModule】</Filter>
    </ClCompile>
    <ClCompile Include="GeneratedFiles\Debug\moc_s_ProjectWindowManager.cpp">
      <Filter>Generated Files\Debug</Filter>
    </ClCompile>
    <ClCompile Include="GeneratedFiles\Release\moc_s_ProjectWindowManager.cpp">
      <Filter>Generated Files\Release</Filter>
    </ClCompile>
    <ClCompile Include="GeneratedFiles\Debug\moc_s_StorageManager.cpp">
      <Filter>Generated Files\Debug</Filter>
    </ClCompile>
    <ClCompile Include="GeneratedFiles\Release\moc_s_StorageManager.cpp">
      <Filter>Generated Files\Release</Filter>
    </ClCompile>
    <ClCompile Include="Source\ProjectModule\storage\s_StorageManager.cpp">
      <Filter>源文件\【 项目管理模块 ProjectModule】\存储文件</Filter>
    </ClCompile>
    <ClCompile Include="Source\ProjectModule\storage\s_StorageManagerTemplate.cpp">
      <Filter>源文件\【 项目管理模块 ProjectModule】\存储文件</Filter>
    </ClCompile>
    <ClCompile Include="Source\ProjectModule\data\c_ProjectData.cpp">
      <Filter>源文件\【 项目管理模块 ProjectModule】\项目数据</Filter>
    </ClCompile>
    <ClCompile Include="Source\ProjectModule\data\p_ProjectCreate.cpp">
      <Filter>源文件\【 项目管理模块 ProjectModule】\项目数据</Filter>
    </ClCompile>
    <ClCompile Include="GeneratedFiles\Debug\moc_p_ProjectCreate.cpp">
      <Filter>Generated Files\Debug</Filter>
    </ClCompile>
    <ClCompile Include="GeneratedFiles\Release\moc_p_ProjectCreate.cpp">
      <Filter>Generated Files\Release</Filter>
    </ClCompile>
    <ClCompile Include="Source\ProjectModule\data\w_ProjectCreate.cpp">
      <Filter>源文件\【 项目管理模块 ProjectModule】\项目数据</Filter>
    </ClCompile>
    <ClCompile Include="GeneratedFiles\Debug\moc_w_ProjectCreate.cpp">
      <Filter>Generated Files\Debug</Filter>
    </ClCompile>
    <ClCompile Include="GeneratedFiles\Release\moc_w_ProjectCreate.cpp">
      <Filter>Generated Files\Release</Filter>
    </ClCompile>
    <ClCompile Include="Source\ProjectModule\data\w_ProjectNote.cpp">
      <Filter>源文件\【 项目管理模块 ProjectModule】\项目数据</Filter>
    </ClCompile>
    <ClCompile Include="GeneratedFiles\Debug\moc_w_ProjectNote.cpp">
      <Filter>Generated Files\Debug</Filter>
    </ClCompile>
    <ClCompile Include="GeneratedFiles\Release\moc_w_ProjectNote.cpp">
      <Filter>Generated Files\Release</Filter>
    </ClCompile>
    <ClCompile Include="Source\ProjectModule\file\c_UniqueTempFile.cpp">
      <Filter>源文件\【 项目管理模块 ProjectModule】\temp文件夹</Filter>
    </ClCompile>
    <ClCompile Include="Source\ProjectModule\file\s_TempFileManager.cpp">
      <Filter>源文件\【 项目管理模块 ProjectModule】\temp文件夹</Filter>
    </ClCompile>
    <ClCompile Include="GeneratedFiles\Debug\moc_s_TempFileManager.cpp">
      <Filter>Generated Files\Debug</Filter>
    </ClCompile>
    <ClCompile Include="GeneratedFiles\Release\moc_s_TempFileManager.cpp">
      <Filter>Generated Files\Release</Filter>
    </ClCompile>
    <ClCompile Include="Source\ActionSeqModule\playingPart\p_PlayingPart.cpp">
      <Filter>源文件\【 动作序列 ActionSeqModule】\动作序列块\放映区</Filter>
    </ClCompile>
    <ClCompile Include="GeneratedFiles\Debug\moc_p_PlayingPart.cpp">
      <Filter>Generated Files\Debug</Filter>
    </ClCompile>
    <ClCompile Include="GeneratedFiles\Release\moc_p_PlayingPart.cpp">
      <Filter>Generated Files\Release</Filter>
    </ClCompile>
    <ClCompile Include="Source\Utils\widgetForm\pictureSelector\c_PiSConfig.cpp">
      <Filter>源文件\【 工具箱 Utils】\集合组件-表单（widgetForm）\图片选择块</Filter>
    </ClCompile>
    <ClCompile Include="Source\Utils\widgetForm\pictureSelector\p_PictureSelector.cpp">
      <Filter>源文件\【 工具箱 Utils】\集合组件-表单（widgetForm）\图片选择块</Filter>
    </ClCompile>
    <ClCompile Include="GeneratedFiles\Debug\moc_p_PictureSelector.cpp">
      <Filter>Generated Files\Debug</Filter>
    </ClCompile>
    <ClCompile Include="GeneratedFiles\Release\moc_p_PictureSelector.cpp">
      <Filter>Generated Files\Release</Filter>
    </ClCompile>
    <ClCompile Include="Source\Utils\widgetForm\pictureSelector\private\i_PiSPicture.cpp">
      <Filter>源文件\【 工具箱 Utils】\集合组件-表单（widgetForm）\图片选择块\私有类</Filter>
    </ClCompile>
    <ClCompile Include="GeneratedFiles\Debug\moc_i_PiSPicture.cpp">
      <Filter>Generated Files\Debug</Filter>
    </ClCompile>
    <ClCompile Include="GeneratedFiles\Release\moc_i_PiSPicture.cpp">
      <Filter>Generated Files\Release</Filter>
    </ClCompile>
    <ClCompile Include="Source\Utils\widgetForm\pictureSelector\private\p_PiSBlock.cpp">
      <Filter>源文件\【 工具箱 Utils】\集合组件-表单（widgetForm）\图片选择块\私有类</Filter>
    </ClCompile>
    <ClCompile Include="GeneratedFiles\Debug\moc_p_PiSBlock.cpp">
      <Filter>Generated Files\Debug</Filter>
    </ClCompile>
    <ClCompile Include="GeneratedFiles\Release\moc_p_PiSBlock.cpp">
      <Filter>Generated Files\Release</Filter>
    </ClCompile>
    <ClCompile Include="Source\Utils\widgetFormSenior\animationListEditor\c_ALEConfig.cpp">
      <Filter>源文件\【 工具箱 Utils】\集合组件-表单高级 （widgetFormSenior）\动画帧编辑块</Filter>
    </ClCompile>
    <ClCompile Include="Source\Utils\widgetFormSenior\animationListEditor\c_ALEData.cpp">
      <Filter>源文件\【 工具箱 Utils】\集合组件-表单高级 （widgetFormSenior）\动画帧编辑块</Filter>
    </ClCompile>
    <ClCompile Include="Source\Utils\widgetFormSenior\animationListEditor\p_AnimationListEditor.cpp">
      <Filter>源文件\【 工具箱 Utils】\集合组件-表单高级 （widgetFormSenior）\动画帧编辑块</Filter>
    </ClCompile>
    <ClCompile Include="GeneratedFiles\Debug\moc_p_AnimationListEditor.cpp">
      <Filter>Generated Files\Debug</Filter>
    </ClCompile>
    <ClCompile Include="GeneratedFiles\Release\moc_p_AnimationListEditor.cpp">
      <Filter>Generated Files\Release</Filter>
    </ClCompile>
    <ClCompile Include="Source\Utils\widgetFormSenior\animationListEditor\private\p_ALEBlock.cpp">
      <Filter>源文件\【 工具箱 Utils】\集合组件-表单高级 （widgetFormSenior）\动画帧编辑块\私有类</Filter>
    </ClCompile>
    <ClCompile Include="GeneratedFiles\Debug\moc_p_ALEBlock.cpp">
      <Filter>Generated Files\Debug</Filter>
    </ClCompile>
    <ClCompile Include="GeneratedFiles\Release\moc_p_ALEBlock.cpp">
      <Filter>Generated Files\Release</Filter>
    </ClCompile>
    <ClCompile Include="Source\Utils\widgetFormSenior\animationListEditor\private\w_ALEDataEdit.cpp">
      <Filter>源文件\【 工具箱 Utils】\集合组件-表单高级 （widgetFormSenior）\动画帧编辑块\私有类</Filter>
    </ClCompile>
    <ClCompile Include="GeneratedFiles\Debug\moc_w_ALEDataEdit.cpp">
      <Filter>Generated Files\Debug</Filter>
    </ClCompile>
    <ClCompile Include="GeneratedFiles\Release\moc_w_ALEDataEdit.cpp">
      <Filter>Generated Files\Release</Filter>
    </ClCompile>
    <ClCompile Include="Source\Utils\widgetForm\foldableTabWindow\p_FoldableTabRelater.cpp">
      <Filter>源文件\【 工具箱 Utils】\集合组件-表单（widgetForm）\可折叠选项卡</Filter>
    </ClCompile>
    <ClCompile Include="GeneratedFiles\Debug\moc_p_FoldableTabRelater.cpp">
      <Filter>Generated Files\Debug</Filter>
    </ClCompile>
    <ClCompile Include="GeneratedFiles\Release\moc_p_FoldableTabRelater.cpp">
      <Filter>Generated Files\Release</Filter>
    </ClCompile>
    <ClCompile Include="Source\Utils\widgetForm\foldableTabWindow\private\c_FoldableTabPrivate.cpp">
      <Filter>源文件\【 工具箱 Utils】\集合组件-表单（widgetForm）\可折叠选项卡\私有类</Filter>
    </ClCompile>
    <ClCompile Include="Source\Utils\widgetForm\foldableTabWindow\private\w_FoldableTabChildWindow.cpp">
      <Filter>源文件\【 工具箱 Utils】\集合组件-表单（widgetForm）\可折叠选项卡\私有类</Filter>
    </ClCompile>
    <ClCompile Include="GeneratedFiles\Debug\moc_w_FoldableTabChildWindow.cpp">
      <Filter>Generated Files\Debug</Filter>
    </ClCompile>
    <ClCompile Include="GeneratedFiles\Release\moc_w_FoldableTabChildWindow.cpp">
      <Filter>Generated Files\Release</Filter>
    </ClCompile>
    <ClCompile Include="Source\Utils\widgetFormSenior\animationListEditor\private\w_ALEConfigEdit.cpp">
      <Filter>源文件\【 工具箱 Utils】\集合组件-表单高级 （widgetFormSenior）\动画帧编辑块\私有类</Filter>
    </ClCompile>
    <ClCompile Include="GeneratedFiles\Debug\moc_w_ALEConfigEdit.cpp">
      <Filter>Generated Files\Debug</Filter>
    </ClCompile>
    <ClCompile Include="GeneratedFiles\Release\moc_w_ALEConfigEdit.cpp">
      <Filter>Generated Files\Release</Filter>
    </ClCompile>
    <ClCompile Include="Source\Utils\widgetFormSenior\animationListPlayer\p_AnimationListPlayer.cpp">
      <Filter>源文件\【 工具箱 Utils】\集合组件-表单高级 （widgetFormSenior）\动画帧播放器</Filter>
    </ClCompile>
    <ClCompile Include="GeneratedFiles\Debug\moc_p_AnimationListPlayer.cpp">
      <Filter>Generated Files\Debug</Filter>
    </ClCompile>
    <ClCompile Include="GeneratedFiles\Release\moc_p_AnimationListPlayer.cpp">
      <Filter>Generated Files\Release</Filter>
    </ClCompile>
    <ClCompile Include="Source\GraphModule\widget\animPictureViewer\p_AnimPictureViewer.cpp">
      <Filter>源文件\【 图形模块 GraphModule】\集合组件（widget）\图片查看块</Filter>
    </ClCompile>
    <ClCompile Include="GeneratedFiles\Debug\moc_p_AnimPictureViewer.cpp">
      <Filter>Generated Files\Debug</Filter>
    </ClCompile>
    <ClCompile Include="GeneratedFiles\Release\moc_p_AnimPictureViewer.cpp">
      <Filter>Generated Files\Release</Filter>
    </ClCompile>
    <ClCompile Include="Source\GraphModule\widget\animPictureViewer\private\i_APVScene.cpp">
      <Filter>源文件\【 图形模块 GraphModule】\集合组件（widget）\图片查看块\私有类</Filter>
    </ClCompile>
    <ClCompile Include="GeneratedFiles\Debug\moc_i_APVScene.cpp">
      <Filter>Generated Files\Debug</Filter>
    </ClCompile>
    <ClCompile Include="GeneratedFiles\Release\moc_i_APVScene.cpp">
      <Filter>Generated Files\Release</Filter>
    </ClCompile>
    <ClCompile Include="Source\GraphModule\widget\animPictureViewer\private\i_APVView.cpp">
      <Filter>源文件\【 图形模块 GraphModule】\集合组件（widget）\图片查看块\私有类</Filter>
    </ClCompile>
    <ClCompile Include="GeneratedFiles\Debug\moc_i_APVView.cpp">
      <Filter>Generated Files\Debug</Filter>
    </ClCompile>
    <ClCompile Include="GeneratedFiles\Release\moc_i_APVView.cpp">
      <Filter>Generated Files\Release</Filter>
    </ClCompile>
    <ClCompile Include="GeneratedFiles\Debug\moc_p_FastForm.cpp">
      <Filter>Generated Files\Debug</Filter>
    </ClCompile>
    <ClCompile Include="GeneratedFiles\Release\moc_p_FastForm.cpp">
      <Filter>Generated Files\Release</Filter>
    </ClCompile>
    <ClCompile Include="Source\Utils\widgetFastForm\fastForm\c_FastClass.cpp">
      <Filter>源文件\【 工具箱 Utils】\集合组件-快速表单（widgetFastForm）\快速表单</Filter>
    </ClCompile>
    <ClCompile Include="Source\Utils\widgetFastForm\fastForm\p_FastForm.cpp">
      <Filter>源文件\【 工具箱 Utils】\集合组件-快速表单（widgetFastForm）\快速表单</Filter>
    </ClCompile>
    <ClCompile Include="Source\ActionSeqModule\actionSeqData\s_ActionSeqDataDefiner.cpp">
      <Filter>源文件\【 动作序列 ActionSeqModule】\数据读取器</Filter>
    </ClCompile>
    <ClCompile Include="GeneratedFiles\Debug\moc_s_ActionSeqDataDefiner.cpp">
      <Filter>Generated Files\Debug</Filter>
    </ClCompile>
    <ClCompile Include="GeneratedFiles\Release\moc_s_ActionSeqDataDefiner.cpp">
      <Filter>Generated Files\Release</Filter>
    </ClCompile>
    <ClCompile Include="Source\Utils\common\p_FileOperater.cpp">
      <Filter>源文件\【 工具箱 Utils】\通用工具（common）</Filter>
    </ClCompile>
    <ClCompile Include="GeneratedFiles\Debug\moc_p_FileOperater.cpp">
      <Filter>Generated Files\Debug</Filter>
    </ClCompile>
    <ClCompile Include="GeneratedFiles\Release\moc_p_FileOperater.cpp">
      <Filter>Generated Files\Release</Filter>
    </ClCompile>
  </ItemGroup>
  <ItemGroup>
    <CustomBuild Include="drillgifactionsequenceeditor.qrc">
      <Filter>资源文件</Filter>
    </CustomBuild>
    <CustomBuild Include="Source\MainModule\drillgifactionsequenceeditor.h">
      <Filter>源文件\【 主窗体 MainModule】</Filter>
    </CustomBuild>
    <CustomBuild Include="Source\MainModule\drillgifactionsequenceeditor.ui">
      <Filter>源文件\【 主窗体 MainModule】</Filter>
    </CustomBuild>
    <CustomBuild Include="Source\Utils\manager\s_CallManager.h">
      <Filter>源文件\【 工具箱 Utils】\管理器工具（manager）</Filter>
    </CustomBuild>
    <CustomBuild Include="Source\ActionSeqModule\actionSeqPart\p_ActionSeqPart.h">
      <Filter>源文件\【 动作序列 ActionSeqModule】\动作序列块</Filter>
    </CustomBuild>
    <CustomBuild Include="Source\ActionSeqModule\actionSeqPart\p_ActionSeqPart.ui">
      <Filter>源文件\【 动作序列 ActionSeqModule】\动作序列块</Filter>
    </CustomBuild>
    <CustomBuild Include="Source\ActionSeqModule\actionPart\p_ActionPart.h">
      <Filter>源文件\【 动作序列 ActionSeqModule】\动作序列块\动作元块</Filter>
    </CustomBuild>
    <CustomBuild Include="Source\ActionSeqModule\actionPart\p_ActionPart.ui">
      <Filter>源文件\【 动作序列 ActionSeqModule】\动作序列块\动作元块</Filter>
    </CustomBuild>
    <CustomBuild Include="Source\ActionSeqModule\statePart\p_StatePart.h">
      <Filter>源文件\【 动作序列 ActionSeqModule】\动作序列块\状态元块</Filter>
    </CustomBuild>
    <CustomBuild Include="Source\ActionSeqModule\statePart\p_StatePart.ui">
      <Filter>源文件\【 动作序列 ActionSeqModule】\动作序列块\状态元块</Filter>
    </CustomBuild>
    <CustomBuild Include="Source\Utils\widgetForm\radioTable\p_RadioTable.h">
      <Filter>源文件\【 工具箱 Utils】\集合组件-表单（widgetForm）\单选表格</Filter>
    </CustomBuild>
    <CustomBuild Include="Source\Utils\widgetForm\radioTable\private\w_RaTConfig.h">
      <Filter>源文件\【 工具箱 Utils】\集合组件-表单（widgetForm）\单选表格\私有类</Filter>
    </CustomBuild>
    <CustomBuild Include="Source\Utils\widgetForm\radioTable\private\w_RaTConfig.ui">
      <Filter>源文件\【 工具箱 Utils】\集合组件-表单（widgetForm）\单选表格\私有类</Filter>
    </CustomBuild>
    <CustomBuild Include="Source\Utils\widgetFormSenior\ObjectSelector\w_ObjectSelector.h">
      <Filter>源文件\【 工具箱 Utils】\集合组件-表单高级 （widgetFormSenior）\对象选择器</Filter>
    </CustomBuild>
    <CustomBuild Include="Source\Utils\widgetFormSenior\ObjectSelector\w_ObjectSelector.ui">
      <Filter>源文件\【 工具箱 Utils】\集合组件-表单高级 （widgetFormSenior）\对象选择器</Filter>
    </CustomBuild>
    <CustomBuild Include="Source\Utils\widgetFormSenior\ObjectSelector\private\w_ObjectSelectorConfig.h">
      <Filter>源文件\【 工具箱 Utils】\集合组件-表单高级 （widgetFormSenior）\对象选择器\私有类</Filter>
    </CustomBuild>
    <CustomBuild Include="Source\Utils\widgetFormSenior\ObjectSelector\private\w_ObjectSelectorConfig.ui">
      <Filter>源文件\【 工具箱 Utils】\集合组件-表单高级 （widgetFormSenior）\对象选择器\私有类</Filter>
    </CustomBuild>
    <CustomBuild Include="Source\Utils\widgetFormSenior\flexibleClassificationTree\p_FlexibleClassificationTree.h">
      <Filter>源文件\【 工具箱 Utils】\集合组件-表单高级 （widgetFormSenior）\灵活分类树</Filter>
    </CustomBuild>
    <CustomBuild Include="Source\Utils\widgetFormSenior\flexibleClassificationTree\p_FlexiblePageTree.h">
      <Filter>源文件\【 工具箱 Utils】\集合组件-表单高级 （widgetFormSenior）\灵活分类树</Filter>
    </CustomBuild>
    <CustomBuild Include="Source\Utils\widgetFormSenior\flexibleClassificationTree\private\w_FCTClassify.h">
      <Filter>源文件\【 工具箱 Utils】\集合组件-表单高级 （widgetFormSenior）\灵活分类树\私有类</Filter>
    </CustomBuild>
    <CustomBuild Include="Source\Utils\widgetFormSenior\flexibleClassificationTree\private\w_FCTClassify.ui">
      <Filter>源文件\【 工具箱 Utils】\集合组件-表单高级 （widgetFormSenior）\灵活分类树\私有类</Filter>
    </CustomBuild>
    <CustomBuild Include="Source\Utils\widgetFormSenior\flexibleClassificationTree\private\w_FCTClassifySelector.h">
      <Filter>源文件\【 工具箱 Utils】\集合组件-表单高级 （widgetFormSenior）\灵活分类树\私有类</Filter>
    </CustomBuild>
    <CustomBuild Include="Source\Utils\widgetFormSenior\flexibleClassificationTree\private\w_FCTClassifySelector.ui">
      <Filter>源文件\【 工具箱 Utils】\集合组件-表单高级 （widgetFormSenior）\灵活分类树\私有类</Filter>
    </CustomBuild>
    <CustomBuild Include="Source\Utils\widgetFormSenior\flexibleClassificationTree\private\w_FCTConfig.h">
      <Filter>源文件\【 工具箱 Utils】\集合组件-表单高级 （widgetFormSenior）\灵活分类树\私有类</Filter>
    </CustomBuild>
    <CustomBuild Include="Source\Utils\widgetFormSenior\flexibleClassificationTree\private\w_FCTConfig.ui">
      <Filter>源文件\【 工具箱 Utils】\集合组件-表单高级 （widgetFormSenior）\灵活分类树\私有类</Filter>
    </CustomBuild>
    <CustomBuild Include="Source\Utils\widgetFormSenior\ObjectSortController\p_ObjectSortController.h">
      <Filter>源文件\【 工具箱 Utils】\集合组件-表单高级 （widgetFormSenior）\排序控制器</Filter>
    </CustomBuild>
    <CustomBuild Include="Source\Utils\manager\chineseManager\s_ChineseManager.h">
      <Filter>源文件\【 工具箱 Utils】\管理器工具（manager）\中文管理器</Filter>
    </CustomBuild>
    <CustomBuild Include="Source\PluginModule\storageData\s_PluginDataContainer.h">
      <Filter>源文件\【 插件模块 PluginModule】\存储数据读取器</Filter>
    </CustomBuild>
    <CustomBuild Include="Source\RmmvInteractiveModule\base\p_RmmvCaller.h">
      <Filter>源文件\【 交互模块 RmmvInteractiveModule】\基本交互</Filter>
    </CustomBuild>
    <CustomBuild Include="Source\RmmvInteractiveModule\operateBoard\p_RmmvOperateBoard.h">
      <Filter>源文件\【 交互模块 RmmvInteractiveModule】\操作面板</Filter>
    </CustomBuild>
    <CustomBuild Include="Source\RmmvInteractiveModule\operateBoard\p_RmmvOperateBoard.ui">
      <Filter>源文件\【 交互模块 RmmvInteractiveModule】\操作面板</Filter>
    </CustomBuild>
    <CustomBuild Include="Source\RmmvInteractiveModule\operateBoard\w_RmmvOperateBoard.h">
      <Filter>源文件\【 交互模块 RmmvInteractiveModule】\操作面板</Filter>
    </CustomBuild>
    <CustomBuild Include="Source\RmmvInteractiveModule\operateBoard\w_RmmvOperateBoard.ui">
      <Filter>源文件\【 交互模块 RmmvInteractiveModule】\操作面板</Filter>
    </CustomBuild>
    <CustomBuild Include="Source\Utils\manager\GIFManager\s_GIFManager.h">
      <Filter>源文件\【 工具箱 Utils】\管理器工具（manager）\GIF转换器</Filter>
    </CustomBuild>
    <CustomBuild Include="Source\ActionSeqModule\actionSeqData\s_ActionSeqDataContainer.h">
      <Filter>源文件\【 动作序列 ActionSeqModule】\数据读取器</Filter>
    </CustomBuild>
    <CustomBuild Include="Source\RmmvInteractiveModule\custom\s_RmmvCaller_ActionSeq.h">
      <Filter>源文件\【 交互模块 RmmvInteractiveModule】\专用交互</Filter>
    </CustomBuild>
    <CustomBuild Include="Source\PluginModule\scriptReader\s_ScriptAnnotationReader.h">
      <Filter>源文件\【 插件模块 PluginModule】\脚本注解解析器</Filter>
    </CustomBuild>
    <CustomBuild Include="Source\PluginModule\lengthEditor\s_LEAnnotationReader.h">
      <Filter>源文件\【 插件模块 PluginModule】\最大值编辑器\修改器</Filter>
    </CustomBuild>
    <CustomBuild Include="Source\PluginModule\lengthEditor\s_LEConfigWriter.h">
      <Filter>源文件\【 插件模块 PluginModule】\最大值编辑器\读取器（暂时用不上）</Filter>
    </CustomBuild>
    <CustomBuild Include="Source\RmmvInteractiveModule\custom\s_RmmvDataContainer.h">
      <Filter>源文件\【 交互模块 RmmvInteractiveModule】\专用交互</Filter>
    </CustomBuild>
    <CustomBuild Include="Source\ProjectModule\s_ProjectManager.h">
      <Filter>源文件\【 项目管理模块 ProjectModule】</Filter>
    </CustomBuild>
    <CustomBuild Include="Source\ProjectModule\s_ProjectWindowManager.h">
      <Filter>源文件\【 项目管理模块 ProjectModule】</Filter>
    </CustomBuild>
    <CustomBuild Include="Source\ProjectModule\storage\s_StorageManager.h">
      <Filter>源文件\【 项目管理模块 ProjectModule】\存储文件</Filter>
    </CustomBuild>
    <CustomBuild Include="Source\ProjectModule\data\p_ProjectCreate.h">
      <Filter>源文件\【 项目管理模块 ProjectModule】\项目数据</Filter>
    </CustomBuild>
    <CustomBuild Include="Source\ProjectModule\data\p_ProjectCreate.ui">
      <Filter>源文件\【 项目管理模块 ProjectModule】\项目数据</Filter>
    </CustomBuild>
    <CustomBuild Include="Source\ProjectModule\data\w_ProjectCreate.h">
      <Filter>源文件\【 项目管理模块 ProjectModule】\项目数据</Filter>
    </CustomBuild>
    <CustomBuild Include="Source\ProjectModule\data\w_ProjectCreate.ui">
      <Filter>源文件\【 项目管理模块 ProjectModule】\项目数据</Filter>
    </CustomBuild>
    <CustomBuild Include="Source\ProjectModule\data\w_ProjectNote.h">
      <Filter>源文件\【 项目管理模块 ProjectModule】\项目数据</Filter>
    </CustomBuild>
    <CustomBuild Include="Source\ProjectModule\data\w_ProjectNote.ui">
      <Filter>源文件\【 项目管理模块 ProjectModule】\项目数据</Filter>
    </CustomBuild>
    <CustomBuild Include="Source\ProjectModule\file\s_TempFileManager.h">
      <Filter>源文件\【 项目管理模块 ProjectModule】\temp文件夹</Filter>
    </CustomBuild>
    <CustomBuild Include="Source\ActionSeqModule\playingPart\p_PlayingPart.h">
      <Filter>源文件\【 动作序列 ActionSeqModule】\动作序列块\放映区</Filter>
    </CustomBuild>
    <CustomBuild Include="Source\ActionSeqModule\playingPart\p_PlayingPart.ui">
      <Filter>源文件\【 动作序列 ActionSeqModule】\动作序列块\放映区</Filter>
    </CustomBuild>
    <CustomBuild Include="Source\Utils\widgetForm\pictureSelector\p_PictureSelector.h">
      <Filter>源文件\【 工具箱 Utils】\集合组件-表单（widgetForm）\图片选择块</Filter>
    </CustomBuild>
    <CustomBuild Include="Source\Utils\widgetForm\pictureSelector\private\i_PiSPicture.h">
      <Filter>源文件\【 工具箱 Utils】\集合组件-表单（widgetForm）\图片选择块\私有类</Filter>
    </CustomBuild>
    <CustomBuild Include="Source\Utils\widgetForm\pictureSelector\private\p_PiSBlock.h">
      <Filter>源文件\【 工具箱 Utils】\集合组件-表单（widgetForm）\图片选择块\私有类</Filter>
    </CustomBuild>
    <CustomBuild Include="Source\Utils\widgetForm\pictureSelector\private\p_PiSBlock.ui">
      <Filter>源文件\【 工具箱 Utils】\集合组件-表单（widgetForm）\图片选择块\私有类</Filter>
    </CustomBuild>
    <CustomBuild Include="Source\Utils\widgetFormSenior\animationListEditor\p_AnimationListEditor.h">
      <Filter>源文件\【 工具箱 Utils】\集合组件-表单高级 （widgetFormSenior）\动画帧编辑块</Filter>
    </CustomBuild>
    <CustomBuild Include="Source\Utils\widgetFormSenior\animationListEditor\private\p_ALEBlock.h">
      <Filter>源文件\【 工具箱 Utils】\集合组件-表单高级 （widgetFormSenior）\动画帧编辑块\私有类</Filter>
    </CustomBuild>
    <CustomBuild Include="Source\Utils\widgetFormSenior\animationListEditor\private\w_ALEDataEdit.h">
      <Filter>源文件\【 工具箱 Utils】\集合组件-表单高级 （widgetFormSenior）\动画帧编辑块\私有类</Filter>
    </CustomBuild>
    <CustomBuild Include="Source\Utils\widgetFormSenior\animationListEditor\private\w_ALEDataEdit.ui">
      <Filter>源文件\【 工具箱 Utils】\集合组件-表单高级 （widgetFormSenior）\动画帧编辑块\私有类</Filter>
    </CustomBuild>
    <CustomBuild Include="Source\Utils\widgetForm\foldableTabWindow\p_FoldableTabRelater.h">
      <Filter>源文件\【 工具箱 Utils】\集合组件-表单（widgetForm）\可折叠选项卡</Filter>
    </CustomBuild>
    <CustomBuild Include="Source\Utils\widgetForm\foldableTabWindow\private\w_FoldableTabChildWindow.h">
      <Filter>源文件\【 工具箱 Utils】\集合组件-表单（widgetForm）\可折叠选项卡\私有类</Filter>
    </CustomBuild>
    <CustomBuild Include="Source\Utils\widgetForm\foldableTabWindow\private\w_FoldableTabChildWindow.ui">
      <Filter>源文件\【 工具箱 Utils】\集合组件-表单（widgetForm）\可折叠选项卡\私有类</Filter>
    </CustomBuild>
    <CustomBuild Include="Source\Utils\widgetFormSenior\animationListEditor\private\w_ALEConfigEdit.h">
      <Filter>源文件\【 工具箱 Utils】\集合组件-表单高级 （widgetFormSenior）\动画帧编辑块\私有类</Filter>
    </CustomBuild>
    <CustomBuild Include="Source\Utils\widgetFormSenior\animationListEditor\private\w_ALEConfigEdit.ui">
      <Filter>源文件\【 工具箱 Utils】\集合组件-表单高级 （widgetFormSenior）\动画帧编辑块\私有类</Filter>
    </CustomBuild>
    <CustomBuild Include="Source\Utils\widgetFormSenior\animationListPlayer\p_AnimationListPlayer.h">
      <Filter>源文件\【 工具箱 Utils】\集合组件-表单高级 （widgetFormSenior）\动画帧播放器</Filter>
    </CustomBuild>
    <CustomBuild Include="Source\Utils\widgetFormSenior\animationListPlayer\p_AnimationListPlayer.ui">
      <Filter>源文件\【 工具箱 Utils】\集合组件-表单高级 （widgetFormSenior）\动画帧播放器</Filter>
    </CustomBuild>
    <CustomBuild Include="Source\GraphModule\widget\animPictureViewer\p_AnimPictureViewer.h">
      <Filter>源文件\【 图形模块 GraphModule】\集合组件（widget）\图片查看块</Filter>
    </CustomBuild>
    <CustomBuild Include="Source\GraphModule\widget\animPictureViewer\private\i_APVScene.h">
      <Filter>源文件\【 图形模块 GraphModule】\集合组件（widget）\图片查看块\私有类</Filter>
    </CustomBuild>
    <CustomBuild Include="Source\GraphModule\widget\animPictureViewer\private\i_APVView.h">
      <Filter>源文件\【 图形模块 GraphModule】\集合组件（widget）\图片查看块\私有类</Filter>
    </CustomBuild>
    <CustomBuild Include="Source\Utils\widgetFastForm\fastForm\p_FastForm.h">
      <Filter>源文件\【 工具箱 Utils】\集合组件-快速表单（widgetFastForm）\快速表单</Filter>
    </CustomBuild>
    <CustomBuild Include="Source\ActionSeqModule\actionSeqData\s_ActionSeqDataDefiner.h">
      <Filter>源文件\【 动作序列 ActionSeqModule】\数据读取器</Filter>
    </CustomBuild>
    <CustomBuild Include="Source\Utils\common\p_FileOperater.h">
      <Filter>源文件\【 工具箱 Utils】\通用工具（common）</Filter>
    </CustomBuild>
  </ItemGroup>
  <ItemGroup>
    <ResourceCompile Include="DrillGIFActionSequenceEditor.rc" />
  </ItemGroup>
  <ItemGroup>
    <ClInclude Include="stdafx.h">
      <Filter>源文件</Filter>
    </ClInclude>
    <ClInclude Include="GeneratedFiles\ui_drillgifactionsequenceeditor.h">
      <Filter>Generated Files</Filter>
    </ClInclude>
    <ClInclude Include="GeneratedFiles\ui_p_ActionSeqPart.h">
      <Filter>Generated Files</Filter>
    </ClInclude>
    <ClInclude Include="GeneratedFiles\ui_p_ActionPart.h">
      <Filter>Generated Files</Filter>
    </ClInclude>
    <ClInclude Include="GeneratedFiles\ui_p_StatePart.h">
      <Filter>Generated Files</Filter>
    </ClInclude>
    <ClInclude Include="Source\Utils\widgetForm\radioTable\c_RaTConfig.h">
      <Filter>源文件\【 工具箱 Utils】\集合组件-表单（widgetForm）\单选表格</Filter>
    </ClInclude>
    <ClInclude Include="GeneratedFiles\ui_w_RaTConfig.h">
      <Filter>Generated Files</Filter>
    </ClInclude>
    <ClInclude Include="GeneratedFiles\ui_w_ObjectSelector.h">
      <Filter>Generated Files</Filter>
    </ClInclude>
    <ClInclude Include="Source\Utils\widgetFormSenior\ObjectSelector\private\c_ObjectSelectorConfig.h">
      <Filter>源文件\【 工具箱 Utils】\集合组件-表单高级 （widgetFormSenior）\对象选择器\私有类</Filter>
    </ClInclude>
    <ClInclude Include="GeneratedFiles\ui_w_ObjectSelectorConfig.h">
      <Filter>Generated Files</Filter>
    </ClInclude>
    <ClInclude Include="Source\Utils\widgetFormSenior\flexibleClassificationTree\private\c_FCTClassify.h">
      <Filter>源文件\【 工具箱 Utils】\集合组件-表单高级 （widgetFormSenior）\灵活分类树\私有类</Filter>
    </ClInclude>
    <ClInclude Include="Source\Utils\widgetFormSenior\flexibleClassificationTree\private\c_FCTConfig.h">
      <Filter>源文件\【 工具箱 Utils】\集合组件-表单高级 （widgetFormSenior）\灵活分类树\私有类</Filter>
    </ClInclude>
    <ClInclude Include="Source\Utils\widgetFormSenior\flexibleClassificationTree\private\i_FCTBranch.h">
      <Filter>源文件\【 工具箱 Utils】\集合组件-表单高级 （widgetFormSenior）\灵活分类树\私有类</Filter>
    </ClInclude>
    <ClInclude Include="Source\Utils\widgetFormSenior\flexibleClassificationTree\private\i_FCTLeaf.h">
      <Filter>源文件\【 工具箱 Utils】\集合组件-表单高级 （widgetFormSenior）\灵活分类树\私有类</Filter>
    </ClInclude>
    <ClInclude Include="GeneratedFiles\ui_w_FCTClassify.h">
      <Filter>Generated Files</Filter>
    </ClInclude>
    <ClInclude Include="GeneratedFiles\ui_w_FCTClassifySelector.h">
      <Filter>Generated Files</Filter>
    </ClInclude>
    <ClInclude Include="GeneratedFiles\ui_w_FCTConfig.h">
      <Filter>Generated Files</Filter>
    </ClInclude>
    <ClInclude Include="Source\Utils\widgetFormSenior\ObjectSortController\c_ObjectSortData.h">
      <Filter>源文件\【 工具箱 Utils】\集合组件-表单高级 （widgetFormSenior）\排序控制器</Filter>
    </ClInclude>
    <ClInclude Include="Source\Utils\manager\txtRead\p_TxtFastReader.h">
      <Filter>源文件\【 工具箱 Utils】\管理器工具（manager）\文本解析器</Filter>
    </ClInclude>
    <ClInclude Include="Source\Utils\manager\txtRead\p_TxtFastReaderWithRecord.h">
      <Filter>源文件\【 工具箱 Utils】\管理器工具（manager）\文本解析器</Filter>
    </ClInclude>
    <ClInclude Include="Source\Utils\common\TTool.h">
      <Filter>源文件\【 工具箱 Utils】\通用工具（common）</Filter>
    </ClInclude>
    <ClInclude Include="Source\PluginModule\storageData\c_PluginData.h">
      <Filter>源文件\【 插件模块 PluginModule】\存储数据读取器</Filter>
    </ClInclude>
    <ClInclude Include="Source\RmmvInteractiveModule\base\c_RmmvProjectData.h">
      <Filter>源文件\【 交互模块 RmmvInteractiveModule】\基本交互</Filter>
    </ClInclude>
    <ClInclude Include="GeneratedFiles\ui_p_RmmvOperateBoard.h">
      <Filter>Generated Files</Filter>
    </ClInclude>
    <ClInclude Include="GeneratedFiles\ui_w_RmmvOperateBoard.h">
      <Filter>Generated Files</Filter>
    </ClInclude>
    <ClInclude Include="Source\Utils\manager\GIFManager\gif.h">
      <Filter>源文件\【 工具箱 Utils】\管理器工具（manager）\GIF转换器</Filter>
    </ClInclude>
    <ClInclude Include="Source\PluginModule\scriptReader\c_ScriptAnnotation.h">
      <Filter>源文件\【 插件模块 PluginModule】\脚本注解解析器</Filter>
    </ClInclude>
    <ClInclude Include="Source\PluginModule\lengthEditor\c_LEAnnotation.h">
      <Filter>源文件\【 插件模块 PluginModule】\最大值编辑器\修改器</Filter>
    </ClInclude>
    <ClInclude Include="Source\PluginModule\lengthEditor\c_LEConfigData.h">
      <Filter>源文件\【 插件模块 PluginModule】\最大值编辑器\读取器（暂时用不上）</Filter>
    </ClInclude>
    <ClInclude Include="Source\ProjectModule\storage\s_StorageManagerTemplate.h">
      <Filter>源文件\【 项目管理模块 ProjectModule】\存储文件</Filter>
    </ClInclude>
    <ClInclude Include="Source\ProjectModule\data\c_ProjectData.h">
      <Filter>源文件\【 项目管理模块 ProjectModule】\项目数据</Filter>
    </ClInclude>
    <ClInclude Include="GeneratedFiles\ui_p_ProjectCreate.h">
      <Filter>Generated Files</Filter>
    </ClInclude>
    <ClInclude Include="GeneratedFiles\ui_w_ProjectCreate.h">
      <Filter>Generated Files</Filter>
    </ClInclude>
    <ClInclude Include="GeneratedFiles\ui_w_ProjectNote.h">
      <Filter>Generated Files</Filter>
    </ClInclude>
    <ClInclude Include="Source\ProjectModule\file\c_UniqueTempFile.h">
      <Filter>源文件\【 项目管理模块 ProjectModule】\temp文件夹</Filter>
    </ClInclude>
    <ClInclude Include="GeneratedFiles\ui_p_PlayingPart.h">
      <Filter>Generated Files</Filter>
    </ClInclude>
    <ClInclude Include="Source\Utils\widgetForm\pictureSelector\c_PiSConfig.h">
      <Filter>源文件\【 工具箱 Utils】\集合组件-表单（widgetForm）\图片选择块</Filter>
    </ClInclude>
    <ClInclude Include="GeneratedFiles\ui_p_PiSBlock.h">
      <Filter>Generated Files</Filter>
    </ClInclude>
    <ClInclude Include="Source\Utils\widgetFormSenior\animationListEditor\c_ALEConfig.h">
      <Filter>源文件\【 工具箱 Utils】\集合组件-表单高级 （widgetFormSenior）\动画帧编辑块</Filter>
    </ClInclude>
    <ClInclude Include="Source\Utils\widgetFormSenior\animationListEditor\c_ALEData.h">
      <Filter>源文件\【 工具箱 Utils】\集合组件-表单高级 （widgetFormSenior）\动画帧编辑块</Filter>
    </ClInclude>
    <ClInclude Include="GeneratedFiles\ui_w_ALEDataEdit.h">
      <Filter>Generated Files</Filter>
    </ClInclude>
    <ClInclude Include="Source\Utils\widgetForm\foldableTabWindow\private\c_FoldableTabPrivate.h">
      <Filter>源文件\【 工具箱 Utils】\集合组件-表单（widgetForm）\可折叠选项卡\私有类</Filter>
    </ClInclude>
    <ClInclude Include="GeneratedFiles\ui_w_FoldableTabChildWindow.h">
      <Filter>Generated Files</Filter>
    </ClInclude>
    <ClInclude Include="GeneratedFiles\ui_w_ALEConfigEdit.h">
      <Filter>Generated Files</Filter>
    </ClInclude>
    <ClInclude Include="GeneratedFiles\ui_p_AnimationListPlayer.h">
      <Filter>Generated Files</Filter>
    </ClInclude>
    <ClInclude Include="Source\Utils\widgetFastForm\fastForm\c_FastClass.h">
      <Filter>源文件\【 工具箱 Utils】\集合组件-快速表单（widgetFastForm）\快速表单</Filter>
    </ClInclude>
  </ItemGroup>
  <ItemGroup>
    <Text Include="Source\Utils\widgetForm\radioTable\程序入口.txt">
      <Filter>源文件\【 工具箱 Utils】\集合组件-表单（widgetForm）\单选表格</Filter>
    </Text>
    <Text Include="Source\Utils\widgetFormSenior\ObjectSelector\程序入口.txt">
      <Filter>源文件\【 工具箱 Utils】\集合组件-表单高级 （widgetFormSenior）\对象选择器</Filter>
    </Text>
    <Text Include="Source\Utils\widgetFormSenior\flexibleClassificationTree\程序入口.txt">
      <Filter>源文件\【 工具箱 Utils】\集合组件-表单高级 （widgetFormSenior）\灵活分类树</Filter>
    </Text>
    <Text Include="Source\Utils\widgetFormSenior\ObjectSortController\程序入口.txt">
      <Filter>源文件\【 工具箱 Utils】\集合组件-表单高级 （widgetFormSenior）\排序控制器</Filter>
    </Text>
    <Text Include="Source\RmmvInteractiveModule\base\程序入口.txt">
      <Filter>源文件\【 交互模块 RmmvInteractiveModule】\基本交互</Filter>
    </Text>
    <Text Include="Source\Utils\widgetForm\pictureSelector\程序入口.txt">
      <Filter>源文件\【 工具箱 Utils】\集合组件-表单（widgetForm）\图片选择块</Filter>
    </Text>
    <Text Include="Source\Utils\widgetFormSenior\animationListEditor\程序入口.txt">
      <Filter>源文件\【 工具箱 Utils】\集合组件-表单高级 （widgetFormSenior）\动画帧编辑块</Filter>
    </Text>
    <Text Include="Source\Utils\widgetForm\foldableTabWindow\程序入口.txt">
      <Filter>源文件\【 工具箱 Utils】\集合组件-表单（widgetForm）\可折叠选项卡</Filter>
    </Text>
    <Text Include="Source\Utils\widgetFormSenior\animationListPlayer\程序入口.txt">
      <Filter>源文件\【 工具箱 Utils】\集合组件-表单高级 （widgetFormSenior）\动画帧播放器</Filter>
    </Text>
    <Text Include="Source\GraphModule\widget\animPictureViewer\程序入口.txt">
      <Filter>源文件\【 图形模块 GraphModule】\集合组件（widget）\图片查看块</Filter>
    </Text>
  </ItemGroup>
  <ItemGroup>
    <None Include="Source\Utils\widgetFormSenior\flexibleClassificationTree\关于灵活分类树.vsdx">
      <Filter>源文件\【 工具箱 Utils】\集合组件-表单高级 （widgetFormSenior）\灵活分类树</Filter>
    </None>
    <None Include="Source\PluginModule\scriptReader\注释参数集合.docx">
      <Filter>源文件\【 插件模块 PluginModule】\脚本注解解析器</Filter>
    </None>
    <None Include="Source\ProjectModule\项目管理模块结构.vsdx">
      <Filter>源文件\【 项目管理模块 ProjectModule】</Filter>
    </None>
    <None Include="Source\ProjectModule\file\UniqueTempFile运行原理.vsdx">
      <Filter>源文件\【 项目管理模块 ProjectModule】\temp文件夹</Filter>
    </None>
  </ItemGroup>
</Project>