<?xml version="1.0" encoding="utf-8"?>
<Project ToolsVersion="4.0" xmlns="http://schemas.microsoft.com/developer/msbuild/2003">
  <ItemGroup>
    <Filter Include="Header Files">
      <UniqueIdentifier>{93995380-89BD-4b04-88EB-625FBE52EBFB}</UniqueIdentifier>
      <Extensions>h</Extensions>
    </Filter>
    <Filter Include="Form Files">
      <UniqueIdentifier>{99349809-55BA-4b9d-BF79-8FDBB0286EB3}</UniqueIdentifier>
      <Extensions>ui</Extensions>
    </Filter>
    <Filter Include="Generated Files">
      <UniqueIdentifier>{71ED8ED8-ACB9-4CE9-BBE1-E00B30144E11}</UniqueIdentifier>
      <Extensions>moc;h;cpp</Extensions>
      <SourceControlFiles>False</SourceControlFiles>
    </Filter>
    <Filter Include="Generated Files\Debug">
      <UniqueIdentifier>{15d45554-5aa3-4977-9605-141211349881}</UniqueIdentifier>
      <Extensions>cpp;moc</Extensions>
      <SourceControlFiles>False</SourceControlFiles>
    </Filter>
    <Filter Include="Generated Files\Release">
      <UniqueIdentifier>{e75824a6-65bd-47fb-8a3e-50b150bb6ae2}</UniqueIdentifier>
      <Extensions>cpp;moc</Extensions>
      <SourceControlFiles>False</SourceControlFiles>
    </Filter>
    <Filter Include="源文件">
      <UniqueIdentifier>{4FC737F1-C7A5-4376-A066-2A32D752A2FF}</UniqueIdentifier>
      <Extensions>cpp;cxx;c;def</Extensions>
    </Filter>
    <Filter Include="源文件\【 主窗体 MainModule】">
      <UniqueIdentifier>{146070f3-791f-48b1-b1fe-0f5adb1486c6}</UniqueIdentifier>
    </Filter>
    <Filter Include="源文件\【 工具箱 Utils】">
      <UniqueIdentifier>{e6b9c521-15ed-43f2-be8e-5bfd513eeb83}</UniqueIdentifier>
    </Filter>
    <Filter Include="源文件\【 工具箱 Utils】\管理器工具（manager）">
      <UniqueIdentifier>{d39c2e78-314e-402e-ada6-e417abebd28d}</UniqueIdentifier>
    </Filter>
    <Filter Include="资源文件">
      <UniqueIdentifier>{D9D6E242-F8AF-46E4-B9FD-80ECBC20BA3E}</UniqueIdentifier>
      <Extensions>qrc;*</Extensions>
      <ParseFiles>false</ParseFiles>
    </Filter>
    <Filter Include="源文件\【 动作序列 ActionSeqModule】">
      <UniqueIdentifier>{f5f343cf-ad4f-47e0-a294-4d22e35b468c}</UniqueIdentifier>
    </Filter>
    <Filter Include="源文件\【 动作序列 ActionSeqModule】\动作序列块">
      <UniqueIdentifier>{04488223-3081-4fd0-86a0-1dcc57331ec8}</UniqueIdentifier>
    </Filter>
    <Filter Include="源文件\【 动作序列 ActionSeqModule】\状态元块">
      <UniqueIdentifier>{b9175ef4-c3c3-4830-b481-0136333a709b}</UniqueIdentifier>
    </Filter>
    <Filter Include="源文件\【 动作序列 ActionSeqModule】\动作元块">
      <UniqueIdentifier>{098df1bf-d3a8-453e-8625-399216e54aed}</UniqueIdentifier>
    </Filter>
    <Filter Include="源文件\【 工具箱 Utils】\集合组件-表单（widgetForm）">
      <UniqueIdentifier>{dd73c86b-1ce5-40f8-b30a-8308407bd13e}</UniqueIdentifier>
    </Filter>
    <Filter Include="源文件\【 工具箱 Utils】\集合组件-表单（widgetForm）\单选表格">
      <UniqueIdentifier>{0ed40268-4225-4171-86be-2b142f117404}</UniqueIdentifier>
    </Filter>
    <Filter Include="源文件\【 工具箱 Utils】\集合组件-表单（widgetForm）\单选表格\私有类">
      <UniqueIdentifier>{4e19af89-5123-4468-b4d3-5c280473b7e6}</UniqueIdentifier>
    </Filter>
    <Filter Include="源文件\【 工具箱 Utils】\集合组件-表单高级 （widgetFormSenior）">
      <UniqueIdentifier>{4cf337a3-bbf4-41dd-a8b3-16099720cd90}</UniqueIdentifier>
    </Filter>
    <Filter Include="源文件\【 工具箱 Utils】\集合组件-表单高级 （widgetFormSenior）\对象选择器">
      <UniqueIdentifier>{11aa5848-64a3-48b7-8bdd-ee25fc431ced}</UniqueIdentifier>
    </Filter>
    <Filter Include="源文件\【 工具箱 Utils】\集合组件-表单高级 （widgetFormSenior）\对象选择器\私有类">
      <UniqueIdentifier>{9e352193-6c45-49e4-b907-83ebc437b49e}</UniqueIdentifier>
    </Filter>
    <Filter Include="源文件\【 工具箱 Utils】\集合组件-表单高级 （widgetFormSenior）\灵活分类树">
      <UniqueIdentifier>{28219431-f7bf-41a6-896b-3af9d5ef37fb}</UniqueIdentifier>
    </Filter>
    <Filter Include="源文件\【 工具箱 Utils】\集合组件-表单高级 （widgetFormSenior）\灵活分类树\私有类">
      <UniqueIdentifier>{cef7a208-a45e-4628-b647-044e7ace3e4e}</UniqueIdentifier>
    </Filter>
    <Filter Include="源文件\【 工具箱 Utils】\集合组件-表单高级 （widgetFormSenior）\排序控制器">
      <UniqueIdentifier>{44565946-60d1-475a-9f35-b27bfc90a2e2}</UniqueIdentifier>
    </Filter>
    <Filter Include="源文件\【 插件模块 PluginModule】">
      <UniqueIdentifier>{d649dcb5-a2e0-4355-adc7-03e0fb29633c}</UniqueIdentifier>
    </Filter>
    <Filter Include="源文件\【 插件模块 PluginModule】\存储数据读取器">
      <UniqueIdentifier>{a39775db-bab5-481e-bc55-dc41981ce72c}</UniqueIdentifier>
    </Filter>
    <Filter Include="源文件\【 插件模块 PluginModule】\脚本参数解析器">
      <UniqueIdentifier>{0aa113a6-ba17-4464-bf00-d737bd54718d}</UniqueIdentifier>
    </Filter>
    <Filter Include="源文件\【 工具箱 Utils】\管理器工具（manager）\文本解析器">
      <UniqueIdentifier>{25e51dd7-a47f-4f22-a0c3-4d90f4cbfc69}</UniqueIdentifier>
    </Filter>
    <Filter Include="源文件\【 插件模块 PluginModule】\树列表展示块（无）">
      <UniqueIdentifier>{5e7c72f2-d76a-4b49-bf23-25b57b089020}</UniqueIdentifier>
    </Filter>
    <Filter Include="源文件\【 插件模块 PluginModule】\窗口编辑器（无）">
      <UniqueIdentifier>{a6d14f9e-90bf-434e-9046-16732bd599ed}</UniqueIdentifier>
    </Filter>
    <Filter Include="源文件\【 工具箱 Utils】\管理器工具（manager）\中文管理器">
      <UniqueIdentifier>{6a6fa9fd-b1ee-4912-bf88-b6e58b9ed5b7}</UniqueIdentifier>
    </Filter>
    <Filter Include="源文件\【 工具箱 Utils】\通用工具（common）">
      <UniqueIdentifier>{b1b392c0-0a3a-4d3a-b9dc-f8e81bab288c}</UniqueIdentifier>
    </Filter>
    <Filter Include="源文件\【 交互模块 RmmvInteractiveModule】">
      <UniqueIdentifier>{2611183d-eedb-48d4-96e5-197f2cb8caa9}</UniqueIdentifier>
    </Filter>
    <Filter Include="源文件\【 交互模块 RmmvInteractiveModule】\基本交互">
      <UniqueIdentifier>{c7593aec-c579-40a9-ab68-acb338a788fb}</UniqueIdentifier>
    </Filter>
    <Filter Include="源文件\【 交互模块 RmmvInteractiveModule】\操作面板">
      <UniqueIdentifier>{0765d8a1-c8d5-40dd-afaf-d2329f7086ad}</UniqueIdentifier>
    </Filter>
  </ItemGroup>
  <ItemGroup>
    <ClCompile Include="stdafx.cpp">
      <Filter>源文件</Filter>
    </ClCompile>
    <ClCompile Include="main.cpp">
      <Filter>源文件</Filter>
    </ClCompile>
    <ClCompile Include="GeneratedFiles\qrc_drillgifactionsequenceeditor.cpp">
      <Filter>Generated Files</Filter>
    </ClCompile>
    <ClCompile Include="Source\MainModule\drillgifactionsequenceeditor.cpp">
      <Filter>源文件\【 主窗体 MainModule】</Filter>
    </ClCompile>
    <ClCompile Include="GeneratedFiles\Debug\moc_drillgifactionsequenceeditor.cpp">
      <Filter>Generated Files\Debug</Filter>
    </ClCompile>
    <ClCompile Include="GeneratedFiles\Release\moc_drillgifactionsequenceeditor.cpp">
      <Filter>Generated Files\Release</Filter>
    </ClCompile>
    <ClCompile Include="Source\Utils\manager\s_CallManager.cpp">
      <Filter>源文件\【 工具箱 Utils】\管理器工具（manager）</Filter>
    </ClCompile>
    <ClCompile Include="GeneratedFiles\Debug\moc_s_CallManager.cpp">
      <Filter>Generated Files\Debug</Filter>
    </ClCompile>
    <ClCompile Include="GeneratedFiles\Release\moc_s_CallManager.cpp">
      <Filter>Generated Files\Release</Filter>
    </ClCompile>
    <ClCompile Include="Source\ActionSeqModule\actionSeqPart\p_ActionSeqPart.cpp">
      <Filter>源文件\【 动作序列 ActionSeqModule】\动作序列块</Filter>
    </ClCompile>
    <ClCompile Include="GeneratedFiles\Debug\moc_p_ActionSeqPart.cpp">
      <Filter>Generated Files\Debug</Filter>
    </ClCompile>
    <ClCompile Include="GeneratedFiles\Release\moc_p_ActionSeqPart.cpp">
      <Filter>Generated Files\Release</Filter>
    </ClCompile>
    <ClCompile Include="Source\ActionSeqModule\actionPart\p_ActionPart.cpp">
      <Filter>源文件\【 动作序列 ActionSeqModule】\动作元块</Filter>
    </ClCompile>
    <ClCompile Include="GeneratedFiles\Debug\moc_p_ActionPart.cpp">
      <Filter>Generated Files\Debug</Filter>
    </ClCompile>
    <ClCompile Include="GeneratedFiles\Release\moc_p_ActionPart.cpp">
      <Filter>Generated Files\Release</Filter>
    </ClCompile>
    <ClCompile Include="Source\ActionSeqModule\statePart\p_StatePart.cpp">
      <Filter>源文件\【 动作序列 ActionSeqModule】\状态元块</Filter>
    </ClCompile>
    <ClCompile Include="GeneratedFiles\Debug\moc_p_StatePart.cpp">
      <Filter>Generated Files\Debug</Filter>
    </ClCompile>
    <ClCompile Include="GeneratedFiles\Release\moc_p_StatePart.cpp">
      <Filter>Generated Files\Release</Filter>
    </ClCompile>
    <ClCompile Include="Source\Utils\widgetForm\radioTable\c_RaTConfig.cpp">
      <Filter>源文件\【 工具箱 Utils】\集合组件-表单（widgetForm）\单选表格</Filter>
    </ClCompile>
    <ClCompile Include="Source\Utils\widgetForm\radioTable\p_RadioTable.cpp">
      <Filter>源文件\【 工具箱 Utils】\集合组件-表单（widgetForm）\单选表格</Filter>
    </ClCompile>
    <ClCompile Include="GeneratedFiles\Debug\moc_p_RadioTable.cpp">
      <Filter>Generated Files\Debug</Filter>
    </ClCompile>
    <ClCompile Include="GeneratedFiles\Release\moc_p_RadioTable.cpp">
      <Filter>Generated Files\Release</Filter>
    </ClCompile>
    <ClCompile Include="Source\Utils\widgetForm\radioTable\private\w_RaTConfig.cpp">
      <Filter>源文件\【 工具箱 Utils】\集合组件-表单（widgetForm）\单选表格\私有类</Filter>
    </ClCompile>
    <ClCompile Include="GeneratedFiles\Debug\moc_w_RaTConfig.cpp">
      <Filter>Generated Files\Debug</Filter>
    </ClCompile>
    <ClCompile Include="GeneratedFiles\Release\moc_w_RaTConfig.cpp">
      <Filter>Generated Files\Release</Filter>
    </ClCompile>
    <ClCompile Include="Source\Utils\widgetFormSenior\ObjectSelector\w_ObjectSelector.cpp">
      <Filter>源文件\【 工具箱 Utils】\集合组件-表单高级 （widgetFormSenior）\对象选择器</Filter>
    </ClCompile>
    <ClCompile Include="GeneratedFiles\Debug\moc_w_ObjectSelector.cpp">
      <Filter>Generated Files\Debug</Filter>
    </ClCompile>
    <ClCompile Include="GeneratedFiles\Release\moc_w_ObjectSelector.cpp">
      <Filter>Generated Files\Release</Filter>
    </ClCompile>
    <ClCompile Include="Source\Utils\widgetFormSenior\ObjectSelector\private\c_ObjectSelectorConfig.cpp">
      <Filter>源文件\【 工具箱 Utils】\集合组件-表单高级 （widgetFormSenior）\对象选择器\私有类</Filter>
    </ClCompile>
    <ClCompile Include="Source\Utils\widgetFormSenior\ObjectSelector\private\w_ObjectSelectorConfig.cpp">
      <Filter>源文件\【 工具箱 Utils】\集合组件-表单高级 （widgetFormSenior）\对象选择器\私有类</Filter>
    </ClCompile>
    <ClCompile Include="GeneratedFiles\Debug\moc_w_ObjectSelectorConfig.cpp">
      <Filter>Generated Files\Debug</Filter>
    </ClCompile>
    <ClCompile Include="GeneratedFiles\Release\moc_w_ObjectSelectorConfig.cpp">
      <Filter>Generated Files\Release</Filter>
    </ClCompile>
    <ClCompile Include="Source\Utils\widgetFormSenior\flexibleClassificationTree\p_FlexibleClassificationTree.cpp">
      <Filter>源文件\【 工具箱 Utils】\集合组件-表单高级 （widgetFormSenior）\灵活分类树</Filter>
    </ClCompile>
    <ClCompile Include="GeneratedFiles\Debug\moc_p_FlexibleClassificationTree.cpp">
      <Filter>Generated Files\Debug</Filter>
    </ClCompile>
    <ClCompile Include="GeneratedFiles\Release\moc_p_FlexibleClassificationTree.cpp">
      <Filter>Generated Files\Release</Filter>
    </ClCompile>
    <ClCompile Include="Source\Utils\widgetFormSenior\flexibleClassificationTree\p_FlexiblePageTree.cpp">
      <Filter>源文件\【 工具箱 Utils】\集合组件-表单高级 （widgetFormSenior）\灵活分类树</Filter>
    </ClCompile>
    <ClCompile Include="GeneratedFiles\Debug\moc_p_FlexiblePageTree.cpp">
      <Filter>Generated Files\Debug</Filter>
    </ClCompile>
    <ClCompile Include="GeneratedFiles\Release\moc_p_FlexiblePageTree.cpp">
      <Filter>Generated Files\Release</Filter>
    </ClCompile>
    <ClCompile Include="Source\Utils\widgetFormSenior\flexibleClassificationTree\private\c_FCTClassify.cpp">
      <Filter>源文件\【 工具箱 Utils】\集合组件-表单高级 （widgetFormSenior）\灵活分类树\私有类</Filter>
    </ClCompile>
    <ClCompile Include="Source\Utils\widgetFormSenior\flexibleClassificationTree\private\c_FCTConfig.cpp">
      <Filter>源文件\【 工具箱 Utils】\集合组件-表单高级 （widgetFormSenior）\灵活分类树\私有类</Filter>
    </ClCompile>
    <ClCompile Include="Source\Utils\widgetFormSenior\flexibleClassificationTree\private\i_FCTBranch.cpp">
      <Filter>源文件\【 工具箱 Utils】\集合组件-表单高级 （widgetFormSenior）\灵活分类树\私有类</Filter>
    </ClCompile>
    <ClCompile Include="Source\Utils\widgetFormSenior\flexibleClassificationTree\private\i_FCTLeaf.cpp">
      <Filter>源文件\【 工具箱 Utils】\集合组件-表单高级 （widgetFormSenior）\灵活分类树\私有类</Filter>
    </ClCompile>
    <ClCompile Include="Source\Utils\widgetFormSenior\flexibleClassificationTree\private\w_FCTClassify.cpp">
      <Filter>源文件\【 工具箱 Utils】\集合组件-表单高级 （widgetFormSenior）\灵活分类树\私有类</Filter>
    </ClCompile>
    <ClCompile Include="GeneratedFiles\Debug\moc_w_FCTClassify.cpp">
      <Filter>Generated Files\Debug</Filter>
    </ClCompile>
    <ClCompile Include="GeneratedFiles\Release\moc_w_FCTClassify.cpp">
      <Filter>Generated Files\Release</Filter>
    </ClCompile>
    <ClCompile Include="Source\Utils\widgetFormSenior\flexibleClassificationTree\private\w_FCTClassifySelector.cpp">
      <Filter>源文件\【 工具箱 Utils】\集合组件-表单高级 （widgetFormSenior）\灵活分类树\私有类</Filter>
    </ClCompile>
    <ClCompile Include="GeneratedFiles\Debug\moc_w_FCTClassifySelector.cpp">
      <Filter>Generated Files\Debug</Filter>
    </ClCompile>
    <ClCompile Include="GeneratedFiles\Release\moc_w_FCTClassifySelector.cpp">
      <Filter>Generated Files\Release</Filter>
    </ClCompile>
    <ClCompile Include="Source\Utils\widgetFormSenior\flexibleClassificationTree\private\w_FCTConfig.cpp">
      <Filter>源文件\【 工具箱 Utils】\集合组件-表单高级 （widgetFormSenior）\灵活分类树\私有类</Filter>
    </ClCompile>
    <ClCompile Include="GeneratedFiles\Debug\moc_w_FCTConfig.cpp">
      <Filter>Generated Files\Debug</Filter>
    </ClCompile>
    <ClCompile Include="GeneratedFiles\Release\moc_w_FCTConfig.cpp">
      <Filter>Generated Files\Release</Filter>
    </ClCompile>
    <ClCompile Include="Source\Utils\widgetFormSenior\ObjectSortController\c_ObjectSortData.cpp">
      <Filter>源文件\【 工具箱 Utils】\集合组件-表单高级 （widgetFormSenior）\排序控制器</Filter>
    </ClCompile>
    <ClCompile Include="Source\Utils\widgetFormSenior\ObjectSortController\p_ObjectSortController.cpp">
      <Filter>源文件\【 工具箱 Utils】\集合组件-表单高级 （widgetFormSenior）\排序控制器</Filter>
    </ClCompile>
    <ClCompile Include="GeneratedFiles\Debug\moc_p_ObjectSortController.cpp">
      <Filter>Generated Files\Debug</Filter>
    </ClCompile>
    <ClCompile Include="GeneratedFiles\Release\moc_p_ObjectSortController.cpp">
      <Filter>Generated Files\Release</Filter>
    </ClCompile>
    <ClCompile Include="Source\PluginModule\scriptReader\c_ScriptFrame.cpp">
      <Filter>源文件\【 插件模块 PluginModule】\脚本参数解析器</Filter>
    </ClCompile>
    <ClCompile Include="Source\PluginModule\scriptReader\s_ScriptFrameReader.cpp">
      <Filter>源文件\【 插件模块 PluginModule】\脚本参数解析器</Filter>
    </ClCompile>
    <ClCompile Include="GeneratedFiles\Debug\moc_s_ScriptFrameReader.cpp">
      <Filter>Generated Files\Debug</Filter>
    </ClCompile>
    <ClCompile Include="GeneratedFiles\Release\moc_s_ScriptFrameReader.cpp">
      <Filter>Generated Files\Release</Filter>
    </ClCompile>
    <ClCompile Include="Source\Utils\manager\txtRead\p_TxtFastReader.cpp">
      <Filter>源文件\【 工具箱 Utils】\管理器工具（manager）\文本解析器</Filter>
    </ClCompile>
    <ClCompile Include="Source\Utils\manager\txtRead\p_TxtFastReaderWithRecord.cpp">
      <Filter>源文件\【 工具箱 Utils】\管理器工具（manager）\文本解析器</Filter>
    </ClCompile>
    <ClCompile Include="Source\Utils\manager\chineseManager\s_ChineseManager.cpp">
      <Filter>源文件\【 工具箱 Utils】\管理器工具（manager）\中文管理器</Filter>
    </ClCompile>
    <ClCompile Include="GeneratedFiles\Debug\moc_s_ChineseManager.cpp">
      <Filter>Generated Files\Debug</Filter>
    </ClCompile>
    <ClCompile Include="GeneratedFiles\Release\moc_s_ChineseManager.cpp">
      <Filter>Generated Files\Release</Filter>
    </ClCompile>
    <ClCompile Include="Source\Utils\common\TTool.cpp">
      <Filter>源文件\【 工具箱 Utils】\通用工具（common）</Filter>
    </ClCompile>
    <ClCompile Include="Source\PluginModule\storageData\c_PluginData.cpp">
      <Filter>源文件\【 插件模块 PluginModule】\存储数据读取器</Filter>
    </ClCompile>
    <ClCompile Include="Source\PluginModule\storageData\s_PluginDataContainer.cpp">
      <Filter>源文件\【 插件模块 PluginModule】\存储数据读取器</Filter>
    </ClCompile>
    <ClCompile Include="GeneratedFiles\Debug\moc_s_PluginDataContainer.cpp">
      <Filter>Generated Files\Debug</Filter>
    </ClCompile>
    <ClCompile Include="GeneratedFiles\Release\moc_s_PluginDataContainer.cpp">
      <Filter>Generated Files\Release</Filter>
    </ClCompile>
    <ClCompile Include="Source\RmmvInteractiveModule\base\p_RmmvCaller.cpp">
      <Filter>源文件\【 交互模块 RmmvInteractiveModule】\基本交互</Filter>
    </ClCompile>
    <ClCompile Include="GeneratedFiles\Debug\moc_p_RmmvCaller.cpp">
      <Filter>Generated Files\Debug</Filter>
    </ClCompile>
    <ClCompile Include="GeneratedFiles\Release\moc_p_RmmvCaller.cpp">
      <Filter>Generated Files\Release</Filter>
    </ClCompile>
    <ClCompile Include="Source\RmmvInteractiveModule\base\c_RmmvProjectData.cpp">
      <Filter>源文件\【 交互模块 RmmvInteractiveModule】\基本交互</Filter>
    </ClCompile>
    <ClCompile Include="Source\RmmvInteractiveModule\base\s_RmmvCaller_ActionSeq.cpp">
      <Filter>源文件\【 交互模块 RmmvInteractiveModule】\基本交互</Filter>
    </ClCompile>
    <ClCompile Include="GeneratedFiles\Debug\moc_s_RmmvCaller_ActionSeq.cpp">
      <Filter>Generated Files\Debug</Filter>
    </ClCompile>
    <ClCompile Include="GeneratedFiles\Release\moc_s_RmmvCaller_ActionSeq.cpp">
      <Filter>Generated Files\Release</Filter>
    </ClCompile>
  </ItemGroup>
  <ItemGroup>
    <CustomBuild Include="drillgifactionsequenceeditor.qrc">
      <Filter>资源文件</Filter>
    </CustomBuild>
    <CustomBuild Include="Source\MainModule\drillgifactionsequenceeditor.h">
      <Filter>源文件\【 主窗体 MainModule】</Filter>
    </CustomBuild>
    <CustomBuild Include="Source\MainModule\drillgifactionsequenceeditor.ui">
      <Filter>源文件\【 主窗体 MainModule】</Filter>
    </CustomBuild>
    <CustomBuild Include="Source\Utils\manager\s_CallManager.h">
      <Filter>源文件\【 工具箱 Utils】\管理器工具（manager）</Filter>
    </CustomBuild>
    <CustomBuild Include="Source\ActionSeqModule\actionSeqPart\p_ActionSeqPart.h">
      <Filter>源文件\【 动作序列 ActionSeqModule】\动作序列块</Filter>
    </CustomBuild>
    <CustomBuild Include="Source\ActionSeqModule\actionSeqPart\p_ActionSeqPart.ui">
      <Filter>源文件\【 动作序列 ActionSeqModule】\动作序列块</Filter>
    </CustomBuild>
    <CustomBuild Include="Source\ActionSeqModule\actionPart\p_ActionPart.h">
      <Filter>源文件\【 动作序列 ActionSeqModule】\动作元块</Filter>
    </CustomBuild>
    <CustomBuild Include="Source\ActionSeqModule\actionPart\p_ActionPart.ui">
      <Filter>源文件\【 动作序列 ActionSeqModule】\动作元块</Filter>
    </CustomBuild>
    <CustomBuild Include="Source\ActionSeqModule\statePart\p_StatePart.h">
      <Filter>源文件\【 动作序列 ActionSeqModule】\状态元块</Filter>
    </CustomBuild>
    <CustomBuild Include="Source\ActionSeqModule\statePart\p_StatePart.ui">
      <Filter>源文件\【 动作序列 ActionSeqModule】\状态元块</Filter>
    </CustomBuild>
    <CustomBuild Include="Source\Utils\widgetForm\radioTable\p_RadioTable.h">
      <Filter>源文件\【 工具箱 Utils】\集合组件-表单（widgetForm）\单选表格</Filter>
    </CustomBuild>
    <CustomBuild Include="Source\Utils\widgetForm\radioTable\private\w_RaTConfig.h">
      <Filter>源文件\【 工具箱 Utils】\集合组件-表单（widgetForm）\单选表格\私有类</Filter>
    </CustomBuild>
    <CustomBuild Include="Source\Utils\widgetForm\radioTable\private\w_RaTConfig.ui">
      <Filter>源文件\【 工具箱 Utils】\集合组件-表单（widgetForm）\单选表格\私有类</Filter>
    </CustomBuild>
    <CustomBuild Include="Source\Utils\widgetFormSenior\ObjectSelector\w_ObjectSelector.h">
      <Filter>源文件\【 工具箱 Utils】\集合组件-表单高级 （widgetFormSenior）\对象选择器</Filter>
    </CustomBuild>
    <CustomBuild Include="Source\Utils\widgetFormSenior\ObjectSelector\w_ObjectSelector.ui">
      <Filter>源文件\【 工具箱 Utils】\集合组件-表单高级 （widgetFormSenior）\对象选择器</Filter>
    </CustomBuild>
    <CustomBuild Include="Source\Utils\widgetFormSenior\ObjectSelector\private\w_ObjectSelectorConfig.h">
      <Filter>源文件\【 工具箱 Utils】\集合组件-表单高级 （widgetFormSenior）\对象选择器\私有类</Filter>
    </CustomBuild>
    <CustomBuild Include="Source\Utils\widgetFormSenior\ObjectSelector\private\w_ObjectSelectorConfig.ui">
      <Filter>源文件\【 工具箱 Utils】\集合组件-表单高级 （widgetFormSenior）\对象选择器\私有类</Filter>
    </CustomBuild>
    <CustomBuild Include="Source\Utils\widgetFormSenior\flexibleClassificationTree\p_FlexibleClassificationTree.h">
      <Filter>源文件\【 工具箱 Utils】\集合组件-表单高级 （widgetFormSenior）\灵活分类树</Filter>
    </CustomBuild>
    <CustomBuild Include="Source\Utils\widgetFormSenior\flexibleClassificationTree\p_FlexiblePageTree.h">
      <Filter>源文件\【 工具箱 Utils】\集合组件-表单高级 （widgetFormSenior）\灵活分类树</Filter>
    </CustomBuild>
    <CustomBuild Include="Source\Utils\widgetFormSenior\flexibleClassificationTree\private\w_FCTClassify.h">
      <Filter>源文件\【 工具箱 Utils】\集合组件-表单高级 （widgetFormSenior）\灵活分类树\私有类</Filter>
    </CustomBuild>
    <CustomBuild Include="Source\Utils\widgetFormSenior\flexibleClassificationTree\private\w_FCTClassify.ui">
      <Filter>源文件\【 工具箱 Utils】\集合组件-表单高级 （widgetFormSenior）\灵活分类树\私有类</Filter>
    </CustomBuild>
    <CustomBuild Include="Source\Utils\widgetFormSenior\flexibleClassificationTree\private\w_FCTClassifySelector.h">
      <Filter>源文件\【 工具箱 Utils】\集合组件-表单高级 （widgetFormSenior）\灵活分类树\私有类</Filter>
    </CustomBuild>
    <CustomBuild Include="Source\Utils\widgetFormSenior\flexibleClassificationTree\private\w_FCTClassifySelector.ui">
      <Filter>源文件\【 工具箱 Utils】\集合组件-表单高级 （widgetFormSenior）\灵活分类树\私有类</Filter>
    </CustomBuild>
    <CustomBuild Include="Source\Utils\widgetFormSenior\flexibleClassificationTree\private\w_FCTConfig.h">
      <Filter>源文件\【 工具箱 Utils】\集合组件-表单高级 （widgetFormSenior）\灵活分类树\私有类</Filter>
    </CustomBuild>
    <CustomBuild Include="Source\Utils\widgetFormSenior\flexibleClassificationTree\private\w_FCTConfig.ui">
      <Filter>源文件\【 工具箱 Utils】\集合组件-表单高级 （widgetFormSenior）\灵活分类树\私有类</Filter>
    </CustomBuild>
    <CustomBuild Include="Source\Utils\widgetFormSenior\ObjectSortController\p_ObjectSortController.h">
      <Filter>源文件\【 工具箱 Utils】\集合组件-表单高级 （widgetFormSenior）\排序控制器</Filter>
    </CustomBuild>
    <CustomBuild Include="Source\PluginModule\scriptReader\s_ScriptFrameReader.h">
      <Filter>源文件\【 插件模块 PluginModule】\脚本参数解析器</Filter>
    </CustomBuild>
    <CustomBuild Include="Source\Utils\manager\chineseManager\s_ChineseManager.h">
      <Filter>源文件\【 工具箱 Utils】\管理器工具（manager）\中文管理器</Filter>
    </CustomBuild>
    <CustomBuild Include="Source\PluginModule\storageData\s_PluginDataContainer.h">
      <Filter>源文件\【 插件模块 PluginModule】\存储数据读取器</Filter>
    </CustomBuild>
    <CustomBuild Include="Source\RmmvInteractiveModule\base\p_RmmvCaller.h">
      <Filter>源文件\【 交互模块 RmmvInteractiveModule】\基本交互</Filter>
    </CustomBuild>
    <CustomBuild Include="Source\RmmvInteractiveModule\base\s_RmmvCaller_ActionSeq.h">
      <Filter>源文件\【 交互模块 RmmvInteractiveModule】\基本交互</Filter>
    </CustomBuild>
  </ItemGroup>
  <ItemGroup>
    <ResourceCompile Include="DrillGIFActionSequenceEditor.rc" />
  </ItemGroup>
  <ItemGroup>
    <ClInclude Include="stdafx.h">
      <Filter>源文件</Filter>
    </ClInclude>
    <ClInclude Include="GeneratedFiles\ui_drillgifactionsequenceeditor.h">
      <Filter>Generated Files</Filter>
    </ClInclude>
    <ClInclude Include="GeneratedFiles\ui_p_ActionSeqPart.h">
      <Filter>Generated Files</Filter>
    </ClInclude>
    <ClInclude Include="GeneratedFiles\ui_p_ActionPart.h">
      <Filter>Generated Files</Filter>
    </ClInclude>
    <ClInclude Include="GeneratedFiles\ui_p_StatePart.h">
      <Filter>Generated Files</Filter>
    </ClInclude>
    <ClInclude Include="Source\Utils\widgetForm\radioTable\c_RaTConfig.h">
      <Filter>源文件\【 工具箱 Utils】\集合组件-表单（widgetForm）\单选表格</Filter>
    </ClInclude>
    <ClInclude Include="GeneratedFiles\ui_w_RaTConfig.h">
      <Filter>Generated Files</Filter>
    </ClInclude>
    <ClInclude Include="GeneratedFiles\ui_w_ObjectSelector.h">
      <Filter>Generated Files</Filter>
    </ClInclude>
    <ClInclude Include="Source\Utils\widgetFormSenior\ObjectSelector\private\c_ObjectSelectorConfig.h">
      <Filter>源文件\【 工具箱 Utils】\集合组件-表单高级 （widgetFormSenior）\对象选择器\私有类</Filter>
    </ClInclude>
    <ClInclude Include="GeneratedFiles\ui_w_ObjectSelectorConfig.h">
      <Filter>Generated Files</Filter>
    </ClInclude>
    <ClInclude Include="Source\Utils\widgetFormSenior\flexibleClassificationTree\private\c_FCTClassify.h">
      <Filter>源文件\【 工具箱 Utils】\集合组件-表单高级 （widgetFormSenior）\灵活分类树\私有类</Filter>
    </ClInclude>
    <ClInclude Include="Source\Utils\widgetFormSenior\flexibleClassificationTree\private\c_FCTConfig.h">
      <Filter>源文件\【 工具箱 Utils】\集合组件-表单高级 （widgetFormSenior）\灵活分类树\私有类</Filter>
    </ClInclude>
    <ClInclude Include="Source\Utils\widgetFormSenior\flexibleClassificationTree\private\i_FCTBranch.h">
      <Filter>源文件\【 工具箱 Utils】\集合组件-表单高级 （widgetFormSenior）\灵活分类树\私有类</Filter>
    </ClInclude>
    <ClInclude Include="Source\Utils\widgetFormSenior\flexibleClassificationTree\private\i_FCTLeaf.h">
      <Filter>源文件\【 工具箱 Utils】\集合组件-表单高级 （widgetFormSenior）\灵活分类树\私有类</Filter>
    </ClInclude>
    <ClInclude Include="GeneratedFiles\ui_w_FCTClassify.h">
      <Filter>Generated Files</Filter>
    </ClInclude>
    <ClInclude Include="GeneratedFiles\ui_w_FCTClassifySelector.h">
      <Filter>Generated Files</Filter>
    </ClInclude>
    <ClInclude Include="GeneratedFiles\ui_w_FCTConfig.h">
      <Filter>Generated Files</Filter>
    </ClInclude>
    <ClInclude Include="Source\Utils\widgetFormSenior\ObjectSortController\c_ObjectSortData.h">
      <Filter>源文件\【 工具箱 Utils】\集合组件-表单高级 （widgetFormSenior）\排序控制器</Filter>
    </ClInclude>
    <ClInclude Include="Source\PluginModule\scriptReader\c_ScriptFrame.h">
      <Filter>源文件\【 插件模块 PluginModule】\脚本参数解析器</Filter>
    </ClInclude>
    <ClInclude Include="Source\Utils\manager\txtRead\p_TxtFastReader.h">
      <Filter>源文件\【 工具箱 Utils】\管理器工具（manager）\文本解析器</Filter>
    </ClInclude>
    <ClInclude Include="Source\Utils\manager\txtRead\p_TxtFastReaderWithRecord.h">
      <Filter>源文件\【 工具箱 Utils】\管理器工具（manager）\文本解析器</Filter>
    </ClInclude>
    <ClInclude Include="Source\Utils\common\TTool.h">
      <Filter>源文件\【 工具箱 Utils】\通用工具（common）</Filter>
    </ClInclude>
    <ClInclude Include="Source\PluginModule\storageData\c_PluginData.h">
      <Filter>源文件\【 插件模块 PluginModule】\存储数据读取器</Filter>
    </ClInclude>
    <ClInclude Include="Source\RmmvInteractiveModule\base\c_RmmvProjectData.h">
      <Filter>源文件\【 交互模块 RmmvInteractiveModule】\基本交互</Filter>
    </ClInclude>
  </ItemGroup>
  <ItemGroup>
    <Text Include="Source\Utils\widgetForm\radioTable\程序入口.txt">
      <Filter>源文件\【 工具箱 Utils】\集合组件-表单（widgetForm）\单选表格</Filter>
    </Text>
    <Text Include="Source\Utils\widgetFormSenior\ObjectSelector\程序入口.txt">
      <Filter>源文件\【 工具箱 Utils】\集合组件-表单高级 （widgetFormSenior）\对象选择器</Filter>
    </Text>
    <Text Include="Source\Utils\widgetFormSenior\flexibleClassificationTree\程序入口.txt">
      <Filter>源文件\【 工具箱 Utils】\集合组件-表单高级 （widgetFormSenior）\灵活分类树</Filter>
    </Text>
    <Text Include="Source\Utils\widgetFormSenior\ObjectSortController\程序入口.txt">
      <Filter>源文件\【 工具箱 Utils】\集合组件-表单高级 （widgetFormSenior）\排序控制器</Filter>
    </Text>
    <Text Include="Source\RmmvInteractiveModule\base\程序入口.txt">
      <Filter>源文件\【 交互模块 RmmvInteractiveModule】\基本交互</Filter>
    </Text>
  </ItemGroup>
  <ItemGroup>
    <None Include="Source\Utils\widgetFormSenior\flexibleClassificationTree\关于灵活分类树.vsdx">
      <Filter>源文件\【 工具箱 Utils】\集合组件-表单高级 （widgetFormSenior）\灵活分类树</Filter>
    </None>
    <None Include="Source\PluginModule\scriptReader\注释参数集合.docx">
      <Filter>源文件\【 插件模块 PluginModule】\脚本参数解析器</Filter>
    </None>
  </ItemGroup>
</Project>